Microsoft Visual Studio Solution File, Format Version 12.00
# Visual Studio 2013
VisualStudioVersion = 12.0.30110.0
MinimumVisualStudioVersion = 10.0.40219.1
Project("{2150E333-8FDC-42A3-9474-1A3956D46DE8}") = "Components", "Components", "{92177CD4-04CA-4DF1-9F41-CAD4F7B8DD74}"
EndProject
Project("{2150E333-8FDC-42A3-9474-1A3956D46DE8}") = "Lib", "Lib", "{CD8AD8DC-6BDE-45D7-9563-A5F7B9B4DBEE}"
EndProject
Project("{2150E333-8FDC-42A3-9474-1A3956D46DE8}") = "DLL", "DLL", "{C17B0A78-43F5-4649-A2D9-64341806B7CA}"
EndProject
Project("{8BC9CEB8-8B4A-11D0-8D11-00A0C91BC942}") = "Dll - ASINTPPC", "..\..\4eDimension\main\NewMac2Win\Altura.vcxproj", "{3CBBA76E-59A1-4A07-827D-26C4E686665B}"
EndProject
Project("{8BC9CEB8-8B4A-11D0-8D11-00A0C91BC942}") = "Component - DB4D", "..\..\Components\Main\DB4D\projects\win\DB4D.vcxproj", "{C5B99565-524C-4D34-B6EA-4FEE9BD64266}"
EndProject
Project("{8BC9CEB8-8B4A-11D0-8D11-00A0C91BC942}") = "Dll - XToolbox FP - Kernel", "..\..\XToolbox\Main\Kernel\Projects\Visual\Kernel.vcxproj", "{7B41A191-CD46-43CF-B33E-90211FC865AD}"
	ProjectSection(ProjectDependencies) = postProject
		{CE2F6AB7-0D2D-4CC2-B91C-45544901254F} = {CE2F6AB7-0D2D-4CC2-B91C-45544901254F}
	EndProjectSection
EndProject
Project("{8BC9CEB8-8B4A-11D0-8D11-00A0C91BC942}") = "Dll - XToolbox FP - Kernel IPC", "..\..\XToolbox\Main\KernelIPC\Projects\Visual\KernelIPC.vcxproj", "{3B6F655C-F3EB-4330-9FEA-657AF963969E}"
EndProject
Project("{8BC9CEB8-8B4A-11D0-8D11-00A0C91BC942}") = "Dll - XToolbox FP - Graphics", "..\..\XToolbox\Main\Graphics\Projects\Visual\Graphics.vcxproj", "{B0378F32-5D26-4221-A3B5-D6F1ADCA06D4}"
EndProject
Project("{8BC9CEB8-8B4A-11D0-8D11-00A0C91BC942}") = "Dll - XToolbox FP - GUI", "..\..\XToolbox\Main\GUI\Projects\Visual\GUI.vcxproj", "{80D7160C-94E2-4991-A633-910677C24D20}"
EndProject
Project("{8BC9CEB8-8B4A-11D0-8D11-00A0C91BC942}") = "Dll - XToolbox FP - XML", "..\..\XToolbox\Main\XML\Projects\Visual\XML.vcxproj", "{86C7E508-5E7C-4AD5-BDD4-893D9C95876D}"
EndProject
Project("{8BC9CEB8-8B4A-11D0-8D11-00A0C91BC942}") = "Dll - CPPUnit", "..\..\cppunit\1.11.4\src\cppunit\cppunit_dll.vcxproj", "{DA0D6BC0-FFB0-43D3-9821-052F4B8D1FAC}"
EndProject
Project("{8BC9CEB8-8B4A-11D0-8D11-00A0C91BC942}") = "Dll - XToolbox FP - ServerNet", "..\..\XToolbox\Main\ServerNet\Projects\Visual\ServerNet.vcxproj", "{745B73EB-6200-44C0-8552-AC602A9B0EED}"
EndProject
Project("{8BC9CEB8-8B4A-11D0-8D11-00A0C91BC942}") = "Component - Zip", "..\..\Components\Main\Zip\Projects\win\Zip.vcxproj", "{CE5F2E11-A681-4FBA-B933-CCC1CB2110E2}"
	ProjectSection(ProjectDependencies) = postProject
		{F6F7F94F-F563-4203-80B4-BF7CF3242B27} = {F6F7F94F-F563-4203-80B4-BF7CF3242B27}
		{E659D953-66EC-4DF5-9057-D1D22FA8F190} = {E659D953-66EC-4DF5-9057-D1D22FA8F190}
		{3B6F655C-F3EB-4330-9FEA-657AF963969E} = {3B6F655C-F3EB-4330-9FEA-657AF963969E}
		{7B41A191-CD46-43CF-B33E-90211FC865AD} = {7B41A191-CD46-43CF-B33E-90211FC865AD}
	EndProjectSection
EndProject
Project("{8BC9CEB8-8B4A-11D0-8D11-00A0C91BC942}") = "Dll - zlib", "..\..\zlib\1.2.5\projects\Win\zlib.vcxproj", "{F6F7F94F-F563-4203-80B4-BF7CF3242B27}"
EndProject
Project("{8BC9CEB8-8B4A-11D0-8D11-00A0C91BC942}") = "Dll - libzip", "..\..\libzip\0.10\Projects\Win32\libzip\libzip.vcxproj", "{E659D953-66EC-4DF5-9057-D1D22FA8F190}"
	ProjectSection(ProjectDependencies) = postProject
		{F6F7F94F-F563-4203-80B4-BF7CF3242B27} = {F6F7F94F-F563-4203-80B4-BF7CF3242B27}
	EndProjectSection
EndProject
Project("{8BC9CEB8-8B4A-11D0-8D11-00A0C91BC942}") = "Dll - ICU", "..\..\icu\4.8\projets\Win\icu.vcxproj", "{CE2F6AB7-0D2D-4CC2-B91C-45544901254F}"
EndProject
Project("{8BC9CEB8-8B4A-11D0-8D11-00A0C91BC942}") = "Component - LanguageSyntax", "..\..\Components\Main\Language Syntax\Projects\Visual\LanguageSyntax.vcxproj", "{E9385EE8-B15A-43AF-9FB7-DB0BD5C3FBC2}"
EndProject
Project("{8BC9CEB8-8B4A-11D0-8D11-00A0C91BC942}") = "Dll - Xerces", "..\..\xerces\3.0.1\xerces\projects\Win32\VC9\xerces-all\XercesLib\XercesLib 3.0.1.vcxproj", "{152CE948-F659-4206-A50A-1D2B9658EF96}"
EndProject
Project("{8BC9CEB8-8B4A-11D0-8D11-00A0C91BC942}") = "Component - CodeEditor", "..\..\Components\Main\Code Editor\Projects\Visual\Component - CodeEditor.vcxproj", "{084D08C2-90AB-4E65-906F-17AB70CDCFD2}"
	ProjectSection(ProjectDependencies) = postProject
		{6E9F29C6-2757-45FB-B9A4-AA30F5E852F4} = {6E9F29C6-2757-45FB-B9A4-AA30F5E852F4}
	EndProjectSection
EndProject
Project("{8BC9CEB8-8B4A-11D0-8D11-00A0C91BC942}") = "Component - HTTPServer", "..\..\Components\Main\HTTPServer\Projects\Win\HTTPServer.vcxproj", "{1D16FBE6-9C83-445F-BAE4-3A8E3C0C2778}"
EndProject
Project("{8BC9CEB8-8B4A-11D0-8D11-00A0C91BC942}") = "App - RIA Server", "Server\Projet\Visual\RIA Server.vcxproj", "{FC628201-B63F-40C5-A767-38CE5C958721}"
	ProjectSection(ProjectDependencies) = postProject
		{86C7E508-5E7C-4AD5-BDD4-893D9C95876D} = {86C7E508-5E7C-4AD5-BDD4-893D9C95876D}
		{CE5F2E11-A681-4FBA-B933-CCC1CB2110E2} = {CE5F2E11-A681-4FBA-B933-CCC1CB2110E2}
		{B0378F32-5D26-4221-A3B5-D6F1ADCA06D4} = {B0378F32-5D26-4221-A3B5-D6F1ADCA06D4}
		{152CE948-F659-4206-A50A-1D2B9658EF96} = {152CE948-F659-4206-A50A-1D2B9658EF96}
		{7106DC59-915A-493A-902C-8A2D14EDEF7E} = {7106DC59-915A-493A-902C-8A2D14EDEF7E}
		{3B6F655C-F3EB-4330-9FEA-657AF963969E} = {3B6F655C-F3EB-4330-9FEA-657AF963969E}
		{C5B99565-524C-4D34-B6EA-4FEE9BD64266} = {C5B99565-524C-4D34-B6EA-4FEE9BD64266}
		{DB837075-3CF7-429C-995E-B39E3087E37B} = {DB837075-3CF7-429C-995E-B39E3087E37B}
		{EB3D718E-58C2-46FA-9A3F-86E3DC0B9E04} = {EB3D718E-58C2-46FA-9A3F-86E3DC0B9E04}
		{7B41A191-CD46-43CF-B33E-90211FC865AD} = {7B41A191-CD46-43CF-B33E-90211FC865AD}
		{2D021893-EAE7-4C09-B4CC-29750B8BAF65} = {2D021893-EAE7-4C09-B4CC-29750B8BAF65}
		{AF04BBA0-6443-4023-85CC-54376B5CD773} = {AF04BBA0-6443-4023-85CC-54376B5CD773}
		{753F2CA4-E56C-4899-A731-460AD2D3CB73} = {753F2CA4-E56C-4899-A731-460AD2D3CB73}
		{CE2F6AB7-0D2D-4CC2-B91C-45544901254F} = {CE2F6AB7-0D2D-4CC2-B91C-45544901254F}
		{6E9F29C6-2757-45FB-B9A4-AA30F5E852F4} = {6E9F29C6-2757-45FB-B9A4-AA30F5E852F4}
		{CBBA3CCD-7A72-44A9-8A0F-05179F1905F0} = {CBBA3CCD-7A72-44A9-8A0F-05179F1905F0}
		{6CDD04E4-1FD4-4208-B5D6-5C39A716BD56} = {6CDD04E4-1FD4-4208-B5D6-5C39A716BD56}
		{1D16FBE6-9C83-445F-BAE4-3A8E3C0C2778} = {1D16FBE6-9C83-445F-BAE4-3A8E3C0C2778}
		{E9385EE8-B15A-43AF-9FB7-DB0BD5C3FBC2} = {E9385EE8-B15A-43AF-9FB7-DB0BD5C3FBC2}
		{745B73EB-6200-44C0-8552-AC602A9B0EED} = {745B73EB-6200-44C0-8552-AC602A9B0EED}
		{CA45B6ED-E20A-4755-9B9E-181677D5AB40} = {CA45B6ED-E20A-4755-9B9E-181677D5AB40}
	EndProjectSection
EndProject
Project("{8BC9CEB8-8B4A-11D0-8D11-00A0C91BC942}") = "Dll - XToolbox FP - JavaScript", "..\..\XToolbox\Main\JavaScript\Projects\Visual\JavaScript.vcxproj", "{6E9F29C6-2757-45FB-B9A4-AA30F5E852F4}"
	ProjectSection(ProjectDependencies) = postProject
		{A5304452-8F86-0F7E-9E3C-BB1DB7E1358E} = {A5304452-8F86-0F7E-9E3C-BB1DB7E1358E}
	EndProjectSection
EndProject
Project("{8BC9CEB8-8B4A-11D0-8D11-00A0C91BC942}") = "Component - UsersAndGroups", "..\..\Components\Main\UsersAndGroups\projects\win\UsersAndGroups.vcxproj", "{A8671F78-018E-4EC3-99A4-DF048A96905A}"
EndProject
Project("{8BC9CEB8-8B4A-11D0-8D11-00A0C91BC942}") = "Component - Security Manager", "..\..\Components\Main\Security Manager\Projects\Visual\Security Manager.vcxproj", "{EB3D718E-58C2-46FA-9A3F-86E3DC0B9E04}"
EndProject
EndProject
Project("{8BC9CEB8-8B4A-11D0-8D11-00A0C91BC942}") = "Dll - CFLiteLib", "..\..\opencflite\476.17.2\windows\CFLiteLib.vcxproj", "{EC99198F-4CDD-4D85-AE6F-F837FF6CC372}"
EndProject
Project("{8BC9CEB8-8B4A-11D0-8D11-00A0C91BC942}") = "Dll - Curl", "..\..\curl\7.19.7\lib\libcurl.vcxproj", "{87EE9DA4-DE1E-4448-8324-183C98DCA588}"
EndProject
Project("{8BC9CEB8-8B4A-11D0-8D11-00A0C91BC942}") = "Lib - pixman", "..\..\pixman\0.17.2\pixman\pixman.vcxproj", "{5B55C4EC-396D-451E-B017-38A3BBFD4C82}"
EndProject
Project("{8BC9CEB8-8B4A-11D0-8D11-00A0C91BC942}") = "Lib - libxml2", "..\..\libxml2\2.7.6\win32\libxml2.vcxproj", "{9A38446D-769F-4D1F-83DE-E610CC16C04F}"
EndProject
Project("{8BC9CEB8-8B4A-11D0-8D11-00A0C91BC942}") = "Lib - libxslt", "..\..\libxslt\1.1.26\win32\libxslt.vcxproj", "{563194A3-DF9D-4636-83B6-1CC651929877}"
EndProject
Project("{8BC9CEB8-8B4A-11D0-8D11-00A0C91BC942}") = "Lib - libpng", "..\..\libpng\1.2.37\projects\win\libpng.vcxproj", "{0008960E-E0DD-41A6-8265-00B31DDB4C21}"
EndProject
Project("{8BC9CEB8-8B4A-11D0-8D11-00A0C91BC942}") = "Lib - libjpeg", "..\..\libjpeg\6b\libjpeg.vcxproj", "{7B2A7E09-1FCC-42CA-90E6-1FB8DE0996AE}"
EndProject
Project("{8BC9CEB8-8B4A-11D0-8D11-00A0C91BC942}") = "Dll - Cairo", "..\..\Cairo\1.8.8\Cairo.vcxproj", "{83A2050C-6E3A-4073-9F7D-B3433D2FDEF9}"
	ProjectSection(ProjectDependencies) = postProject
		{0008960E-E0DD-41A6-8265-00B31DDB4C21} = {0008960E-E0DD-41A6-8265-00B31DDB4C21}
		{F6F7F94F-F563-4203-80B4-BF7CF3242B27} = {F6F7F94F-F563-4203-80B4-BF7CF3242B27}
		{5B55C4EC-396D-451E-B017-38A3BBFD4C82} = {5B55C4EC-396D-451E-B017-38A3BBFD4C82}
	EndProjectSection
EndProject
Project("{8BC9CEB8-8B4A-11D0-8D11-00A0C91BC942}") = "App - RIA Studio", "Studio\Projet\Visual\RIA Studio.vcxproj", "{2F5F12FE-BAE5-4233-800A-4CF538DAD05B}"
	ProjectSection(ProjectDependencies) = postProject
		{86C7E508-5E7C-4AD5-BDD4-893D9C95876D} = {86C7E508-5E7C-4AD5-BDD4-893D9C95876D}
		{80D7160C-94E2-4991-A633-910677C24D20} = {80D7160C-94E2-4991-A633-910677C24D20}
		{CE5F2E11-A681-4FBA-B933-CCC1CB2110E2} = {CE5F2E11-A681-4FBA-B933-CCC1CB2110E2}
		{B0378F32-5D26-4221-A3B5-D6F1ADCA06D4} = {B0378F32-5D26-4221-A3B5-D6F1ADCA06D4}
		{152CE948-F659-4206-A50A-1D2B9658EF96} = {152CE948-F659-4206-A50A-1D2B9658EF96}
		{F6F7F94F-F563-4203-80B4-BF7CF3242B27} = {F6F7F94F-F563-4203-80B4-BF7CF3242B27}
		{E659D953-66EC-4DF5-9057-D1D22FA8F190} = {E659D953-66EC-4DF5-9057-D1D22FA8F190}
		{7106DC59-915A-493A-902C-8A2D14EDEF7E} = {7106DC59-915A-493A-902C-8A2D14EDEF7E}
		{3B6F655C-F3EB-4330-9FEA-657AF963969E} = {3B6F655C-F3EB-4330-9FEA-657AF963969E}
		{C5B99565-524C-4D34-B6EA-4FEE9BD64266} = {C5B99565-524C-4D34-B6EA-4FEE9BD64266}
		{3CBBA76E-59A1-4A07-827D-26C4E686665B} = {3CBBA76E-59A1-4A07-827D-26C4E686665B}
		{DB837075-3CF7-429C-995E-B39E3087E37B} = {DB837075-3CF7-429C-995E-B39E3087E37B}
		{A8671F78-018E-4EC3-99A4-DF048A96905A} = {A8671F78-018E-4EC3-99A4-DF048A96905A}
		{2D047D89-24BE-4700-AB0C-849890A04602} = {2D047D89-24BE-4700-AB0C-849890A04602}
		{EB3D718E-58C2-46FA-9A3F-86E3DC0B9E04} = {EB3D718E-58C2-46FA-9A3F-86E3DC0B9E04}
		{EC99198F-4CDD-4D85-AE6F-F837FF6CC372} = {EC99198F-4CDD-4D85-AE6F-F837FF6CC372}
		{7B41A191-CD46-43CF-B33E-90211FC865AD} = {7B41A191-CD46-43CF-B33E-90211FC865AD}
		{2D021893-EAE7-4C09-B4CC-29750B8BAF65} = {2D021893-EAE7-4C09-B4CC-29750B8BAF65}
		{AF04BBA0-6443-4023-85CC-54376B5CD773} = {AF04BBA0-6443-4023-85CC-54376B5CD773}
		{3F050BA1-557A-4FE9-975C-62F18331EE4B} = {3F050BA1-557A-4FE9-975C-62F18331EE4B}
		{753F2CA4-E56C-4899-A731-460AD2D3CB73} = {753F2CA4-E56C-4899-A731-460AD2D3CB73}
		{D68C82A9-EC66-43E4-AD5F-69EBB1E764AB} = {D68C82A9-EC66-43E4-AD5F-69EBB1E764AB}
		{CE2F6AB7-0D2D-4CC2-B91C-45544901254F} = {CE2F6AB7-0D2D-4CC2-B91C-45544901254F}
		{DA0D6BC0-FFB0-43D3-9821-052F4B8D1FAC} = {DA0D6BC0-FFB0-43D3-9821-052F4B8D1FAC}
		{084D08C2-90AB-4E65-906F-17AB70CDCFD2} = {084D08C2-90AB-4E65-906F-17AB70CDCFD2}
		{6E9F29C6-2757-45FB-B9A4-AA30F5E852F4} = {6E9F29C6-2757-45FB-B9A4-AA30F5E852F4}
		{CBBA3CCD-7A72-44A9-8A0F-05179F1905F0} = {CBBA3CCD-7A72-44A9-8A0F-05179F1905F0}
		{6CDD04E4-1FD4-4208-B5D6-5C39A716BD56} = {6CDD04E4-1FD4-4208-B5D6-5C39A716BD56}
		{1D16FBE6-9C83-445F-BAE4-3A8E3C0C2778} = {1D16FBE6-9C83-445F-BAE4-3A8E3C0C2778}
		{E9385EE8-B15A-43AF-9FB7-DB0BD5C3FBC2} = {E9385EE8-B15A-43AF-9FB7-DB0BD5C3FBC2}
		{745B73EB-6200-44C0-8552-AC602A9B0EED} = {745B73EB-6200-44C0-8552-AC602A9B0EED}
		{CA45B6ED-E20A-4755-9B9E-181677D5AB40} = {CA45B6ED-E20A-4755-9B9E-181677D5AB40}
		{8602FAFD-E32F-4C51-B5A0-11A26AB631C6} = {8602FAFD-E32F-4C51-B5A0-11A26AB631C6}
	EndProjectSection
EndProject
Project("{8BC9CEB8-8B4A-11D0-8D11-00A0C91BC942}") = "Dll - sqlite", "..\..\sqlite\3.6.20\sqlite.vcxproj", "{E8D8449A-B90E-4C4F-BDC2-FC6843412045}"
EndProject
Project("{8BC9CEB8-8B4A-11D0-8D11-00A0C91BC942}") = "Dll - pthread", "..\..\pthreads\2.9.1\pthread.vcxproj", "{3DDD06A6-25C3-41D2-BA1F-B372400D9D46}"
EndProject
Project("{8BC9CEB8-8B4A-11D0-8D11-00A0C91BC942}") = "Lib - CoreRuntime", "..\..\CoreRuntime\main\Project\Visual\CoreRuntime.vcxproj", "{2D047D89-24BE-4700-AB0C-849890A04602}"
EndProject
Project("{8BC9CEB8-8B4A-11D0-8D11-00A0C91BC942}") = "Component - MySQLConnector", "..\..\Components\Main\MySQLConnector\Projects\win\MySQLConnector.vcxproj", "{7106DC59-915A-493A-902C-8A2D14EDEF7E}"
	ProjectSection(ProjectDependencies) = postProject
		{86C7E508-5E7C-4AD5-BDD4-893D9C95876D} = {86C7E508-5E7C-4AD5-BDD4-893D9C95876D}
		{F94C081A-7B01-4DD8-A595-B48351BCDA1B} = {F94C081A-7B01-4DD8-A595-B48351BCDA1B}
		{12549F50-EAB8-485C-9AC9-039C4FD05A68} = {12549F50-EAB8-485C-9AC9-039C4FD05A68}
		{3B6F655C-F3EB-4330-9FEA-657AF963969E} = {3B6F655C-F3EB-4330-9FEA-657AF963969E}
		{7B41A191-CD46-43CF-B33E-90211FC865AD} = {7B41A191-CD46-43CF-B33E-90211FC865AD}
		{6E9F29C6-2757-45FB-B9A4-AA30F5E852F4} = {6E9F29C6-2757-45FB-B9A4-AA30F5E852F4}
		{745B73EB-6200-44C0-8552-AC602A9B0EED} = {745B73EB-6200-44C0-8552-AC602A9B0EED}
	EndProjectSection
EndProject
Project("{8BC9CEB8-8B4A-11D0-8D11-00A0C91BC942}") = "Dll - RemoteEntity", "..\..\Components\Main\RemoteEntity\Projects\Visual\RemoteEntity.vcxproj", "{CBBA3CCD-7A72-44A9-8A0F-05179F1905F0}"
	ProjectSection(ProjectDependencies) = postProject
		{B0378F32-5D26-4221-A3B5-D6F1ADCA06D4} = {B0378F32-5D26-4221-A3B5-D6F1ADCA06D4}
		{C5B99565-524C-4D34-B6EA-4FEE9BD64266} = {C5B99565-524C-4D34-B6EA-4FEE9BD64266}
		{7B41A191-CD46-43CF-B33E-90211FC865AD} = {7B41A191-CD46-43CF-B33E-90211FC865AD}
		{6E9F29C6-2757-45FB-B9A4-AA30F5E852F4} = {6E9F29C6-2757-45FB-B9A4-AA30F5E852F4}
	EndProjectSection
EndProject
Project("{8BC9CEB8-8B4A-11D0-8D11-00A0C91BC942}") = "Dll - SQLEntity", "..\..\Components\Main\SQLEntity\Projects\Visual\SQLEntity.vcxproj", "{AF04BBA0-6443-4023-85CC-54376B5CD773}"
	ProjectSection(ProjectDependencies) = postProject
		{B0378F32-5D26-4221-A3B5-D6F1ADCA06D4} = {B0378F32-5D26-4221-A3B5-D6F1ADCA06D4}
		{7106DC59-915A-493A-902C-8A2D14EDEF7E} = {7106DC59-915A-493A-902C-8A2D14EDEF7E}
		{3B6F655C-F3EB-4330-9FEA-657AF963969E} = {3B6F655C-F3EB-4330-9FEA-657AF963969E}
		{C5B99565-524C-4D34-B6EA-4FEE9BD64266} = {C5B99565-524C-4D34-B6EA-4FEE9BD64266}
		{7B41A191-CD46-43CF-B33E-90211FC865AD} = {7B41A191-CD46-43CF-B33E-90211FC865AD}
		{6E9F29C6-2757-45FB-B9A4-AA30F5E852F4} = {6E9F29C6-2757-45FB-B9A4-AA30F5E852F4}
	EndProjectSection
EndProject
Project("{8BC9CEB8-8B4A-11D0-8D11-00A0C91BC942}") = "Dll - XToolbox FP - SQL", "..\..\XToolbox\Main\SQL\Projects\Visual\SQL.vcxproj", "{12549F50-EAB8-485C-9AC9-039C4FD05A68}"
	ProjectSection(ProjectDependencies) = postProject
		{3B6F655C-F3EB-4330-9FEA-657AF963969E} = {3B6F655C-F3EB-4330-9FEA-657AF963969E}
		{7B41A191-CD46-43CF-B33E-90211FC865AD} = {7B41A191-CD46-43CF-B33E-90211FC865AD}
		{6E9F29C6-2757-45FB-B9A4-AA30F5E852F4} = {6E9F29C6-2757-45FB-B9A4-AA30F5E852F4}
	EndProjectSection
EndProject
Project("{8BC9CEB8-8B4A-11D0-8D11-00A0C91BC942}") = "Dll - XToolbox FP - SQLModel", "..\..\XToolbox\Main\SQLModel\Projects\Visual\SQLModel.vcxproj", "{F94C081A-7B01-4DD8-A595-B48351BCDA1B}"
	ProjectSection(ProjectDependencies) = postProject
		{3B6F655C-F3EB-4330-9FEA-657AF963969E} = {3B6F655C-F3EB-4330-9FEA-657AF963969E}
		{7B41A191-CD46-43CF-B33E-90211FC865AD} = {7B41A191-CD46-43CF-B33E-90211FC865AD}
	EndProjectSection
EndProject
Project("{8BC9CEB8-8B4A-11D0-8D11-00A0C91BC942}") = "Component - MSSQLConnector", "..\..\Components\Main\MSSQLConnector\Projects\Win\MSSQLConnector.vcxproj", "{2D021893-EAE7-4C09-B4CC-29750B8BAF65}"
	ProjectSection(ProjectDependencies) = postProject
		{86C7E508-5E7C-4AD5-BDD4-893D9C95876D} = {86C7E508-5E7C-4AD5-BDD4-893D9C95876D}
		{F94C081A-7B01-4DD8-A595-B48351BCDA1B} = {F94C081A-7B01-4DD8-A595-B48351BCDA1B}
		{B0378F32-5D26-4221-A3B5-D6F1ADCA06D4} = {B0378F32-5D26-4221-A3B5-D6F1ADCA06D4}
		{12549F50-EAB8-485C-9AC9-039C4FD05A68} = {12549F50-EAB8-485C-9AC9-039C4FD05A68}
		{3B6F655C-F3EB-4330-9FEA-657AF963969E} = {3B6F655C-F3EB-4330-9FEA-657AF963969E}
		{7B41A191-CD46-43CF-B33E-90211FC865AD} = {7B41A191-CD46-43CF-B33E-90211FC865AD}
		{745B73EB-6200-44C0-8552-AC602A9B0EED} = {745B73EB-6200-44C0-8552-AC602A9B0EED}
	EndProjectSection
EndProject
Project("{8BC9CEB8-8B4A-11D0-8D11-00A0C91BC942}") = "Component - WebViewerCEF", "..\..\Components\Main\Web\Projects\Visual\WebViewerCEF.vcxproj", "{3F050BA1-557A-4FE9-975C-62F18331EE4B}"
	ProjectSection(ProjectDependencies) = postProject
		{86C7E508-5E7C-4AD5-BDD4-893D9C95876D} = {86C7E508-5E7C-4AD5-BDD4-893D9C95876D}
		{80D7160C-94E2-4991-A633-910677C24D20} = {80D7160C-94E2-4991-A633-910677C24D20}
		{B0378F32-5D26-4221-A3B5-D6F1ADCA06D4} = {B0378F32-5D26-4221-A3B5-D6F1ADCA06D4}
		{B8437A41-67BC-4769-9452-45203827F821} = {B8437A41-67BC-4769-9452-45203827F821}
		{3B6F655C-F3EB-4330-9FEA-657AF963969E} = {3B6F655C-F3EB-4330-9FEA-657AF963969E}
		{7B41A191-CD46-43CF-B33E-90211FC865AD} = {7B41A191-CD46-43CF-B33E-90211FC865AD}
		{0662A8A9-82A3-4638-97D8-EC425D8D87C9} = {0662A8A9-82A3-4638-97D8-EC425D8D87C9}
		{6E9F29C6-2757-45FB-B9A4-AA30F5E852F4} = {6E9F29C6-2757-45FB-B9A4-AA30F5E852F4}
	EndProjectSection
EndProject
Project("{8BC9CEB8-8B4A-11D0-8D11-00A0C91BC942}") = "Component - WebViewerSystem", "..\..\Components\Main\Web\Projects\Visual\WebViewerSystem.vcxproj", "{8602FAFD-E32F-4C51-B5A0-11A26AB631C6}"
	ProjectSection(ProjectDependencies) = postProject
		{86C7E508-5E7C-4AD5-BDD4-893D9C95876D} = {86C7E508-5E7C-4AD5-BDD4-893D9C95876D}
		{80D7160C-94E2-4991-A633-910677C24D20} = {80D7160C-94E2-4991-A633-910677C24D20}
		{B0378F32-5D26-4221-A3B5-D6F1ADCA06D4} = {B0378F32-5D26-4221-A3B5-D6F1ADCA06D4}
		{B8437A41-67BC-4769-9452-45203827F821} = {B8437A41-67BC-4769-9452-45203827F821}
		{3B6F655C-F3EB-4330-9FEA-657AF963969E} = {3B6F655C-F3EB-4330-9FEA-657AF963969E}
		{7B41A191-CD46-43CF-B33E-90211FC865AD} = {7B41A191-CD46-43CF-B33E-90211FC865AD}
		{0662A8A9-82A3-4638-97D8-EC425D8D87C9} = {0662A8A9-82A3-4638-97D8-EC425D8D87C9}
		{6E9F29C6-2757-45FB-B9A4-AA30F5E852F4} = {6E9F29C6-2757-45FB-B9A4-AA30F5E852F4}
	EndProjectSection
EndProject
Project("{8BC9CEB8-8B4A-11D0-8D11-00A0C91BC942}") = "Component - WebViewerWebkit", "..\..\Components\Main\Web\Projects\Visual\WebViewerWebkit.vcxproj", "{D68C82A9-EC66-43E4-AD5F-69EBB1E764AB}"
	ProjectSection(ProjectDependencies) = postProject
		{86C7E508-5E7C-4AD5-BDD4-893D9C95876D} = {86C7E508-5E7C-4AD5-BDD4-893D9C95876D}
		{80D7160C-94E2-4991-A633-910677C24D20} = {80D7160C-94E2-4991-A633-910677C24D20}
		{B0378F32-5D26-4221-A3B5-D6F1ADCA06D4} = {B0378F32-5D26-4221-A3B5-D6F1ADCA06D4}
		{B8437A41-67BC-4769-9452-45203827F821} = {B8437A41-67BC-4769-9452-45203827F821}
		{3B6F655C-F3EB-4330-9FEA-657AF963969E} = {3B6F655C-F3EB-4330-9FEA-657AF963969E}
		{7B41A191-CD46-43CF-B33E-90211FC865AD} = {7B41A191-CD46-43CF-B33E-90211FC865AD}
		{0662A8A9-82A3-4638-97D8-EC425D8D87C9} = {0662A8A9-82A3-4638-97D8-EC425D8D87C9}
		{6E9F29C6-2757-45FB-B9A4-AA30F5E852F4} = {6E9F29C6-2757-45FB-B9A4-AA30F5E852F4}
	EndProjectSection
EndProject
Project("{8BC9CEB8-8B4A-11D0-8D11-00A0C91BC942}") = "Component - ODBCConnector", "..\..\Components\Main\ODBCConnector\Projects\Win\ODBCConnector.vcxproj", "{753F2CA4-E56C-4899-A731-460AD2D3CB73}"
	ProjectSection(ProjectDependencies) = postProject
		{86C7E508-5E7C-4AD5-BDD4-893D9C95876D} = {86C7E508-5E7C-4AD5-BDD4-893D9C95876D}
		{F94C081A-7B01-4DD8-A595-B48351BCDA1B} = {F94C081A-7B01-4DD8-A595-B48351BCDA1B}
		{12549F50-EAB8-485C-9AC9-039C4FD05A68} = {12549F50-EAB8-485C-9AC9-039C4FD05A68}
		{3B6F655C-F3EB-4330-9FEA-657AF963969E} = {3B6F655C-F3EB-4330-9FEA-657AF963969E}
		{7B41A191-CD46-43CF-B33E-90211FC865AD} = {7B41A191-CD46-43CF-B33E-90211FC865AD}
	EndProjectSection
EndProject
Project("{8BC9CEB8-8B4A-11D0-8D11-00A0C91BC942}") = "Dll - OpenSLL-libeay32", "..\..\openssl\1.0.0d\Projects\Visual\OpenSLL-libeay32.vcxproj", "{6CDD04E4-1FD4-4208-B5D6-5C39A716BD56}"
EndProject
Project("{8BC9CEB8-8B4A-11D0-8D11-00A0C91BC942}") = "Dll - OpenSLL-ssleay32", "..\..\openssl\1.0.0d\Projects\Visual\OpenSLL-ssleay32.vcxproj", "{CA45B6ED-E20A-4755-9B9E-181677D5AB40}"
EndProject
Project("{8BC9CEB8-8B4A-11D0-8D11-00A0C91BC942}") = "App - RIA Server Monitor Icon", "ServerMonitorIcon\Projet\Visual\RIA ServerMonitorIcon.vcxproj", "{3237867A-4183-4715-9BB4-E7ED6ADB7C46}"
EndProject
Project("{2150E333-8FDC-42A3-9474-1A3956D46DE8}") = "Test", "Test", "{E18FAD39-6617-4488-BCBB-8DD2A5AE7D94}"
EndProject
Project("{8BC9CEB8-8B4A-11D0-8D11-00A0C91BC942}") = "V8", "..\..\XToolbox\Main\Tests\V8\Projects\Visual\V8.vcxproj", "{3A10AC0E-B5EA-42A0-8189-FCAEE1AACB85}"
	ProjectSection(ProjectDependencies) = postProject
		{7B41A191-CD46-43CF-B33E-90211FC865AD} = {7B41A191-CD46-43CF-B33E-90211FC865AD}
	EndProjectSection
EndProject
Project("{8BC9CEB8-8B4A-11D0-8D11-00A0C91BC942}") = "Dll - XToolbox FP - TextCore", "..\..\XToolbox\Main\TextCore\Projects\Visual\TextCore.vcxproj", "{1CA9C1CD-9A44-46EE-9D73-A6D504370A46}"
EndProject
Project("{2150E333-8FDC-42A3-9474-1A3956D46DE8}") = "V8", "V8", "{A9A1998A-B193-475E-9494-77069D9CFEA2}"
EndProject
Project("{8BC9CEB8-8B4A-11D0-8D11-00A0C91BC942}") = "v8", "..\..\V8\3.25\tools\gyp\v8.vcxproj", "{A5304452-8F86-0F7E-9E3C-BB1DB7E1358E}"
EndProject
Project("{8BC9CEB8-8B4A-11D0-8D11-00A0C91BC942}") = "v8_base.x64", "..\..\V8\3.25\tools\gyp\v8_base.x64.vcxproj", "{DD8A88A9-C925-F03E-C8B7-338873734C47}"
EndProject
Project("{8BC9CEB8-8B4A-11D0-8D11-00A0C91BC942}") = "v8_snapshot", "..\..\V8\3.25\tools\gyp\v8_snapshot.vcxproj", "{4EF83798-51B5-CC40-E9F0-BF1195F4ACE4}"
	ProjectSection(ProjectDependencies) = postProject
		{5107BED3-AB35-6191-D61C-9DFD7E603A67} = {5107BED3-AB35-6191-D61C-9DFD7E603A67}
	EndProjectSection
EndProject
Project("{8BC9CEB8-8B4A-11D0-8D11-00A0C91BC942}") = "v8_nosnapshot.x64", "..\..\V8\3.25\tools\gyp\v8_nosnapshot.x64.vcxproj", "{5107BED3-AB35-6191-D61C-9DFD7E603A67}"
EndProject
Project("{8BC9CEB8-8B4A-11D0-8D11-00A0C91BC942}") = "Component - LDAPComponent", "..\..\Components\Main\LDAPComponent\Projects\Visual\LDAPComponent.vcxproj", "{D9D86367-76A2-4B28-B472-E9A2ECD86D01}"
EndProject
Project("{8BC9CEB8-8B4A-11D0-8D11-00A0C91BC942}") = "Lib - libldap", "..\..\libldap\2.4.39\Projects\Visual\libldap.vcxproj", "{2FC8E5DC-BD4B-4C38-A7A8-37A4CC698AED}"
EndProject
Global
	GlobalSection(SolutionConfigurationPlatforms) = preSolution
	EndGlobalSection
	GlobalSection(ProjectConfigurationPlatforms) = postSolution
	EndGlobalSection
	GlobalSection(SolutionProperties) = preSolution
		HideSolutionNode = FALSE
	EndGlobalSection
	GlobalSection(NestedProjects) = preSolution
		{C5B99565-524C-4D34-B6EA-4FEE9BD64266} = {92177CD4-04CA-4DF1-9F41-CAD4F7B8DD74}
		{CE5F2E11-A681-4FBA-B933-CCC1CB2110E2} = {92177CD4-04CA-4DF1-9F41-CAD4F7B8DD74}
		{E9385EE8-B15A-43AF-9FB7-DB0BD5C3FBC2} = {92177CD4-04CA-4DF1-9F41-CAD4F7B8DD74}
		{084D08C2-90AB-4E65-906F-17AB70CDCFD2} = {92177CD4-04CA-4DF1-9F41-CAD4F7B8DD74}
		{1D16FBE6-9C83-445F-BAE4-3A8E3C0C2778} = {92177CD4-04CA-4DF1-9F41-CAD4F7B8DD74}
		{A8671F78-018E-4EC3-99A4-DF048A96905A} = {92177CD4-04CA-4DF1-9F41-CAD4F7B8DD74}
		{EB3D718E-58C2-46FA-9A3F-86E3DC0B9E04} = {92177CD4-04CA-4DF1-9F41-CAD4F7B8DD74}
		{7106DC59-915A-493A-902C-8A2D14EDEF7E} = {92177CD4-04CA-4DF1-9F41-CAD4F7B8DD74}
		{2D021893-EAE7-4C09-B4CC-29750B8BAF65} = {92177CD4-04CA-4DF1-9F41-CAD4F7B8DD74}
		{3F050BA1-557A-4FE9-975C-62F18331EE4B} = {92177CD4-04CA-4DF1-9F41-CAD4F7B8DD74}
		{8602FAFD-E32F-4C51-B5A0-11A26AB631C6} = {92177CD4-04CA-4DF1-9F41-CAD4F7B8DD74}
		{D68C82A9-EC66-43E4-AD5F-69EBB1E764AB} = {92177CD4-04CA-4DF1-9F41-CAD4F7B8DD74}
		{753F2CA4-E56C-4899-A731-460AD2D3CB73} = {92177CD4-04CA-4DF1-9F41-CAD4F7B8DD74}
		{D9D86367-76A2-4B28-B472-E9A2ECD86D01} = {92177CD4-04CA-4DF1-9F41-CAD4F7B8DD74}
		{AA8A5A85-592B-4357-BC60-E0E91E026AF6} = {CD8AD8DC-6BDE-45D7-9563-A5F7B9B4DBEE}
		{5B55C4EC-396D-451E-B017-38A3BBFD4C82} = {CD8AD8DC-6BDE-45D7-9563-A5F7B9B4DBEE}
		{9A38446D-769F-4D1F-83DE-E610CC16C04F} = {CD8AD8DC-6BDE-45D7-9563-A5F7B9B4DBEE}
		{563194A3-DF9D-4636-83B6-1CC651929877} = {CD8AD8DC-6BDE-45D7-9563-A5F7B9B4DBEE}
		{0008960E-E0DD-41A6-8265-00B31DDB4C21} = {CD8AD8DC-6BDE-45D7-9563-A5F7B9B4DBEE}
		{7B2A7E09-1FCC-42CA-90E6-1FB8DE0996AE} = {CD8AD8DC-6BDE-45D7-9563-A5F7B9B4DBEE}
		{1C16337B-ACF3-4D03-AA90-851C5B5EADA6} = {CD8AD8DC-6BDE-45D7-9563-A5F7B9B4DBEE}
		{B8437A41-67BC-4769-9452-45203827F821} = {CD8AD8DC-6BDE-45D7-9563-A5F7B9B4DBEE}
		{2D047D89-24BE-4700-AB0C-849890A04602} = {CD8AD8DC-6BDE-45D7-9563-A5F7B9B4DBEE}
		{2FC8E5DC-BD4B-4C38-A7A8-37A4CC698AED} = {CD8AD8DC-6BDE-45D7-9563-A5F7B9B4DBEE}
		{3CBBA76E-59A1-4A07-827D-26C4E686665B} = {C17B0A78-43F5-4649-A2D9-64341806B7CA}
		{7B41A191-CD46-43CF-B33E-90211FC865AD} = {C17B0A78-43F5-4649-A2D9-64341806B7CA}
		{3B6F655C-F3EB-4330-9FEA-657AF963969E} = {C17B0A78-43F5-4649-A2D9-64341806B7CA}
		{B0378F32-5D26-4221-A3B5-D6F1ADCA06D4} = {C17B0A78-43F5-4649-A2D9-64341806B7CA}
		{80D7160C-94E2-4991-A633-910677C24D20} = {C17B0A78-43F5-4649-A2D9-64341806B7CA}
		{86C7E508-5E7C-4AD5-BDD4-893D9C95876D} = {C17B0A78-43F5-4649-A2D9-64341806B7CA}
		{DA0D6BC0-FFB0-43D3-9821-052F4B8D1FAC} = {C17B0A78-43F5-4649-A2D9-64341806B7CA}
		{745B73EB-6200-44C0-8552-AC602A9B0EED} = {C17B0A78-43F5-4649-A2D9-64341806B7CA}
		{F6F7F94F-F563-4203-80B4-BF7CF3242B27} = {C17B0A78-43F5-4649-A2D9-64341806B7CA}
		{E659D953-66EC-4DF5-9057-D1D22FA8F190} = {C17B0A78-43F5-4649-A2D9-64341806B7CA}
		{CE2F6AB7-0D2D-4CC2-B91C-45544901254F} = {C17B0A78-43F5-4649-A2D9-64341806B7CA}
		{152CE948-F659-4206-A50A-1D2B9658EF96} = {C17B0A78-43F5-4649-A2D9-64341806B7CA}
		{6E9F29C6-2757-45FB-B9A4-AA30F5E852F4} = {C17B0A78-43F5-4649-A2D9-64341806B7CA}
		{011D10F1-B656-4A1B-A0C3-3842F02122C5} = {C17B0A78-43F5-4649-A2D9-64341806B7CA}
		{DB837075-3CF7-429C-995E-B39E3087E37B} = {C17B0A78-43F5-4649-A2D9-64341806B7CA}
		{EC99198F-4CDD-4D85-AE6F-F837FF6CC372} = {C17B0A78-43F5-4649-A2D9-64341806B7CA}
		{87EE9DA4-DE1E-4448-8324-183C98DCA588} = {C17B0A78-43F5-4649-A2D9-64341806B7CA}
		{83A2050C-6E3A-4073-9F7D-B3433D2FDEF9} = {C17B0A78-43F5-4649-A2D9-64341806B7CA}
		{E8D8449A-B90E-4C4F-BDC2-FC6843412045} = {C17B0A78-43F5-4649-A2D9-64341806B7CA}
		{0662A8A9-82A3-4638-97D8-EC425D8D87C9} = {C17B0A78-43F5-4649-A2D9-64341806B7CA}
		{3DDD06A6-25C3-41D2-BA1F-B372400D9D46} = {C17B0A78-43F5-4649-A2D9-64341806B7CA}
		{CBBA3CCD-7A72-44A9-8A0F-05179F1905F0} = {C17B0A78-43F5-4649-A2D9-64341806B7CA}
		{AF04BBA0-6443-4023-85CC-54376B5CD773} = {C17B0A78-43F5-4649-A2D9-64341806B7CA}
		{12549F50-EAB8-485C-9AC9-039C4FD05A68} = {C17B0A78-43F5-4649-A2D9-64341806B7CA}
		{F94C081A-7B01-4DD8-A595-B48351BCDA1B} = {C17B0A78-43F5-4649-A2D9-64341806B7CA}
		{6CDD04E4-1FD4-4208-B5D6-5C39A716BD56} = {C17B0A78-43F5-4649-A2D9-64341806B7CA}
		{CA45B6ED-E20A-4755-9B9E-181677D5AB40} = {C17B0A78-43F5-4649-A2D9-64341806B7CA}
		{1CA9C1CD-9A44-46EE-9D73-A6D504370A46} = {C17B0A78-43F5-4649-A2D9-64341806B7CA}
		{3A10AC0E-B5EA-42A0-8189-FCAEE1AACB85} = {E18FAD39-6617-4488-BCBB-8DD2A5AE7D94}
		{A5304452-8F86-0F7E-9E3C-BB1DB7E1358E} = {A9A1998A-B193-475E-9494-77069D9CFEA2}
		{DD8A88A9-C925-F03E-C8B7-338873734C47} = {A9A1998A-B193-475E-9494-77069D9CFEA2}
		{4EF83798-51B5-CC40-E9F0-BF1195F4ACE4} = {A9A1998A-B193-475E-9494-77069D9CFEA2}
		{5107BED3-AB35-6191-D61C-9DFD7E603A67} = {A9A1998A-B193-475E-9494-77069D9CFEA2}
	EndGlobalSection
	GlobalSection(DPCodeReviewSolutionGUID) = preSolution
		DPCodeReviewSolutionGUID = {00000000-0000-0000-0000-000000000000}
	EndGlobalSection
EndGlobal
