Microsoft Visual Studio Solution File, Format Version 10.00
# Visual Studio 2008
Project("{2150E333-8FDC-42A3-9474-1A3956D46DE8}") = "Components", "Components", "{92177CD4-04CA-4DF1-9F41-CAD4F7B8DD74}"
EndProject
Project("{2150E333-8FDC-42A3-9474-1A3956D46DE8}") = "Lib", "Lib", "{CD8AD8DC-6BDE-45D7-9563-A5F7B9B4DBEE}"
EndProject
Project("{2150E333-8FDC-42A3-9474-1A3956D46DE8}") = "DLL", "DLL", "{C17B0A78-43F5-4649-A2D9-64341806B7CA}"
EndProject
Project("{8BC9CEB8-8B4A-11D0-8D11-00A0C91BC942}") = "Component - DB4D", "..\..\Components\Main\DB4D\projects\win\DB4D-VS9.vcproj", "{C5B99565-524C-4D34-B6EA-4FEE9BD64266}"
	ProjectSection(ProjectDependencies) = postProject
		{86C7E508-5E7C-4AD5-BDD4-893D9C95876D} = {86C7E508-5E7C-4AD5-BDD4-893D9C95876D}
		{B0378F32-5D26-4221-A3B5-D6F1ADCA06D4} = {B0378F32-5D26-4221-A3B5-D6F1ADCA06D4}
		{3B6F655C-F3EB-4330-9FEA-657AF963969E} = {3B6F655C-F3EB-4330-9FEA-657AF963969E}
		{A8671F78-018E-4EC3-99A4-DF048A96905A} = {A8671F78-018E-4EC3-99A4-DF048A96905A}
		{AA8A5A85-592B-4357-BC60-E0E91E026AF6} = {AA8A5A85-592B-4357-BC60-E0E91E026AF6}
		{7B41A191-CD46-43CF-B33E-90211FC865AD} = {7B41A191-CD46-43CF-B33E-90211FC865AD}
		{6E9F29C6-2757-45FB-B9A4-AA30F5E852F4} = {6E9F29C6-2757-45FB-B9A4-AA30F5E852F4}
		{745B73EB-6200-44C0-8552-AC602A9B0EED} = {745B73EB-6200-44C0-8552-AC602A9B0EED}
		{011D10F1-B656-4A1B-A0C3-3842F02122C5} = {011D10F1-B656-4A1B-A0C3-3842F02122C5}
	EndProjectSection
EndProject
Project("{8BC9CEB8-8B4A-11D0-8D11-00A0C91BC942}") = "Dll - XToolbox FP - Kernel", "..\..\XToolbox\Main\Kernel\Projects\Visual\Kernel-VS9.vcproj", "{7B41A191-CD46-43CF-B33E-90211FC865AD}"
	ProjectSection(ProjectDependencies) = postProject
		{CE2F6AB7-0D2D-4CC2-B91C-45544901254F} = {CE2F6AB7-0D2D-4CC2-B91C-45544901254F}
	EndProjectSection
EndProject
Project("{8BC9CEB8-8B4A-11D0-8D11-00A0C91BC942}") = "Dll - XToolbox FP - Kernel IPC", "..\..\XToolbox\Main\KernelIPC\Projects\Visual\KernelIPC-VS9.vcproj", "{3B6F655C-F3EB-4330-9FEA-657AF963969E}"
	ProjectSection(ProjectDependencies) = postProject
		{7B41A191-CD46-43CF-B33E-90211FC865AD} = {7B41A191-CD46-43CF-B33E-90211FC865AD}
	EndProjectSection
EndProject
Project("{8BC9CEB8-8B4A-11D0-8D11-00A0C91BC942}") = "Dll - XToolbox FP - Graphics", "..\..\XToolbox\Main\Graphics\Projects\Visual\Graphics-VS9.vcproj", "{B0378F32-5D26-4221-A3B5-D6F1ADCA06D4}"
	ProjectSection(ProjectDependencies) = postProject
		{3B6F655C-F3EB-4330-9FEA-657AF963969E} = {3B6F655C-F3EB-4330-9FEA-657AF963969E}
		{7B41A191-CD46-43CF-B33E-90211FC865AD} = {7B41A191-CD46-43CF-B33E-90211FC865AD}
	EndProjectSection
EndProject
Project("{8BC9CEB8-8B4A-11D0-8D11-00A0C91BC942}") = "Dll - XToolbox FP - XML", "..\..\XToolbox\Main\XML\Projects\Visual\XML-VS9.vcproj", "{86C7E508-5E7C-4AD5-BDD4-893D9C95876D}"
	ProjectSection(ProjectDependencies) = postProject
		{152CE948-F659-4206-A50A-1D2B9658EF96} = {152CE948-F659-4206-A50A-1D2B9658EF96}
		{3B6F655C-F3EB-4330-9FEA-657AF963969E} = {3B6F655C-F3EB-4330-9FEA-657AF963969E}
		{7B41A191-CD46-43CF-B33E-90211FC865AD} = {7B41A191-CD46-43CF-B33E-90211FC865AD}
	EndProjectSection
EndProject
Project("{8BC9CEB8-8B4A-11D0-8D11-00A0C91BC942}") = "Dll - XToolbox FP - ServerNet", "..\..\XToolbox\Main\ServerNet\Projects\Visual\ServerNet-VS9.vcproj", "{745B73EB-6200-44C0-8552-AC602A9B0EED}"
	ProjectSection(ProjectDependencies) = postProject
		{86C7E508-5E7C-4AD5-BDD4-893D9C95876D} = {86C7E508-5E7C-4AD5-BDD4-893D9C95876D}
		{3B6F655C-F3EB-4330-9FEA-657AF963969E} = {3B6F655C-F3EB-4330-9FEA-657AF963969E}
		{7B41A191-CD46-43CF-B33E-90211FC865AD} = {7B41A191-CD46-43CF-B33E-90211FC865AD}
		{6CDD04E4-1FD4-4208-B5D6-5C39A716BD56} = {6CDD04E4-1FD4-4208-B5D6-5C39A716BD56}
	EndProjectSection
EndProject
Project("{8BC9CEB8-8B4A-11D0-8D11-00A0C91BC942}") = "Dll - OpenSLL", "..\..\openssl\1.0.0d\Projects\Visual\OpenSLL-VS9.vcproj", "{6CDD04E4-1FD4-4208-B5D6-5C39A716BD56}"
EndProject
Project("{8BC9CEB8-8B4A-11D0-8D11-00A0C91BC942}") = "Component - Zip", "..\..\Components\Main\Zip\Projects\win\Zip-VS9.vcproj", "{CE5F2E11-A681-4FBA-B933-CCC1CB2110E2}"
	ProjectSection(ProjectDependencies) = postProject
		{F6F7F94F-F563-4203-80B4-BF7CF3242B27} = {F6F7F94F-F563-4203-80B4-BF7CF3242B27}
		{E659D953-66EC-4DF5-9057-D1D22FA8F190} = {E659D953-66EC-4DF5-9057-D1D22FA8F190}
		{3B6F655C-F3EB-4330-9FEA-657AF963969E} = {3B6F655C-F3EB-4330-9FEA-657AF963969E}
		{7B41A191-CD46-43CF-B33E-90211FC865AD} = {7B41A191-CD46-43CF-B33E-90211FC865AD}
	EndProjectSection
EndProject
Project("{8BC9CEB8-8B4A-11D0-8D11-00A0C91BC942}") = "Dll - zlib", "..\..\zlib\1.2.5\projects\Win\zlib-VS9.vcproj", "{F6F7F94F-F563-4203-80B4-BF7CF3242B27}"
EndProject
Project("{8BC9CEB8-8B4A-11D0-8D11-00A0C91BC942}") = "Dll - libzip", "..\..\libzip\0.10\Projects\Win32\libzip\libzip-VS9.vcproj", "{E659D953-66EC-4DF5-9057-D1D22FA8F190}"
	ProjectSection(ProjectDependencies) = postProject
		{F6F7F94F-F563-4203-80B4-BF7CF3242B27} = {F6F7F94F-F563-4203-80B4-BF7CF3242B27}
	EndProjectSection
EndProject
Project("{8BC9CEB8-8B4A-11D0-8D11-00A0C91BC942}") = "Dll - ICU", "..\..\icu\4.8\projets\Win\icu-VS9.vcproj", "{CE2F6AB7-0D2D-4CC2-B91C-45544901254F}"
EndProject
Project("{8BC9CEB8-8B4A-11D0-8D11-00A0C91BC942}") = "Component - LanguageSyntax", "..\..\Components\Main\Language Syntax\Projects\Visual\LanguageSyntax-VS9.vcproj", "{E9385EE8-B15A-43AF-9FB7-DB0BD5C3FBC2}"
	ProjectSection(ProjectDependencies) = postProject
		{86C7E508-5E7C-4AD5-BDD4-893D9C95876D} = {86C7E508-5E7C-4AD5-BDD4-893D9C95876D}
		{B0378F32-5D26-4221-A3B5-D6F1ADCA06D4} = {B0378F32-5D26-4221-A3B5-D6F1ADCA06D4}
		{3B6F655C-F3EB-4330-9FEA-657AF963969E} = {3B6F655C-F3EB-4330-9FEA-657AF963969E}
		{AA8A5A85-592B-4357-BC60-E0E91E026AF6} = {AA8A5A85-592B-4357-BC60-E0E91E026AF6}
		{7B41A191-CD46-43CF-B33E-90211FC865AD} = {7B41A191-CD46-43CF-B33E-90211FC865AD}
		{CE2F6AB7-0D2D-4CC2-B91C-45544901254F} = {CE2F6AB7-0D2D-4CC2-B91C-45544901254F}
		{6E9F29C6-2757-45FB-B9A4-AA30F5E852F4} = {6E9F29C6-2757-45FB-B9A4-AA30F5E852F4}
		{011D10F1-B656-4A1B-A0C3-3842F02122C5} = {011D10F1-B656-4A1B-A0C3-3842F02122C5}
	EndProjectSection
EndProject
Project("{8BC9CEB8-8B4A-11D0-8D11-00A0C91BC942}") = "Dll - Xerces", "..\..\xerces\3.0.1\xerces\projects\Win32\VC9\xerces-all\XercesLib\XercesLib 3.0.1-VS9.vcproj", "{152CE948-F659-4206-A50A-1D2B9658EF96}"
EndProject
Project("{8BC9CEB8-8B4A-11D0-8D11-00A0C91BC942}") = "Component - HTTPServer", "..\..\Components\Main\HTTPServer\Projects\Win\HTTPServer-VS9.vcproj", "{1D16FBE6-9C83-445F-BAE4-3A8E3C0C2778}"
	ProjectSection(ProjectDependencies) = postProject
		{86C7E508-5E7C-4AD5-BDD4-893D9C95876D} = {86C7E508-5E7C-4AD5-BDD4-893D9C95876D}
		{3B6F655C-F3EB-4330-9FEA-657AF963969E} = {3B6F655C-F3EB-4330-9FEA-657AF963969E}
		{AA8A5A85-592B-4357-BC60-E0E91E026AF6} = {AA8A5A85-592B-4357-BC60-E0E91E026AF6}
		{7B41A191-CD46-43CF-B33E-90211FC865AD} = {7B41A191-CD46-43CF-B33E-90211FC865AD}
		{6E9F29C6-2757-45FB-B9A4-AA30F5E852F4} = {6E9F29C6-2757-45FB-B9A4-AA30F5E852F4}
		{745B73EB-6200-44C0-8552-AC602A9B0EED} = {745B73EB-6200-44C0-8552-AC602A9B0EED}
		{011D10F1-B656-4A1B-A0C3-3842F02122C5} = {011D10F1-B656-4A1B-A0C3-3842F02122C5}
	EndProjectSection
EndProject
Project("{8BC9CEB8-8B4A-11D0-8D11-00A0C91BC942}") = "App - RIA Server", "Server\Projet\Visual\RIA Server-VS9.vcproj", "{FC628201-B63F-40C5-A767-38CE5C958721}"
	ProjectSection(ProjectDependencies) = postProject
		{86C7E508-5E7C-4AD5-BDD4-893D9C95876D} = {86C7E508-5E7C-4AD5-BDD4-893D9C95876D}
		{B0378F32-5D26-4221-A3B5-D6F1ADCA06D4} = {B0378F32-5D26-4221-A3B5-D6F1ADCA06D4}
		{152CE948-F659-4206-A50A-1D2B9658EF96} = {152CE948-F659-4206-A50A-1D2B9658EF96}
		{3B6F655C-F3EB-4330-9FEA-657AF963969E} = {3B6F655C-F3EB-4330-9FEA-657AF963969E}
		{C5B99565-524C-4D34-B6EA-4FEE9BD64266} = {C5B99565-524C-4D34-B6EA-4FEE9BD64266}
		{DB837075-3CF7-429C-995E-B39E3087E37B} = {DB837075-3CF7-429C-995E-B39E3087E37B}
		{AA8A5A85-592B-4357-BC60-E0E91E026AF6} = {AA8A5A85-592B-4357-BC60-E0E91E026AF6}
		{EB3D718E-58C2-46FA-9A3F-86E3DC0B9E04} = {EB3D718E-58C2-46FA-9A3F-86E3DC0B9E04}
		{7B41A191-CD46-43CF-B33E-90211FC865AD} = {7B41A191-CD46-43CF-B33E-90211FC865AD}
		{CE2F6AB7-0D2D-4CC2-B91C-45544901254F} = {CE2F6AB7-0D2D-4CC2-B91C-45544901254F}
		{6E9F29C6-2757-45FB-B9A4-AA30F5E852F4} = {6E9F29C6-2757-45FB-B9A4-AA30F5E852F4}
		{6CDD04E4-1FD4-4208-B5D6-5C39A716BD56} = {6CDD04E4-1FD4-4208-B5D6-5C39A716BD56}
		{1D16FBE6-9C83-445F-BAE4-3A8E3C0C2778} = {1D16FBE6-9C83-445F-BAE4-3A8E3C0C2778}
		{E9385EE8-B15A-43AF-9FB7-DB0BD5C3FBC2} = {E9385EE8-B15A-43AF-9FB7-DB0BD5C3FBC2}
		{745B73EB-6200-44C0-8552-AC602A9B0EED} = {745B73EB-6200-44C0-8552-AC602A9B0EED}
		{011D10F1-B656-4A1B-A0C3-3842F02122C5} = {011D10F1-B656-4A1B-A0C3-3842F02122C5}
	EndProjectSection
EndProject
Project("{8BC9CEB8-8B4A-11D0-8D11-00A0C91BC942}") = "Dll - XToolbox FP - JavaScript", "..\..\XToolbox\Main\JavaScript\Projects\Visual\JavaScript-VS9.vcproj", "{6E9F29C6-2757-45FB-B9A4-AA30F5E852F4}"
	ProjectSection(ProjectDependencies) = postProject
		{86C7E508-5E7C-4AD5-BDD4-893D9C95876D} = {86C7E508-5E7C-4AD5-BDD4-893D9C95876D}
		{B0378F32-5D26-4221-A3B5-D6F1ADCA06D4} = {B0378F32-5D26-4221-A3B5-D6F1ADCA06D4}
		{3B6F655C-F3EB-4330-9FEA-657AF963969E} = {3B6F655C-F3EB-4330-9FEA-657AF963969E}
		{DB837075-3CF7-429C-995E-B39E3087E37B} = {DB837075-3CF7-429C-995E-B39E3087E37B}
		{AA8A5A85-592B-4357-BC60-E0E91E026AF6} = {AA8A5A85-592B-4357-BC60-E0E91E026AF6}
		{7B41A191-CD46-43CF-B33E-90211FC865AD} = {7B41A191-CD46-43CF-B33E-90211FC865AD}
		{87EE9DA4-DE1E-4448-8324-183C98DCA588} = {87EE9DA4-DE1E-4448-8324-183C98DCA588}
		{745B73EB-6200-44C0-8552-AC602A9B0EED} = {745B73EB-6200-44C0-8552-AC602A9B0EED}
		{011D10F1-B656-4A1B-A0C3-3842F02122C5} = {011D10F1-B656-4A1B-A0C3-3842F02122C5}
	EndProjectSection
EndProject
Project("{8BC9CEB8-8B4A-11D0-8D11-00A0C91BC942}") = "Component - UsersAndGroups", "..\..\Components\Main\UsersAndGroups\projects\win\UsersAndGroups.vcproj", "{A8671F78-018E-4EC3-99A4-DF048A96905A}"
	ProjectSection(ProjectDependencies) = postProject
		{86C7E508-5E7C-4AD5-BDD4-893D9C95876D} = {86C7E508-5E7C-4AD5-BDD4-893D9C95876D}
		{3B6F655C-F3EB-4330-9FEA-657AF963969E} = {3B6F655C-F3EB-4330-9FEA-657AF963969E}
		{7B41A191-CD46-43CF-B33E-90211FC865AD} = {7B41A191-CD46-43CF-B33E-90211FC865AD}
		{6E9F29C6-2757-45FB-B9A4-AA30F5E852F4} = {6E9F29C6-2757-45FB-B9A4-AA30F5E852F4}
		{011D10F1-B656-4A1B-A0C3-3842F02122C5} = {011D10F1-B656-4A1B-A0C3-3842F02122C5}
	EndProjectSection
EndProject
Project("{8BC9CEB8-8B4A-11D0-8D11-00A0C91BC942}") = "JavaScriptCore", "..\..\webkit\534.53\JavaScriptCore\JavaScriptCore.vcproj\JavaScriptCore\JavaScriptCore.vcproj", "{011D10F1-B656-4A1B-A0C3-3842F02122C5}"
	ProjectSection(ProjectDependencies) = postProject
		{E5E4360E-8DCA-44DB-A4DB-F0171EC35830} = {E5E4360E-8DCA-44DB-A4DB-F0171EC35830}
		{AA8A5A85-592B-4357-BC60-E0E91E026AF6} = {AA8A5A85-592B-4357-BC60-E0E91E026AF6}
		{CE2F6AB7-0D2D-4CC2-B91C-45544901254F} = {CE2F6AB7-0D2D-4CC2-B91C-45544901254F}
	EndProjectSection
EndProject
Project("{8BC9CEB8-8B4A-11D0-8D11-00A0C91BC942}") = "WTF", "..\..\webkit\534.53\JavaScriptCore\JavaScriptCore.vcproj\WTF\WTF.vcproj", "{AA8A5A85-592B-4357-BC60-E0E91E026AF6}"
EndProject
Project("{8BC9CEB8-8B4A-11D0-8D11-00A0C91BC942}") = "Component - Security Manager", "..\..\Components\Main\Security Manager\Projects\Visual\Security Manager-VS9.vcproj", "{EB3D718E-58C2-46FA-9A3F-86E3DC0B9E04}"
	ProjectSection(ProjectDependencies) = postProject
		{3B6F655C-F3EB-4330-9FEA-657AF963969E} = {3B6F655C-F3EB-4330-9FEA-657AF963969E}
		{A8671F78-018E-4EC3-99A4-DF048A96905A} = {A8671F78-018E-4EC3-99A4-DF048A96905A}
		{7B41A191-CD46-43CF-B33E-90211FC865AD} = {7B41A191-CD46-43CF-B33E-90211FC865AD}
	EndProjectSection
EndProject
Project("{8BC9CEB8-8B4A-11D0-8D11-00A0C91BC942}") = "Dll - XToolbox FP - JSDebugger", "..\..\XToolbox\Main\JSDebugger\Projects\Visual\JSDebugger.vcproj", "{DB837075-3CF7-429C-995E-B39E3087E37B}"
	ProjectSection(ProjectDependencies) = postProject
		{3B6F655C-F3EB-4330-9FEA-657AF963969E} = {3B6F655C-F3EB-4330-9FEA-657AF963969E}
		{7B41A191-CD46-43CF-B33E-90211FC865AD} = {7B41A191-CD46-43CF-B33E-90211FC865AD}
		{745B73EB-6200-44C0-8552-AC602A9B0EED} = {745B73EB-6200-44C0-8552-AC602A9B0EED}
	EndProjectSection
EndProject
Project("{8BC9CEB8-8B4A-11D0-8D11-00A0C91BC942}") = "Dll - Curl", "..\..\curl\7.19.7\lib\libcurl-VS9.vcproj", "{87EE9DA4-DE1E-4448-8324-183C98DCA588}"
	ProjectSection(ProjectDependencies) = postProject
		{6CDD04E4-1FD4-4208-B5D6-5C39A716BD56} = {6CDD04E4-1FD4-4208-B5D6-5C39A716BD56}
	EndProjectSection
EndProject
Project("{8BC9CEB8-8B4A-11D0-8D11-00A0C91BC942}") = "Dll - pthread", "..\..\pthreads\2.8.0\pthread-vs9.vcproj", "{E5E4360E-8DCA-44DB-A4DB-F0171EC35830}"
EndProject
Global
	GlobalSection(SourceCodeControl) = preSolution
		SccNumberOfProjects = 22
		SccProjectName0 = \u0022//depot/4eDimension/main\u0022
		SccLocalPath0 = .
		SccProvider0 = MSSCCI:Perforce\u0020SCM
		CanCheckoutShared = true
		SccProjectUniqueName1 = ..\\..\\Components\\Main\\DB4D\\projects\\win\\DB4D-VS9.vcproj
		SccProjectTopLevelParentUniqueName1 = Wakanda\u0020Main.sln
		SccProjectName1 = \u0022//depot/Components/Main/DB4D\u0022
		SccLocalPath1 = ..\\..\\Components\\Main\\DB4D
		CanCheckoutShared = true
		SccProjectFilePathRelativizedFromConnection1 = projects\\win\\
		SccProjectUniqueName2 = ..\\..\\XToolbox\\Main\\Kernel\\Projects\\Visual\\Kernel-VS9.vcproj
		SccProjectTopLevelParentUniqueName2 = Wakanda\u0020Main.sln
		SccProjectName2 = \u0022//depot/XToolbox/Main\u0022
		SccLocalPath2 = ..\\..\\XToolbox\\Main
		CanCheckoutShared = true
		SccProjectFilePathRelativizedFromConnection2 = Kernel\\Projects\\Visual\\
		SccProjectUniqueName3 = ..\\..\\XToolbox\\Main\\KernelIPC\\Projects\\Visual\\KernelIPC-VS9.vcproj
		SccProjectTopLevelParentUniqueName3 = Wakanda\u0020Main.sln
		SccProjectName3 = \u0022//depot/XToolbox/Main\u0022
		SccLocalPath3 = ..\\..\\XToolbox\\Main
		CanCheckoutShared = true
		SccProjectFilePathRelativizedFromConnection3 = KernelIPC\\Projects\\Visual\\
		SccProjectUniqueName4 = ..\\..\\XToolbox\\Main\\Graphics\\Projects\\Visual\\Graphics-VS9.vcproj
		SccProjectTopLevelParentUniqueName4 = Wakanda\u0020Main.sln
		SccProjectName4 = \u0022//depot/XToolbox/Main\u0022
		SccLocalPath4 = ..\\..\\XToolbox\\Main
		CanCheckoutShared = true
		SccProjectFilePathRelativizedFromConnection4 = Graphics\\Projects\\Visual\\
		SccProjectUniqueName5 = ..\\..\\XToolbox\\Main\\XML\\Projects\\Visual\\XML-VS9.vcproj
		SccProjectTopLevelParentUniqueName5 = Wakanda\u0020Main.sln
		SccProjectName5 = \u0022//depot/XToolbox/Main/XML\u0022
		SccLocalPath5 = ..\\..\\XToolbox\\Main\\XML
		CanCheckoutShared = true
		SccProjectFilePathRelativizedFromConnection5 = Projects\\Visual\\
		SccProjectUniqueName6 = ..\\..\\XToolbox\\Main\\ServerNet\\Projects\\Visual\\ServerNet-VS9.vcproj
		SccProjectTopLevelParentUniqueName6 = Wakanda\u0020Main.sln
		SccProjectName6 = Perforce\u0020Project
		SccLocalPath6 = ..\\..\\XToolbox\\Main\\ServerNet
		CanCheckoutShared = true
		SccProjectFilePathRelativizedFromConnection6 = Projects\\Visual\\
		SccProjectUniqueName7 = ..\\..\\openssl\\1.0.0d\\Projects\\Visual\\OpenSLL-VS9.vcproj
		SccProjectTopLevelParentUniqueName7 = Wakanda\u0020Main.sln
		SccProjectName7 = OpenSLL
		SccLocalPath7 = ..\\..\\openssl
		CanCheckoutShared = true
		SccProjectFilePathRelativizedFromConnection7 = 1.0.0d\\Projects\\Visual\\
		SccProjectUniqueName8 = ..\\..\\Components\\Main\\Zip\\Projects\\win\\Zip-VS9.vcproj
		SccProjectTopLevelParentUniqueName8 = Wakanda\u0020Main.sln
		SccProjectName8 = \u0022//depot/Components/Main/SQL\u0022
		SccLocalPath8 = ..\\..\\Components\\Main\\Zip
		CanCheckoutShared = true
		SccProjectFilePathRelativizedFromConnection8 = Projects\\win\\
		SccProjectUniqueName9 = ..\\..\\libzip\\0.10\\Projects\\Win32\\libzip\\libzip-VS9.vcproj
		SccProjectTopLevelParentUniqueName9 = Wakanda\u0020Main.sln
		SccProjectName9 = Perforce\u0020Project
		SccLocalPath9 = ..\\..\\libzip\\0.10
		CanCheckoutShared = true
		SccProjectFilePathRelativizedFromConnection9 = Projects\\Win32\\libzip\\
		SccProjectUniqueName10 = ..\\..\\Components\\Main\\Language\u0020Syntax\\Projects\\Visual\\LanguageSyntax-VS9.vcproj
		SccProjectTopLevelParentUniqueName10 = Wakanda\u0020Main.sln
		SccProjectName10 = \u0022//depot/Components/Main/Language\u0020Syntax\u0022
		SccLocalPath10 = ..\\..\\Components\\Main\\Language\u0020Syntax
		CanCheckoutShared = true
		SccProjectFilePathRelativizedFromConnection10 = Projects\\Visual\\
		SccProjectUniqueName11 = ..\\..\\xerces\\3.0.1\\xerces\\projects\\Win32\\VC9\\xerces-all\\XercesLib\\XercesLib\u00203.0.1-VS9.vcproj
		SccProjectTopLevelParentUniqueName11 = Wakanda\u0020Main.sln
		SccProjectName11 = \u0022//depot/xerces/3.0.1\u0022
		SccLocalPath11 = ..\\..\\xerces\\3.0.1\\xerces\\projects
		CanCheckoutShared = true
		SccProjectFilePathRelativizedFromConnection11 = Win32\\VC9\\xerces-all\\XercesLib\\
		SccProjectUniqueName12 = ..\\..\\Components\\Main\\HTTPServer\\Projects\\Win\\HTTPServer-VS9.vcproj
		SccProjectTopLevelParentUniqueName12 = Wakanda\u0020Main.sln
		SccProjectName12 = \u0022//depot/Components/Main/HTTPServer\u0022
		SccLocalPath12 = ..\\..\\Components\\Main\\HTTPServer
		CanCheckoutShared = true
		SccProjectFilePathRelativizedFromConnection12 = Projects\\Win\\
		SccProjectUniqueName13 = ..\\..\\icu\\4.8\\projets\\Win\\icu-VS9.vcproj
		SccProjectTopLevelParentUniqueName13 = Wakanda\u0020Main.sln
		SccProjectName13 = Perforce\u0020Project
		SccLocalPath13 = ..\\..\\icu\\4.8
		CanCheckoutShared = true
		SccProjectFilePathRelativizedFromConnection13 = projets\\Win\\
		SccProjectUniqueName14 = ..\\..\\XToolbox\\Main\\JavaScript\\Projects\\Visual\\JavaScript-VS9.vcproj
		SccProjectTopLevelParentUniqueName14 = Wakanda\u0020Main.sln
		SccProjectName14 = \u0022//depot/XToolbox/Main/JavaScript\u0022
		SccLocalPath14 = ..\\..\\XToolbox\\Main\\JavaScript
		CanCheckoutShared = true
		SccProjectFilePathRelativizedFromConnection14 = Projects\\Visual\\
		SccProjectUniqueName15 = ..\\..\\Components\\Main\\UsersAndGroups\\projects\\win\\UsersAndGroups.vcproj
		SccProjectTopLevelParentUniqueName15 = Wakanda\u0020Main.sln
		SccProjectName15 = \u0022//depot/Components/Main/UsersAndGroups\u0022
		SccLocalPath15 = ..\\..\\Components\\Main\\UsersAndGroups
		CanCheckoutShared = true
		SccProjectFilePathRelativizedFromConnection15 = projects\\win\\
		SccProjectUniqueName16 = ..\\..\\Components\\Main\\Security\u0020Manager\\Projects\\Visual\\Security\u0020Manager-VS9.vcproj
		SccProjectTopLevelParentUniqueName16 = Wakanda\u0020Main.sln
		SccProjectName16 = Perforce\u0020Project
		SccLocalPath16 = ..\\..\\Components\\Main\\Security\u0020Manager
		CanCheckoutShared = true
		SccProjectFilePathRelativizedFromConnection16 = Projects\\Visual\\
		SccProjectUniqueName17 = ..\\..\\XToolbox\\Main\\JSDebugger\\Projects\\Visual\\JSDebugger.vcproj
		SccProjectTopLevelParentUniqueName17 = Wakanda\u0020Main.sln
		SccProjectName17 = Perforce\u0020Project
		SccLocalPath17 = ..\\..\\XToolbox\\Main\\JSDebugger
		CanCheckoutShared = true
		SccProjectFilePathRelativizedFromConnection17 = Projects\\Visual\\
		SccProjectUniqueName18 = ..\\..\\curl\\7.19.7\\lib\\libcurl-VS9.vcproj
		SccProjectTopLevelParentUniqueName18 = Wakanda\u0020Main.sln
		SccProjectName18 = \u0022//depot/curl/7.19.7\u0022
		SccLocalPath18 = ..\\..\\curl
		CanCheckoutShared = true
		SccProjectFilePathRelativizedFromConnection18 = 7.19.7\\lib\\
		SccProjectUniqueName19 = ..\\..\\pthreads\\2.8.0\\pthread-vs9.vcproj
		SccProjectTopLevelParentUniqueName19 = Wakanda\u0020Main.sln
		SccProjectName19 = Perforce\u0020Project
		SccLocalPath19 = ..\\..\\pthreads\\2.8.0
		CanCheckoutShared = true
		SccProjectUniqueName20 = ..\\..\\zlib\\1.2.5\\projects\\Win\\zlib-VS9.vcproj
		SccProjectTopLevelParentUniqueName20 = Wakanda\u0020Main.sln
		SccProjectName20 = Perforce\u0020Project
		SccLocalPath20 = ..\\..\\zlib\\1.2.5
		CanCheckoutShared = true
		SccProjectFilePathRelativizedFromConnection20 = projects\\Win\\
		SccProjectUniqueName21 = Server\\Projet\\Visual\\RIA\u0020Server-VS9.vcproj
		SccLocalPath21 = .
		CanCheckoutShared = true
		SccProjectFilePathRelativizedFromConnection21 = Server\\Projet\\Visual\\
	EndGlobalSection
	GlobalSection(SolutionConfigurationPlatforms) = preSolution
		App - RIA Server Beta|Win32 = App - RIA Server Beta|Win32
		App - RIA Server Beta|x64 = App - RIA Server Beta|x64
		App - RIA Server Debug|Win32 = App - RIA Server Debug|Win32
		App - RIA Server Debug|x64 = App - RIA Server Debug|x64
		App - RIA Server Release|Win32 = App - RIA Server Release|Win32
		App - RIA Server Release|x64 = App - RIA Server Release|x64
	EndGlobalSection
	GlobalSection(ProjectConfigurationPlatforms) = postSolution
		{C5B99565-524C-4D34-B6EA-4FEE9BD64266}.App - RIA Server Beta|Win32.ActiveCfg = Beta|Win32
		{C5B99565-524C-4D34-B6EA-4FEE9BD64266}.App - RIA Server Beta|Win32.Build.0 = Beta|Win32
		{C5B99565-524C-4D34-B6EA-4FEE9BD64266}.App - RIA Server Beta|x64.ActiveCfg = Beta|x64
		{C5B99565-524C-4D34-B6EA-4FEE9BD64266}.App - RIA Server Beta|x64.Build.0 = Beta|x64
		{C5B99565-524C-4D34-B6EA-4FEE9BD64266}.App - RIA Server Debug|Win32.ActiveCfg = Debug|Win32
		{C5B99565-524C-4D34-B6EA-4FEE9BD64266}.App - RIA Server Debug|Win32.Build.0 = Debug|Win32
		{C5B99565-524C-4D34-B6EA-4FEE9BD64266}.App - RIA Server Debug|x64.ActiveCfg = Debug|x64
		{C5B99565-524C-4D34-B6EA-4FEE9BD64266}.App - RIA Server Debug|x64.Build.0 = Debug|x64
		{C5B99565-524C-4D34-B6EA-4FEE9BD64266}.App - RIA Server Release|Win32.ActiveCfg = Release|Win32
		{C5B99565-524C-4D34-B6EA-4FEE9BD64266}.App - RIA Server Release|Win32.Build.0 = Release|Win32
		{C5B99565-524C-4D34-B6EA-4FEE9BD64266}.App - RIA Server Release|x64.ActiveCfg = Release|x64
		{C5B99565-524C-4D34-B6EA-4FEE9BD64266}.App - RIA Server Release|x64.Build.0 = Release|x64
		{7B41A191-CD46-43CF-B33E-90211FC865AD}.App - RIA Server Beta|Win32.ActiveCfg = Beta|Win32
		{7B41A191-CD46-43CF-B33E-90211FC865AD}.App - RIA Server Beta|Win32.Build.0 = Beta|Win32
		{7B41A191-CD46-43CF-B33E-90211FC865AD}.App - RIA Server Beta|x64.ActiveCfg = Beta|x64
		{7B41A191-CD46-43CF-B33E-90211FC865AD}.App - RIA Server Beta|x64.Build.0 = Beta|x64
		{7B41A191-CD46-43CF-B33E-90211FC865AD}.App - RIA Server Debug|Win32.ActiveCfg = Debug|Win32
		{7B41A191-CD46-43CF-B33E-90211FC865AD}.App - RIA Server Debug|Win32.Build.0 = Debug|Win32
		{7B41A191-CD46-43CF-B33E-90211FC865AD}.App - RIA Server Debug|x64.ActiveCfg = Debug|x64
		{7B41A191-CD46-43CF-B33E-90211FC865AD}.App - RIA Server Debug|x64.Build.0 = Debug|x64
		{7B41A191-CD46-43CF-B33E-90211FC865AD}.App - RIA Server Release|Win32.ActiveCfg = Release|Win32
		{7B41A191-CD46-43CF-B33E-90211FC865AD}.App - RIA Server Release|Win32.Build.0 = Release|Win32
		{7B41A191-CD46-43CF-B33E-90211FC865AD}.App - RIA Server Release|x64.ActiveCfg = Release|x64
		{7B41A191-CD46-43CF-B33E-90211FC865AD}.App - RIA Server Release|x64.Build.0 = Release|x64
		{3B6F655C-F3EB-4330-9FEA-657AF963969E}.App - RIA Server Beta|Win32.ActiveCfg = Beta|Win32
		{3B6F655C-F3EB-4330-9FEA-657AF963969E}.App - RIA Server Beta|Win32.Build.0 = Beta|Win32
		{3B6F655C-F3EB-4330-9FEA-657AF963969E}.App - RIA Server Beta|x64.ActiveCfg = Beta|x64
		{3B6F655C-F3EB-4330-9FEA-657AF963969E}.App - RIA Server Beta|x64.Build.0 = Beta|x64
		{3B6F655C-F3EB-4330-9FEA-657AF963969E}.App - RIA Server Debug|Win32.ActiveCfg = Debug|Win32
		{3B6F655C-F3EB-4330-9FEA-657AF963969E}.App - RIA Server Debug|Win32.Build.0 = Debug|Win32
		{3B6F655C-F3EB-4330-9FEA-657AF963969E}.App - RIA Server Debug|x64.ActiveCfg = Debug|x64
		{3B6F655C-F3EB-4330-9FEA-657AF963969E}.App - RIA Server Debug|x64.Build.0 = Debug|x64
		{3B6F655C-F3EB-4330-9FEA-657AF963969E}.App - RIA Server Release|Win32.ActiveCfg = Release|Win32
		{3B6F655C-F3EB-4330-9FEA-657AF963969E}.App - RIA Server Release|Win32.Build.0 = Release|Win32
		{3B6F655C-F3EB-4330-9FEA-657AF963969E}.App - RIA Server Release|x64.ActiveCfg = Release|x64
		{3B6F655C-F3EB-4330-9FEA-657AF963969E}.App - RIA Server Release|x64.Build.0 = Release|x64
		{B0378F32-5D26-4221-A3B5-D6F1ADCA06D4}.App - RIA Server Beta|Win32.ActiveCfg = Beta|Win32
		{B0378F32-5D26-4221-A3B5-D6F1ADCA06D4}.App - RIA Server Beta|Win32.Build.0 = Beta|Win32
		{B0378F32-5D26-4221-A3B5-D6F1ADCA06D4}.App - RIA Server Beta|x64.ActiveCfg = Beta|x64
		{B0378F32-5D26-4221-A3B5-D6F1ADCA06D4}.App - RIA Server Beta|x64.Build.0 = Beta|x64
		{B0378F32-5D26-4221-A3B5-D6F1ADCA06D4}.App - RIA Server Debug|Win32.ActiveCfg = Debug|Win32
		{B0378F32-5D26-4221-A3B5-D6F1ADCA06D4}.App - RIA Server Debug|Win32.Build.0 = Debug|Win32
		{B0378F32-5D26-4221-A3B5-D6F1ADCA06D4}.App - RIA Server Debug|x64.ActiveCfg = Debug|x64
		{B0378F32-5D26-4221-A3B5-D6F1ADCA06D4}.App - RIA Server Debug|x64.Build.0 = Debug|x64
		{B0378F32-5D26-4221-A3B5-D6F1ADCA06D4}.App - RIA Server Release|Win32.ActiveCfg = Release|Win32
		{B0378F32-5D26-4221-A3B5-D6F1ADCA06D4}.App - RIA Server Release|Win32.Build.0 = Release|Win32
		{B0378F32-5D26-4221-A3B5-D6F1ADCA06D4}.App - RIA Server Release|x64.ActiveCfg = Release|x64
		{B0378F32-5D26-4221-A3B5-D6F1ADCA06D4}.App - RIA Server Release|x64.Build.0 = Release|x64
		{86C7E508-5E7C-4AD5-BDD4-893D9C95876D}.App - RIA Server Beta|Win32.ActiveCfg = Beta|Win32
		{86C7E508-5E7C-4AD5-BDD4-893D9C95876D}.App - RIA Server Beta|Win32.Build.0 = Beta|Win32
		{86C7E508-5E7C-4AD5-BDD4-893D9C95876D}.App - RIA Server Beta|x64.ActiveCfg = Beta|x64
		{86C7E508-5E7C-4AD5-BDD4-893D9C95876D}.App - RIA Server Beta|x64.Build.0 = Beta|x64
		{86C7E508-5E7C-4AD5-BDD4-893D9C95876D}.App - RIA Server Debug|Win32.ActiveCfg = Debug|Win32
		{86C7E508-5E7C-4AD5-BDD4-893D9C95876D}.App - RIA Server Debug|Win32.Build.0 = Debug|Win32
		{86C7E508-5E7C-4AD5-BDD4-893D9C95876D}.App - RIA Server Debug|x64.ActiveCfg = Debug|x64
		{86C7E508-5E7C-4AD5-BDD4-893D9C95876D}.App - RIA Server Debug|x64.Build.0 = Debug|x64
		{86C7E508-5E7C-4AD5-BDD4-893D9C95876D}.App - RIA Server Release|Win32.ActiveCfg = Release|Win32
		{86C7E508-5E7C-4AD5-BDD4-893D9C95876D}.App - RIA Server Release|Win32.Build.0 = Release|Win32
		{86C7E508-5E7C-4AD5-BDD4-893D9C95876D}.App - RIA Server Release|x64.ActiveCfg = Release|x64
		{86C7E508-5E7C-4AD5-BDD4-893D9C95876D}.App - RIA Server Release|x64.Build.0 = Release|x64
		{745B73EB-6200-44C0-8552-AC602A9B0EED}.App - RIA Server Beta|Win32.ActiveCfg = Beta|Win32
		{745B73EB-6200-44C0-8552-AC602A9B0EED}.App - RIA Server Beta|Win32.Build.0 = Beta|Win32
		{745B73EB-6200-44C0-8552-AC602A9B0EED}.App - RIA Server Beta|x64.ActiveCfg = Beta|x64
		{745B73EB-6200-44C0-8552-AC602A9B0EED}.App - RIA Server Beta|x64.Build.0 = Beta|x64
		{745B73EB-6200-44C0-8552-AC602A9B0EED}.App - RIA Server Debug|Win32.ActiveCfg = Debug|Win32
		{745B73EB-6200-44C0-8552-AC602A9B0EED}.App - RIA Server Debug|Win32.Build.0 = Debug|Win32
		{745B73EB-6200-44C0-8552-AC602A9B0EED}.App - RIA Server Debug|x64.ActiveCfg = Debug|x64
		{745B73EB-6200-44C0-8552-AC602A9B0EED}.App - RIA Server Debug|x64.Build.0 = Debug|x64
		{745B73EB-6200-44C0-8552-AC602A9B0EED}.App - RIA Server Release|Win32.ActiveCfg = Release|Win32
		{745B73EB-6200-44C0-8552-AC602A9B0EED}.App - RIA Server Release|Win32.Build.0 = Release|Win32
		{745B73EB-6200-44C0-8552-AC602A9B0EED}.App - RIA Server Release|x64.ActiveCfg = Release|x64
		{745B73EB-6200-44C0-8552-AC602A9B0EED}.App - RIA Server Release|x64.Build.0 = Release|x64
		{6CDD04E4-1FD4-4208-B5D6-5C39A716BD56}.App - RIA Server Beta|Win32.ActiveCfg = Release|Win32
		{6CDD04E4-1FD4-4208-B5D6-5C39A716BD56}.App - RIA Server Beta|Win32.Build.0 = Release|Win32
		{6CDD04E4-1FD4-4208-B5D6-5C39A716BD56}.App - RIA Server Beta|x64.ActiveCfg = Release|x64
		{6CDD04E4-1FD4-4208-B5D6-5C39A716BD56}.App - RIA Server Beta|x64.Build.0 = Release|x64
		{6CDD04E4-1FD4-4208-B5D6-5C39A716BD56}.App - RIA Server Debug|Win32.ActiveCfg = Debug|Win32
		{6CDD04E4-1FD4-4208-B5D6-5C39A716BD56}.App - RIA Server Debug|Win32.Build.0 = Debug|Win32
		{6CDD04E4-1FD4-4208-B5D6-5C39A716BD56}.App - RIA Server Debug|x64.ActiveCfg = Debug|x64
		{6CDD04E4-1FD4-4208-B5D6-5C39A716BD56}.App - RIA Server Debug|x64.Build.0 = Debug|x64
		{6CDD04E4-1FD4-4208-B5D6-5C39A716BD56}.App - RIA Server Release|Win32.ActiveCfg = Release|Win32
		{6CDD04E4-1FD4-4208-B5D6-5C39A716BD56}.App - RIA Server Release|Win32.Build.0 = Release|Win32
		{6CDD04E4-1FD4-4208-B5D6-5C39A716BD56}.App - RIA Server Release|x64.ActiveCfg = Release|x64
		{6CDD04E4-1FD4-4208-B5D6-5C39A716BD56}.App - RIA Server Release|x64.Build.0 = Release|x64
		{CE5F2E11-A681-4FBA-B933-CCC1CB2110E2}.App - RIA Server Beta|Win32.ActiveCfg = Beta|Win32
		{CE5F2E11-A681-4FBA-B933-CCC1CB2110E2}.App - RIA Server Beta|Win32.Build.0 = Beta|Win32
		{CE5F2E11-A681-4FBA-B933-CCC1CB2110E2}.App - RIA Server Beta|x64.ActiveCfg = Beta|x64
		{CE5F2E11-A681-4FBA-B933-CCC1CB2110E2}.App - RIA Server Beta|x64.Build.0 = Beta|x64
		{CE5F2E11-A681-4FBA-B933-CCC1CB2110E2}.App - RIA Server Debug|Win32.ActiveCfg = Debug|Win32
		{CE5F2E11-A681-4FBA-B933-CCC1CB2110E2}.App - RIA Server Debug|Win32.Build.0 = Debug|Win32
		{CE5F2E11-A681-4FBA-B933-CCC1CB2110E2}.App - RIA Server Debug|x64.ActiveCfg = Debug|x64
		{CE5F2E11-A681-4FBA-B933-CCC1CB2110E2}.App - RIA Server Debug|x64.Build.0 = Debug|x64
		{CE5F2E11-A681-4FBA-B933-CCC1CB2110E2}.App - RIA Server Release|Win32.ActiveCfg = Release|Win32
		{CE5F2E11-A681-4FBA-B933-CCC1CB2110E2}.App - RIA Server Release|Win32.Build.0 = Release|Win32
		{CE5F2E11-A681-4FBA-B933-CCC1CB2110E2}.App - RIA Server Release|x64.ActiveCfg = Release|x64
		{CE5F2E11-A681-4FBA-B933-CCC1CB2110E2}.App - RIA Server Release|x64.Build.0 = Release|x64
		{F6F7F94F-F563-4203-80B4-BF7CF3242B27}.App - RIA Server Beta|Win32.ActiveCfg = DLL Beta|Win32
		{F6F7F94F-F563-4203-80B4-BF7CF3242B27}.App - RIA Server Beta|Win32.Build.0 = DLL Beta|Win32
		{F6F7F94F-F563-4203-80B4-BF7CF3242B27}.App - RIA Server Beta|x64.ActiveCfg = DLL Beta|x64
		{F6F7F94F-F563-4203-80B4-BF7CF3242B27}.App - RIA Server Beta|x64.Build.0 = DLL Beta|x64
		{F6F7F94F-F563-4203-80B4-BF7CF3242B27}.App - RIA Server Debug|Win32.ActiveCfg = DLL Debug|Win32
		{F6F7F94F-F563-4203-80B4-BF7CF3242B27}.App - RIA Server Debug|Win32.Build.0 = DLL Debug|Win32
		{F6F7F94F-F563-4203-80B4-BF7CF3242B27}.App - RIA Server Debug|x64.ActiveCfg = DLL Debug|x64
		{F6F7F94F-F563-4203-80B4-BF7CF3242B27}.App - RIA Server Debug|x64.Build.0 = DLL Debug|x64
		{F6F7F94F-F563-4203-80B4-BF7CF3242B27}.App - RIA Server Release|Win32.ActiveCfg = DLL Release|Win32
		{F6F7F94F-F563-4203-80B4-BF7CF3242B27}.App - RIA Server Release|Win32.Build.0 = DLL Release|Win32
		{F6F7F94F-F563-4203-80B4-BF7CF3242B27}.App - RIA Server Release|x64.ActiveCfg = DLL Release|x64
		{F6F7F94F-F563-4203-80B4-BF7CF3242B27}.App - RIA Server Release|x64.Build.0 = DLL Release|x64
		{E659D953-66EC-4DF5-9057-D1D22FA8F190}.App - RIA Server Beta|Win32.ActiveCfg = Beta|Win32
		{E659D953-66EC-4DF5-9057-D1D22FA8F190}.App - RIA Server Beta|Win32.Build.0 = Beta|Win32
		{E659D953-66EC-4DF5-9057-D1D22FA8F190}.App - RIA Server Beta|x64.ActiveCfg = Beta|x64
		{E659D953-66EC-4DF5-9057-D1D22FA8F190}.App - RIA Server Beta|x64.Build.0 = Beta|x64
		{E659D953-66EC-4DF5-9057-D1D22FA8F190}.App - RIA Server Debug|Win32.ActiveCfg = Debug|Win32
		{E659D953-66EC-4DF5-9057-D1D22FA8F190}.App - RIA Server Debug|Win32.Build.0 = Debug|Win32
		{E659D953-66EC-4DF5-9057-D1D22FA8F190}.App - RIA Server Debug|x64.ActiveCfg = Debug|x64
		{E659D953-66EC-4DF5-9057-D1D22FA8F190}.App - RIA Server Debug|x64.Build.0 = Debug|x64
		{E659D953-66EC-4DF5-9057-D1D22FA8F190}.App - RIA Server Release|Win32.ActiveCfg = Release|Win32
		{E659D953-66EC-4DF5-9057-D1D22FA8F190}.App - RIA Server Release|Win32.Build.0 = Release|Win32
		{E659D953-66EC-4DF5-9057-D1D22FA8F190}.App - RIA Server Release|x64.ActiveCfg = Release|x64
		{E659D953-66EC-4DF5-9057-D1D22FA8F190}.App - RIA Server Release|x64.Build.0 = Release|x64
		{CE2F6AB7-0D2D-4CC2-B91C-45544901254F}.App - RIA Server Beta|Win32.ActiveCfg = Beta|Win32
		{CE2F6AB7-0D2D-4CC2-B91C-45544901254F}.App - RIA Server Beta|Win32.Build.0 = Beta|Win32
		{CE2F6AB7-0D2D-4CC2-B91C-45544901254F}.App - RIA Server Beta|x64.ActiveCfg = Beta|x64
		{CE2F6AB7-0D2D-4CC2-B91C-45544901254F}.App - RIA Server Beta|x64.Build.0 = Beta|x64
		{CE2F6AB7-0D2D-4CC2-B91C-45544901254F}.App - RIA Server Debug|Win32.ActiveCfg = Debug|Win32
		{CE2F6AB7-0D2D-4CC2-B91C-45544901254F}.App - RIA Server Debug|Win32.Build.0 = Debug|Win32
		{CE2F6AB7-0D2D-4CC2-B91C-45544901254F}.App - RIA Server Debug|x64.ActiveCfg = Debug|x64
		{CE2F6AB7-0D2D-4CC2-B91C-45544901254F}.App - RIA Server Debug|x64.Build.0 = Debug|x64
		{CE2F6AB7-0D2D-4CC2-B91C-45544901254F}.App - RIA Server Release|Win32.ActiveCfg = Release|Win32
		{CE2F6AB7-0D2D-4CC2-B91C-45544901254F}.App - RIA Server Release|Win32.Build.0 = Release|Win32
		{CE2F6AB7-0D2D-4CC2-B91C-45544901254F}.App - RIA Server Release|x64.ActiveCfg = Release|x64
		{CE2F6AB7-0D2D-4CC2-B91C-45544901254F}.App - RIA Server Release|x64.Build.0 = Release|x64
		{E9385EE8-B15A-43AF-9FB7-DB0BD5C3FBC2}.App - RIA Server Beta|Win32.ActiveCfg = Beta|Win32
		{E9385EE8-B15A-43AF-9FB7-DB0BD5C3FBC2}.App - RIA Server Beta|Win32.Build.0 = Beta|Win32
		{E9385EE8-B15A-43AF-9FB7-DB0BD5C3FBC2}.App - RIA Server Beta|x64.ActiveCfg = Beta|x64
		{E9385EE8-B15A-43AF-9FB7-DB0BD5C3FBC2}.App - RIA Server Beta|x64.Build.0 = Beta|x64
		{E9385EE8-B15A-43AF-9FB7-DB0BD5C3FBC2}.App - RIA Server Debug|Win32.ActiveCfg = Debug|Win32
		{E9385EE8-B15A-43AF-9FB7-DB0BD5C3FBC2}.App - RIA Server Debug|Win32.Build.0 = Debug|Win32
		{E9385EE8-B15A-43AF-9FB7-DB0BD5C3FBC2}.App - RIA Server Debug|x64.ActiveCfg = Debug|x64
		{E9385EE8-B15A-43AF-9FB7-DB0BD5C3FBC2}.App - RIA Server Debug|x64.Build.0 = Debug|x64
		{E9385EE8-B15A-43AF-9FB7-DB0BD5C3FBC2}.App - RIA Server Release|Win32.ActiveCfg = Release|Win32
		{E9385EE8-B15A-43AF-9FB7-DB0BD5C3FBC2}.App - RIA Server Release|Win32.Build.0 = Release|Win32
		{E9385EE8-B15A-43AF-9FB7-DB0BD5C3FBC2}.App - RIA Server Release|x64.ActiveCfg = Release|x64
		{E9385EE8-B15A-43AF-9FB7-DB0BD5C3FBC2}.App - RIA Server Release|x64.Build.0 = Release|x64
		{152CE948-F659-4206-A50A-1D2B9658EF96}.App - RIA Server Beta|Win32.ActiveCfg = Beta|Win32
		{152CE948-F659-4206-A50A-1D2B9658EF96}.App - RIA Server Beta|Win32.Build.0 = Beta|Win32
		{152CE948-F659-4206-A50A-1D2B9658EF96}.App - RIA Server Beta|x64.ActiveCfg = Beta|x64
		{152CE948-F659-4206-A50A-1D2B9658EF96}.App - RIA Server Beta|x64.Build.0 = Beta|x64
		{152CE948-F659-4206-A50A-1D2B9658EF96}.App - RIA Server Debug|Win32.ActiveCfg = Debug|Win32
		{152CE948-F659-4206-A50A-1D2B9658EF96}.App - RIA Server Debug|Win32.Build.0 = Debug|Win32
		{152CE948-F659-4206-A50A-1D2B9658EF96}.App - RIA Server Debug|x64.ActiveCfg = Debug|x64
		{152CE948-F659-4206-A50A-1D2B9658EF96}.App - RIA Server Debug|x64.Build.0 = Debug|x64
		{152CE948-F659-4206-A50A-1D2B9658EF96}.App - RIA Server Release|Win32.ActiveCfg = Release|Win32
		{152CE948-F659-4206-A50A-1D2B9658EF96}.App - RIA Server Release|Win32.Build.0 = Release|Win32
		{152CE948-F659-4206-A50A-1D2B9658EF96}.App - RIA Server Release|x64.ActiveCfg = Release|x64
		{152CE948-F659-4206-A50A-1D2B9658EF96}.App - RIA Server Release|x64.Build.0 = Release|x64
		{1D16FBE6-9C83-445F-BAE4-3A8E3C0C2778}.App - RIA Server Beta|Win32.ActiveCfg = Beta|Win32
		{1D16FBE6-9C83-445F-BAE4-3A8E3C0C2778}.App - RIA Server Beta|Win32.Build.0 = Beta|Win32
		{1D16FBE6-9C83-445F-BAE4-3A8E3C0C2778}.App - RIA Server Beta|x64.ActiveCfg = Beta|x64
		{1D16FBE6-9C83-445F-BAE4-3A8E3C0C2778}.App - RIA Server Beta|x64.Build.0 = Beta|x64
		{1D16FBE6-9C83-445F-BAE4-3A8E3C0C2778}.App - RIA Server Debug|Win32.ActiveCfg = Debug|Win32
		{1D16FBE6-9C83-445F-BAE4-3A8E3C0C2778}.App - RIA Server Debug|Win32.Build.0 = Debug|Win32
		{1D16FBE6-9C83-445F-BAE4-3A8E3C0C2778}.App - RIA Server Debug|x64.ActiveCfg = Debug|x64
		{1D16FBE6-9C83-445F-BAE4-3A8E3C0C2778}.App - RIA Server Debug|x64.Build.0 = Debug|x64
		{1D16FBE6-9C83-445F-BAE4-3A8E3C0C2778}.App - RIA Server Release|Win32.ActiveCfg = Release|Win32
		{1D16FBE6-9C83-445F-BAE4-3A8E3C0C2778}.App - RIA Server Release|Win32.Build.0 = Release|Win32
		{1D16FBE6-9C83-445F-BAE4-3A8E3C0C2778}.App - RIA Server Release|x64.ActiveCfg = Release|x64
		{1D16FBE6-9C83-445F-BAE4-3A8E3C0C2778}.App - RIA Server Release|x64.Build.0 = Release|x64
		{FC628201-B63F-40C5-A767-38CE5C958721}.App - RIA Server Beta|Win32.ActiveCfg = App - RIA Server Beta|Win32
		{FC628201-B63F-40C5-A767-38CE5C958721}.App - RIA Server Beta|Win32.Build.0 = App - RIA Server Beta|Win32
		{FC628201-B63F-40C5-A767-38CE5C958721}.App - RIA Server Beta|x64.ActiveCfg = App - RIA Server Beta|x64
		{FC628201-B63F-40C5-A767-38CE5C958721}.App - RIA Server Beta|x64.Build.0 = App - RIA Server Beta|x64
		{FC628201-B63F-40C5-A767-38CE5C958721}.App - RIA Server Debug|Win32.ActiveCfg = App - RIA Server Debug|Win32
		{FC628201-B63F-40C5-A767-38CE5C958721}.App - RIA Server Debug|Win32.Build.0 = App - RIA Server Debug|Win32
		{FC628201-B63F-40C5-A767-38CE5C958721}.App - RIA Server Debug|x64.ActiveCfg = App - RIA Server Debug|x64
		{FC628201-B63F-40C5-A767-38CE5C958721}.App - RIA Server Debug|x64.Build.0 = App - RIA Server Debug|x64
		{FC628201-B63F-40C5-A767-38CE5C958721}.App - RIA Server Release|Win32.ActiveCfg = App - RIA Server Release|Win32
		{FC628201-B63F-40C5-A767-38CE5C958721}.App - RIA Server Release|Win32.Build.0 = App - RIA Server Release|Win32
		{FC628201-B63F-40C5-A767-38CE5C958721}.App - RIA Server Release|x64.ActiveCfg = App - RIA Server Release|x64
		{FC628201-B63F-40C5-A767-38CE5C958721}.App - RIA Server Release|x64.Build.0 = App - RIA Server Release|x64
		{6E9F29C6-2757-45FB-B9A4-AA30F5E852F4}.App - RIA Server Beta|Win32.ActiveCfg = Beta|Win32
		{6E9F29C6-2757-45FB-B9A4-AA30F5E852F4}.App - RIA Server Beta|Win32.Build.0 = Beta|Win32
		{6E9F29C6-2757-45FB-B9A4-AA30F5E852F4}.App - RIA Server Beta|x64.ActiveCfg = Beta|x64
		{6E9F29C6-2757-45FB-B9A4-AA30F5E852F4}.App - RIA Server Beta|x64.Build.0 = Beta|x64
		{6E9F29C6-2757-45FB-B9A4-AA30F5E852F4}.App - RIA Server Debug|Win32.ActiveCfg = Debug|Win32
		{6E9F29C6-2757-45FB-B9A4-AA30F5E852F4}.App - RIA Server Debug|Win32.Build.0 = Debug|Win32
		{6E9F29C6-2757-45FB-B9A4-AA30F5E852F4}.App - RIA Server Debug|x64.ActiveCfg = Debug|x64
		{6E9F29C6-2757-45FB-B9A4-AA30F5E852F4}.App - RIA Server Debug|x64.Build.0 = Debug|x64
		{6E9F29C6-2757-45FB-B9A4-AA30F5E852F4}.App - RIA Server Release|Win32.ActiveCfg = Release|Win32
		{6E9F29C6-2757-45FB-B9A4-AA30F5E852F4}.App - RIA Server Release|Win32.Build.0 = Release|Win32
		{6E9F29C6-2757-45FB-B9A4-AA30F5E852F4}.App - RIA Server Release|x64.ActiveCfg = Release|x64
		{6E9F29C6-2757-45FB-B9A4-AA30F5E852F4}.App - RIA Server Release|x64.Build.0 = Release|x64
		{A8671F78-018E-4EC3-99A4-DF048A96905A}.App - RIA Server Beta|Win32.ActiveCfg = Beta|Win32
		{A8671F78-018E-4EC3-99A4-DF048A96905A}.App - RIA Server Beta|Win32.Build.0 = Beta|Win32
		{A8671F78-018E-4EC3-99A4-DF048A96905A}.App - RIA Server Beta|x64.ActiveCfg = Beta|x64
		{A8671F78-018E-4EC3-99A4-DF048A96905A}.App - RIA Server Beta|x64.Build.0 = Beta|x64
		{A8671F78-018E-4EC3-99A4-DF048A96905A}.App - RIA Server Debug|Win32.ActiveCfg = Debug|Win32
		{A8671F78-018E-4EC3-99A4-DF048A96905A}.App - RIA Server Debug|Win32.Build.0 = Debug|Win32
		{A8671F78-018E-4EC3-99A4-DF048A96905A}.App - RIA Server Debug|x64.ActiveCfg = Debug|x64
		{A8671F78-018E-4EC3-99A4-DF048A96905A}.App - RIA Server Debug|x64.Build.0 = Debug|x64
		{A8671F78-018E-4EC3-99A4-DF048A96905A}.App - RIA Server Release|Win32.ActiveCfg = Release|Win32
		{A8671F78-018E-4EC3-99A4-DF048A96905A}.App - RIA Server Release|Win32.Build.0 = Release|Win32
		{A8671F78-018E-4EC3-99A4-DF048A96905A}.App - RIA Server Release|x64.ActiveCfg = Release|x64
		{A8671F78-018E-4EC3-99A4-DF048A96905A}.App - RIA Server Release|x64.Build.0 = Release|x64
		{011D10F1-B656-4A1B-A0C3-3842F02122C5}.App - RIA Server Beta|Win32.ActiveCfg = Beta|Win32
		{011D10F1-B656-4A1B-A0C3-3842F02122C5}.App - RIA Server Beta|Win32.Build.0 = Beta|Win32
		{011D10F1-B656-4A1B-A0C3-3842F02122C5}.App - RIA Server Beta|x64.ActiveCfg = Beta|x64
		{011D10F1-B656-4A1B-A0C3-3842F02122C5}.App - RIA Server Beta|x64.Build.0 = Beta|x64
		{011D10F1-B656-4A1B-A0C3-3842F02122C5}.App - RIA Server Debug|Win32.ActiveCfg = Debug|Win32
		{011D10F1-B656-4A1B-A0C3-3842F02122C5}.App - RIA Server Debug|Win32.Build.0 = Debug|Win32
		{011D10F1-B656-4A1B-A0C3-3842F02122C5}.App - RIA Server Debug|x64.ActiveCfg = Debug|x64
		{011D10F1-B656-4A1B-A0C3-3842F02122C5}.App - RIA Server Debug|x64.Build.0 = Debug|x64
		{011D10F1-B656-4A1B-A0C3-3842F02122C5}.App - RIA Server Release|Win32.ActiveCfg = Release|Win32
		{011D10F1-B656-4A1B-A0C3-3842F02122C5}.App - RIA Server Release|Win32.Build.0 = Release|Win32
		{011D10F1-B656-4A1B-A0C3-3842F02122C5}.App - RIA Server Release|x64.ActiveCfg = Release|x64
		{011D10F1-B656-4A1B-A0C3-3842F02122C5}.App - RIA Server Release|x64.Build.0 = Release|x64
		{AA8A5A85-592B-4357-BC60-E0E91E026AF6}.App - RIA Server Beta|Win32.ActiveCfg = Beta|Win32
		{AA8A5A85-592B-4357-BC60-E0E91E026AF6}.App - RIA Server Beta|Win32.Build.0 = Beta|Win32
		{AA8A5A85-592B-4357-BC60-E0E91E026AF6}.App - RIA Server Beta|x64.ActiveCfg = Beta|x64
		{AA8A5A85-592B-4357-BC60-E0E91E026AF6}.App - RIA Server Beta|x64.Build.0 = Beta|x64
		{AA8A5A85-592B-4357-BC60-E0E91E026AF6}.App - RIA Server Debug|Win32.ActiveCfg = Debug|Win32
		{AA8A5A85-592B-4357-BC60-E0E91E026AF6}.App - RIA Server Debug|Win32.Build.0 = Debug|Win32
		{AA8A5A85-592B-4357-BC60-E0E91E026AF6}.App - RIA Server Debug|x64.ActiveCfg = Debug|x64
		{AA8A5A85-592B-4357-BC60-E0E91E026AF6}.App - RIA Server Debug|x64.Build.0 = Debug|x64
		{AA8A5A85-592B-4357-BC60-E0E91E026AF6}.App - RIA Server Release|Win32.ActiveCfg = Release|Win32
		{AA8A5A85-592B-4357-BC60-E0E91E026AF6}.App - RIA Server Release|Win32.Build.0 = Release|Win32
		{AA8A5A85-592B-4357-BC60-E0E91E026AF6}.App - RIA Server Release|x64.ActiveCfg = Release|x64
		{AA8A5A85-592B-4357-BC60-E0E91E026AF6}.App - RIA Server Release|x64.Build.0 = Release|x64
		{EB3D718E-58C2-46FA-9A3F-86E3DC0B9E04}.App - RIA Server Beta|Win32.ActiveCfg = Beta|Win32
		{EB3D718E-58C2-46FA-9A3F-86E3DC0B9E04}.App - RIA Server Beta|Win32.Build.0 = Beta|Win32
		{EB3D718E-58C2-46FA-9A3F-86E3DC0B9E04}.App - RIA Server Beta|x64.ActiveCfg = Beta|x64
		{EB3D718E-58C2-46FA-9A3F-86E3DC0B9E04}.App - RIA Server Beta|x64.Build.0 = Beta|x64
		{EB3D718E-58C2-46FA-9A3F-86E3DC0B9E04}.App - RIA Server Debug|Win32.ActiveCfg = Debug|Win32
		{EB3D718E-58C2-46FA-9A3F-86E3DC0B9E04}.App - RIA Server Debug|Win32.Build.0 = Debug|Win32
		{EB3D718E-58C2-46FA-9A3F-86E3DC0B9E04}.App - RIA Server Debug|x64.ActiveCfg = Debug|x64
		{EB3D718E-58C2-46FA-9A3F-86E3DC0B9E04}.App - RIA Server Debug|x64.Build.0 = Debug|x64
		{EB3D718E-58C2-46FA-9A3F-86E3DC0B9E04}.App - RIA Server Release|Win32.ActiveCfg = Release|Win32
		{EB3D718E-58C2-46FA-9A3F-86E3DC0B9E04}.App - RIA Server Release|Win32.Build.0 = Release|Win32
		{EB3D718E-58C2-46FA-9A3F-86E3DC0B9E04}.App - RIA Server Release|x64.ActiveCfg = Release|x64
		{EB3D718E-58C2-46FA-9A3F-86E3DC0B9E04}.App - RIA Server Release|x64.Build.0 = Release|x64
		{DB837075-3CF7-429C-995E-B39E3087E37B}.App - RIA Server Beta|Win32.ActiveCfg = Beta|Win32
		{DB837075-3CF7-429C-995E-B39E3087E37B}.App - RIA Server Beta|Win32.Build.0 = Beta|Win32
		{DB837075-3CF7-429C-995E-B39E3087E37B}.App - RIA Server Beta|x64.ActiveCfg = Beta|x64
		{DB837075-3CF7-429C-995E-B39E3087E37B}.App - RIA Server Beta|x64.Build.0 = Beta|x64
		{DB837075-3CF7-429C-995E-B39E3087E37B}.App - RIA Server Debug|Win32.ActiveCfg = Debug|Win32
		{DB837075-3CF7-429C-995E-B39E3087E37B}.App - RIA Server Debug|Win32.Build.0 = Debug|Win32
		{DB837075-3CF7-429C-995E-B39E3087E37B}.App - RIA Server Debug|x64.ActiveCfg = Debug|x64
		{DB837075-3CF7-429C-995E-B39E3087E37B}.App - RIA Server Debug|x64.Build.0 = Debug|x64
		{DB837075-3CF7-429C-995E-B39E3087E37B}.App - RIA Server Release|Win32.ActiveCfg = Release|Win32
		{DB837075-3CF7-429C-995E-B39E3087E37B}.App - RIA Server Release|Win32.Build.0 = Release|Win32
		{DB837075-3CF7-429C-995E-B39E3087E37B}.App - RIA Server Release|x64.ActiveCfg = Release|x64
		{DB837075-3CF7-429C-995E-B39E3087E37B}.App - RIA Server Release|x64.Build.0 = Release|x64
		{87EE9DA4-DE1E-4448-8324-183C98DCA588}.App - RIA Server Beta|Win32.ActiveCfg = DLL Beta|Win32
		{87EE9DA4-DE1E-4448-8324-183C98DCA588}.App - RIA Server Beta|Win32.Build.0 = DLL Beta|Win32
		{87EE9DA4-DE1E-4448-8324-183C98DCA588}.App - RIA Server Beta|x64.ActiveCfg = DLL Beta|x64
		{87EE9DA4-DE1E-4448-8324-183C98DCA588}.App - RIA Server Beta|x64.Build.0 = DLL Beta|x64
		{87EE9DA4-DE1E-4448-8324-183C98DCA588}.App - RIA Server Debug|Win32.ActiveCfg = DLL Debug|Win32
		{87EE9DA4-DE1E-4448-8324-183C98DCA588}.App - RIA Server Debug|Win32.Build.0 = DLL Debug|Win32
		{87EE9DA4-DE1E-4448-8324-183C98DCA588}.App - RIA Server Debug|x64.ActiveCfg = DLL Debug|x64
		{87EE9DA4-DE1E-4448-8324-183C98DCA588}.App - RIA Server Debug|x64.Build.0 = DLL Debug|x64
		{87EE9DA4-DE1E-4448-8324-183C98DCA588}.App - RIA Server Release|Win32.ActiveCfg = DLL Release|Win32
		{87EE9DA4-DE1E-4448-8324-183C98DCA588}.App - RIA Server Release|Win32.Build.0 = DLL Release|Win32
		{87EE9DA4-DE1E-4448-8324-183C98DCA588}.App - RIA Server Release|x64.ActiveCfg = DLL Release|x64
		{87EE9DA4-DE1E-4448-8324-183C98DCA588}.App - RIA Server Release|x64.Build.0 = DLL Release|x64
		{E5E4360E-8DCA-44DB-A4DB-F0171EC35830}.App - RIA Server Beta|Win32.ActiveCfg = Beta|Win32
		{E5E4360E-8DCA-44DB-A4DB-F0171EC35830}.App - RIA Server Beta|Win32.Build.0 = Beta|Win32
		{E5E4360E-8DCA-44DB-A4DB-F0171EC35830}.App - RIA Server Beta|x64.ActiveCfg = Beta|x64
		{E5E4360E-8DCA-44DB-A4DB-F0171EC35830}.App - RIA Server Beta|x64.Build.0 = Beta|x64
		{E5E4360E-8DCA-44DB-A4DB-F0171EC35830}.App - RIA Server Debug|Win32.ActiveCfg = Debug|Win32
		{E5E4360E-8DCA-44DB-A4DB-F0171EC35830}.App - RIA Server Debug|Win32.Build.0 = Debug|Win32
		{E5E4360E-8DCA-44DB-A4DB-F0171EC35830}.App - RIA Server Debug|x64.ActiveCfg = Debug|x64
		{E5E4360E-8DCA-44DB-A4DB-F0171EC35830}.App - RIA Server Debug|x64.Build.0 = Debug|x64
		{E5E4360E-8DCA-44DB-A4DB-F0171EC35830}.App - RIA Server Release|Win32.ActiveCfg = Release|Win32
		{E5E4360E-8DCA-44DB-A4DB-F0171EC35830}.App - RIA Server Release|Win32.Build.0 = Release|Win32
		{E5E4360E-8DCA-44DB-A4DB-F0171EC35830}.App - RIA Server Release|x64.ActiveCfg = Release|x64
		{E5E4360E-8DCA-44DB-A4DB-F0171EC35830}.App - RIA Server Release|x64.Build.0 = Release|x64
	EndGlobalSection
	GlobalSection(SolutionProperties) = preSolution
		HideSolutionNode = FALSE
	EndGlobalSection
	GlobalSection(NestedProjects) = preSolution
		{C5B99565-524C-4D34-B6EA-4FEE9BD64266} = {92177CD4-04CA-4DF1-9F41-CAD4F7B8DD74}
		{CE5F2E11-A681-4FBA-B933-CCC1CB2110E2} = {92177CD4-04CA-4DF1-9F41-CAD4F7B8DD74}
		{E9385EE8-B15A-43AF-9FB7-DB0BD5C3FBC2} = {92177CD4-04CA-4DF1-9F41-CAD4F7B8DD74}
		{1D16FBE6-9C83-445F-BAE4-3A8E3C0C2778} = {92177CD4-04CA-4DF1-9F41-CAD4F7B8DD74}
		{A8671F78-018E-4EC3-99A4-DF048A96905A} = {92177CD4-04CA-4DF1-9F41-CAD4F7B8DD74}
		{EB3D718E-58C2-46FA-9A3F-86E3DC0B9E04} = {92177CD4-04CA-4DF1-9F41-CAD4F7B8DD74}
		{AA8A5A85-592B-4357-BC60-E0E91E026AF6} = {CD8AD8DC-6BDE-45D7-9563-A5F7B9B4DBEE}
		{7B41A191-CD46-43CF-B33E-90211FC865AD} = {C17B0A78-43F5-4649-A2D9-64341806B7CA}
		{3B6F655C-F3EB-4330-9FEA-657AF963969E} = {C17B0A78-43F5-4649-A2D9-64341806B7CA}
		{B0378F32-5D26-4221-A3B5-D6F1ADCA06D4} = {C17B0A78-43F5-4649-A2D9-64341806B7CA}
		{86C7E508-5E7C-4AD5-BDD4-893D9C95876D} = {C17B0A78-43F5-4649-A2D9-64341806B7CA}
		{745B73EB-6200-44C0-8552-AC602A9B0EED} = {C17B0A78-43F5-4649-A2D9-64341806B7CA}
		{6CDD04E4-1FD4-4208-B5D6-5C39A716BD56} = {C17B0A78-43F5-4649-A2D9-64341806B7CA}
		{F6F7F94F-F563-4203-80B4-BF7CF3242B27} = {C17B0A78-43F5-4649-A2D9-64341806B7CA}
		{E659D953-66EC-4DF5-9057-D1D22FA8F190} = {C17B0A78-43F5-4649-A2D9-64341806B7CA}
		{CE2F6AB7-0D2D-4CC2-B91C-45544901254F} = {C17B0A78-43F5-4649-A2D9-64341806B7CA}
		{152CE948-F659-4206-A50A-1D2B9658EF96} = {C17B0A78-43F5-4649-A2D9-64341806B7CA}
		{6E9F29C6-2757-45FB-B9A4-AA30F5E852F4} = {C17B0A78-43F5-4649-A2D9-64341806B7CA}
		{011D10F1-B656-4A1B-A0C3-3842F02122C5} = {C17B0A78-43F5-4649-A2D9-64341806B7CA}
		{DB837075-3CF7-429C-995E-B39E3087E37B} = {C17B0A78-43F5-4649-A2D9-64341806B7CA}
		{87EE9DA4-DE1E-4448-8324-183C98DCA588} = {C17B0A78-43F5-4649-A2D9-64341806B7CA}
		{E5E4360E-8DCA-44DB-A4DB-F0171EC35830} = {C17B0A78-43F5-4649-A2D9-64341806B7CA}
	EndGlobalSection
	GlobalSection(DPCodeReviewSolutionGUID) = preSolution
		DPCodeReviewSolutionGUID = {00000000-0000-0000-0000-000000000000}
	EndGlobalSection
EndGlobal
