Microsoft Visual Studio Solution File, Format Version 12.00
# Visual Studio 2013
VisualStudioVersion = 12.0.30110.0
MinimumVisualStudioVersion = 10.0.40219.1
Project("{2150E333-8FDC-42A3-9474-1A3956D46DE8}") = "Components", "Components", "{92177CD4-04CA-4DF1-9F41-CAD4F7B8DD74}"
EndProject
Project("{2150E333-8FDC-42A3-9474-1A3956D46DE8}") = "Lib", "Lib", "{CD8AD8DC-6BDE-45D7-9563-A5F7B9B4DBEE}"
EndProject
Project("{2150E333-8FDC-42A3-9474-1A3956D46DE8}") = "DLL", "DLL", "{C17B0A78-43F5-4649-A2D9-64341806B7CA}"
EndProject
Project("{8BC9CEB8-8B4A-11D0-8D11-00A0C91BC942}") = "Dll - ASINTPPC", "..\..\4eDimension\WAK9\NewMac2Win\Altura.vcxproj", "{3CBBA76E-59A1-4A07-827D-26C4E686665B}"
EndProject
Project("{8BC9CEB8-8B4A-11D0-8D11-00A0C91BC942}") = "Component - DB4D", "..\..\Components\WAK9\DB4D\projects\win\DB4D.vcxproj", "{C5B99565-524C-4D34-B6EA-4FEE9BD64266}"
EndProject
Project("{8BC9CEB8-8B4A-11D0-8D11-00A0C91BC942}") = "Dll - XToolbox FP - Kernel", "..\..\XToolbox\WAK9\Kernel\Projects\Visual\Kernel.vcxproj", "{7B41A191-CD46-43CF-B33E-90211FC865AD}"
	ProjectSection(ProjectDependencies) = postProject
		{CE2F6AB7-0D2D-4CC2-B91C-45544901254F} = {CE2F6AB7-0D2D-4CC2-B91C-45544901254F}
	EndProjectSection
EndProject
Project("{8BC9CEB8-8B4A-11D0-8D11-00A0C91BC942}") = "Dll - XToolbox FP - Kernel IPC", "..\..\XToolbox\WAK9\KernelIPC\Projects\Visual\KernelIPC.vcxproj", "{3B6F655C-F3EB-4330-9FEA-657AF963969E}"
EndProject
Project("{8BC9CEB8-8B4A-11D0-8D11-00A0C91BC942}") = "Dll - XToolbox FP - Graphics", "..\..\XToolbox\WAK9\Graphics\Projects\Visual\Graphics.vcxproj", "{B0378F32-5D26-4221-A3B5-D6F1ADCA06D4}"
EndProject
Project("{8BC9CEB8-8B4A-11D0-8D11-00A0C91BC942}") = "Dll - XToolbox FP - GUI", "..\..\XToolbox\WAK9\GUI\Projects\Visual\GUI.vcxproj", "{80D7160C-94E2-4991-A633-910677C24D20}"
EndProject
Project("{8BC9CEB8-8B4A-11D0-8D11-00A0C91BC942}") = "Dll - XToolbox FP - XML", "..\..\XToolbox\WAK9\XML\Projects\Visual\XML.vcxproj", "{86C7E508-5E7C-4AD5-BDD4-893D9C95876D}"
EndProject
Project("{8BC9CEB8-8B4A-11D0-8D11-00A0C91BC942}") = "Dll - CPPUnit", "..\..\cppunit\1.11.4\src\cppunit\cppunit_dll.vcxproj", "{DA0D6BC0-FFB0-43D3-9821-052F4B8D1FAC}"
EndProject
Project("{8BC9CEB8-8B4A-11D0-8D11-00A0C91BC942}") = "Dll - XToolbox FP - ServerNet", "..\..\XToolbox\WAK9\ServerNet\Projects\Visual\ServerNet.vcxproj", "{745B73EB-6200-44C0-8552-AC602A9B0EED}"
EndProject
Project("{8BC9CEB8-8B4A-11D0-8D11-00A0C91BC942}") = "Component - Zip", "..\..\Components\WAK9\Zip\Projects\win\Zip.vcxproj", "{CE5F2E11-A681-4FBA-B933-CCC1CB2110E2}"
	ProjectSection(ProjectDependencies) = postProject
		{F6F7F94F-F563-4203-80B4-BF7CF3242B27} = {F6F7F94F-F563-4203-80B4-BF7CF3242B27}
		{E659D953-66EC-4DF5-9057-D1D22FA8F190} = {E659D953-66EC-4DF5-9057-D1D22FA8F190}
		{3B6F655C-F3EB-4330-9FEA-657AF963969E} = {3B6F655C-F3EB-4330-9FEA-657AF963969E}
		{7B41A191-CD46-43CF-B33E-90211FC865AD} = {7B41A191-CD46-43CF-B33E-90211FC865AD}
	EndProjectSection
EndProject
Project("{8BC9CEB8-8B4A-11D0-8D11-00A0C91BC942}") = "Dll - zlib", "..\..\zlib\1.2.5\projects\Win\zlib.vcxproj", "{F6F7F94F-F563-4203-80B4-BF7CF3242B27}"
EndProject
Project("{8BC9CEB8-8B4A-11D0-8D11-00A0C91BC942}") = "Dll - libzip", "..\..\libzip\0.10\Projects\Win32\libzip\libzip.vcxproj", "{E659D953-66EC-4DF5-9057-D1D22FA8F190}"
	ProjectSection(ProjectDependencies) = postProject
		{F6F7F94F-F563-4203-80B4-BF7CF3242B27} = {F6F7F94F-F563-4203-80B4-BF7CF3242B27}
	EndProjectSection
EndProject
Project("{8BC9CEB8-8B4A-11D0-8D11-00A0C91BC942}") = "Dll - ICU", "..\..\icu\4.8\projets\Win\icu.vcxproj", "{CE2F6AB7-0D2D-4CC2-B91C-45544901254F}"
EndProject
Project("{8BC9CEB8-8B4A-11D0-8D11-00A0C91BC942}") = "Component - LanguageSyntax", "..\..\Components\WAK9\Language Syntax\Projects\Visual\LanguageSyntax.vcxproj", "{E9385EE8-B15A-43AF-9FB7-DB0BD5C3FBC2}"
EndProject
Project("{8BC9CEB8-8B4A-11D0-8D11-00A0C91BC942}") = "Dll - Xerces", "..\..\xerces\3.0.1\xerces\projects\Win32\VC9\xerces-all\XercesLib\XercesLib 3.0.1.vcxproj", "{152CE948-F659-4206-A50A-1D2B9658EF96}"
EndProject
Project("{8BC9CEB8-8B4A-11D0-8D11-00A0C91BC942}") = "Component - CodeEditor", "..\..\Components\WAK9\Code Editor\Projects\Visual\Component - CodeEditor.vcxproj", "{084D08C2-90AB-4E65-906F-17AB70CDCFD2}"
EndProject
Project("{8BC9CEB8-8B4A-11D0-8D11-00A0C91BC942}") = "Component - HTTPServer", "..\..\Components\WAK9\HTTPServer\Projects\Win\HTTPServer.vcxproj", "{1D16FBE6-9C83-445F-BAE4-3A8E3C0C2778}"
EndProject
Project("{8BC9CEB8-8B4A-11D0-8D11-00A0C91BC942}") = "App - RIA Server", "Server\Projet\Visual\RIA Server.vcxproj", "{FC628201-B63F-40C5-A767-38CE5C958721}"
	ProjectSection(ProjectDependencies) = postProject
		{86C7E508-5E7C-4AD5-BDD4-893D9C95876D} = {86C7E508-5E7C-4AD5-BDD4-893D9C95876D}
		{CE5F2E11-A681-4FBA-B933-CCC1CB2110E2} = {CE5F2E11-A681-4FBA-B933-CCC1CB2110E2}
		{B0378F32-5D26-4221-A3B5-D6F1ADCA06D4} = {B0378F32-5D26-4221-A3B5-D6F1ADCA06D4}
		{152CE948-F659-4206-A50A-1D2B9658EF96} = {152CE948-F659-4206-A50A-1D2B9658EF96}
		{7106DC59-915A-493A-902C-8A2D14EDEF7E} = {7106DC59-915A-493A-902C-8A2D14EDEF7E}
		{3B6F655C-F3EB-4330-9FEA-657AF963969E} = {3B6F655C-F3EB-4330-9FEA-657AF963969E}
		{C5B99565-524C-4D34-B6EA-4FEE9BD64266} = {C5B99565-524C-4D34-B6EA-4FEE9BD64266}
		{DB837075-3CF7-429C-995E-B39E3087E37B} = {DB837075-3CF7-429C-995E-B39E3087E37B}
		{EB3D718E-58C2-46FA-9A3F-86E3DC0B9E04} = {EB3D718E-58C2-46FA-9A3F-86E3DC0B9E04}
		{7B41A191-CD46-43CF-B33E-90211FC865AD} = {7B41A191-CD46-43CF-B33E-90211FC865AD}
		{2D021893-EAE7-4C09-B4CC-29750B8BAF65} = {2D021893-EAE7-4C09-B4CC-29750B8BAF65}
		{AF04BBA0-6443-4023-85CC-54376B5CD773} = {AF04BBA0-6443-4023-85CC-54376B5CD773}
		{753F2CA4-E56C-4899-A731-460AD2D3CB73} = {753F2CA4-E56C-4899-A731-460AD2D3CB73}
		{CE2F6AB7-0D2D-4CC2-B91C-45544901254F} = {CE2F6AB7-0D2D-4CC2-B91C-45544901254F}
		{6E9F29C6-2757-45FB-B9A4-AA30F5E852F4} = {6E9F29C6-2757-45FB-B9A4-AA30F5E852F4}
		{CBBA3CCD-7A72-44A9-8A0F-05179F1905F0} = {CBBA3CCD-7A72-44A9-8A0F-05179F1905F0}
		{6CDD04E4-1FD4-4208-B5D6-5C39A716BD56} = {6CDD04E4-1FD4-4208-B5D6-5C39A716BD56}
		{1D16FBE6-9C83-445F-BAE4-3A8E3C0C2778} = {1D16FBE6-9C83-445F-BAE4-3A8E3C0C2778}
		{E9385EE8-B15A-43AF-9FB7-DB0BD5C3FBC2} = {E9385EE8-B15A-43AF-9FB7-DB0BD5C3FBC2}
		{745B73EB-6200-44C0-8552-AC602A9B0EED} = {745B73EB-6200-44C0-8552-AC602A9B0EED}
		{CA45B6ED-E20A-4755-9B9E-181677D5AB40} = {CA45B6ED-E20A-4755-9B9E-181677D5AB40}
	EndProjectSection
EndProject
Project("{8BC9CEB8-8B4A-11D0-8D11-00A0C91BC942}") = "Dll - XToolbox FP - JavaScript", "..\..\XToolbox\WAK9\JavaScript\Projects\Visual\JavaScript.vcxproj", "{6E9F29C6-2757-45FB-B9A4-AA30F5E852F4}"
EndProject
Project("{8BC9CEB8-8B4A-11D0-8D11-00A0C91BC942}") = "Component - UsersAndGroups", "..\..\Components\WAK9\UsersAndGroups\projects\win\UsersAndGroups.vcxproj", "{A8671F78-018E-4EC3-99A4-DF048A96905A}"
EndProject
Project("{8BC9CEB8-8B4A-11D0-8D11-00A0C91BC942}") = "JavaScriptCore", "..\..\webkit\534.53\JavaScriptCore\JavaScriptCore.vcproj\JavaScriptCore\JavaScriptCore.vcxproj", "{011D10F1-B656-4A1B-A0C3-3842F02122C5}"
EndProject
Project("{8BC9CEB8-8B4A-11D0-8D11-00A0C91BC942}") = "WTF", "..\..\webkit\534.53\JavaScriptCore\JavaScriptCore.vcproj\WTF\WTF.vcxproj", "{AA8A5A85-592B-4357-BC60-E0E91E026AF6}"
EndProject
Project("{8BC9CEB8-8B4A-11D0-8D11-00A0C91BC942}") = "Component - Security Manager", "..\..\Components\WAK9\Security Manager\Projects\Visual\Security Manager.vcxproj", "{EB3D718E-58C2-46FA-9A3F-86E3DC0B9E04}"
EndProject
Project("{8BC9CEB8-8B4A-11D0-8D11-00A0C91BC942}") = "Dll - XToolbox FP - JSDebugger", "..\..\XToolbox\WAK9\JSDebugger\Projects\Visual\JSDebugger.vcxproj", "{DB837075-3CF7-429C-995E-B39E3087E37B}"
EndProject
Project("{8BC9CEB8-8B4A-11D0-8D11-00A0C91BC942}") = "Dll - CFLiteLib", "..\..\opencflite\476.17.2\windows\CFLiteLib.vcxproj", "{EC99198F-4CDD-4D85-AE6F-F837FF6CC372}"
EndProject
Project("{8BC9CEB8-8B4A-11D0-8D11-00A0C91BC942}") = "Dll - Curl", "..\..\curl\7.19.7\lib\libcurl.vcxproj", "{87EE9DA4-DE1E-4448-8324-183C98DCA588}"
EndProject
Project("{8BC9CEB8-8B4A-11D0-8D11-00A0C91BC942}") = "Lib - pixman", "..\..\pixman\0.17.2\pixman\pixman.vcxproj", "{5B55C4EC-396D-451E-B017-38A3BBFD4C82}"
EndProject
Project("{8BC9CEB8-8B4A-11D0-8D11-00A0C91BC942}") = "Lib - libxml2", "..\..\libxml2\2.7.6\win32\libxml2.vcxproj", "{9A38446D-769F-4D1F-83DE-E610CC16C04F}"
EndProject
Project("{8BC9CEB8-8B4A-11D0-8D11-00A0C91BC942}") = "Lib - libxslt", "..\..\libxslt\1.1.26\win32\libxslt.vcxproj", "{563194A3-DF9D-4636-83B6-1CC651929877}"
EndProject
Project("{8BC9CEB8-8B4A-11D0-8D11-00A0C91BC942}") = "Lib - libpng", "..\..\libpng\1.2.37\projects\win\libpng.vcxproj", "{0008960E-E0DD-41A6-8265-00B31DDB4C21}"
EndProject
Project("{8BC9CEB8-8B4A-11D0-8D11-00A0C91BC942}") = "Lib - libjpeg", "..\..\libjpeg\6b\libjpeg.vcxproj", "{7B2A7E09-1FCC-42CA-90E6-1FB8DE0996AE}"
EndProject
Project("{8BC9CEB8-8B4A-11D0-8D11-00A0C91BC942}") = "Dll - Cairo", "..\..\Cairo\1.8.8\Cairo.vcxproj", "{83A2050C-6E3A-4073-9F7D-B3433D2FDEF9}"
	ProjectSection(ProjectDependencies) = postProject
		{0008960E-E0DD-41A6-8265-00B31DDB4C21} = {0008960E-E0DD-41A6-8265-00B31DDB4C21}
		{F6F7F94F-F563-4203-80B4-BF7CF3242B27} = {F6F7F94F-F563-4203-80B4-BF7CF3242B27}
		{5B55C4EC-396D-451E-B017-38A3BBFD4C82} = {5B55C4EC-396D-451E-B017-38A3BBFD4C82}
	EndProjectSection
EndProject
Project("{8BC9CEB8-8B4A-11D0-8D11-00A0C91BC942}") = "App - RIA Studio", "Studio\Projet\Visual\RIA Studio.vcxproj", "{2F5F12FE-BAE5-4233-800A-4CF538DAD05B}"
	ProjectSection(ProjectDependencies) = postProject
		{86C7E508-5E7C-4AD5-BDD4-893D9C95876D} = {86C7E508-5E7C-4AD5-BDD4-893D9C95876D}
		{80D7160C-94E2-4991-A633-910677C24D20} = {80D7160C-94E2-4991-A633-910677C24D20}
		{CE5F2E11-A681-4FBA-B933-CCC1CB2110E2} = {CE5F2E11-A681-4FBA-B933-CCC1CB2110E2}
		{B0378F32-5D26-4221-A3B5-D6F1ADCA06D4} = {B0378F32-5D26-4221-A3B5-D6F1ADCA06D4}
		{152CE948-F659-4206-A50A-1D2B9658EF96} = {152CE948-F659-4206-A50A-1D2B9658EF96}
		{F6F7F94F-F563-4203-80B4-BF7CF3242B27} = {F6F7F94F-F563-4203-80B4-BF7CF3242B27}
		{E659D953-66EC-4DF5-9057-D1D22FA8F190} = {E659D953-66EC-4DF5-9057-D1D22FA8F190}
		{7106DC59-915A-493A-902C-8A2D14EDEF7E} = {7106DC59-915A-493A-902C-8A2D14EDEF7E}
		{3B6F655C-F3EB-4330-9FEA-657AF963969E} = {3B6F655C-F3EB-4330-9FEA-657AF963969E}
		{C5B99565-524C-4D34-B6EA-4FEE9BD64266} = {C5B99565-524C-4D34-B6EA-4FEE9BD64266}
		{3CBBA76E-59A1-4A07-827D-26C4E686665B} = {3CBBA76E-59A1-4A07-827D-26C4E686665B}
		{DB837075-3CF7-429C-995E-B39E3087E37B} = {DB837075-3CF7-429C-995E-B39E3087E37B}
		{A8671F78-018E-4EC3-99A4-DF048A96905A} = {A8671F78-018E-4EC3-99A4-DF048A96905A}
		{2D047D89-24BE-4700-AB0C-849890A04602} = {2D047D89-24BE-4700-AB0C-849890A04602}
		{EB3D718E-58C2-46FA-9A3F-86E3DC0B9E04} = {EB3D718E-58C2-46FA-9A3F-86E3DC0B9E04}
		{EC99198F-4CDD-4D85-AE6F-F837FF6CC372} = {EC99198F-4CDD-4D85-AE6F-F837FF6CC372}
		{7B41A191-CD46-43CF-B33E-90211FC865AD} = {7B41A191-CD46-43CF-B33E-90211FC865AD}
		{2D021893-EAE7-4C09-B4CC-29750B8BAF65} = {2D021893-EAE7-4C09-B4CC-29750B8BAF65}
		{AF04BBA0-6443-4023-85CC-54376B5CD773} = {AF04BBA0-6443-4023-85CC-54376B5CD773}
		{3F050BA1-557A-4FE9-975C-62F18331EE4B} = {3F050BA1-557A-4FE9-975C-62F18331EE4B}
		{753F2CA4-E56C-4899-A731-460AD2D3CB73} = {753F2CA4-E56C-4899-A731-460AD2D3CB73}
		{D68C82A9-EC66-43E4-AD5F-69EBB1E764AB} = {D68C82A9-EC66-43E4-AD5F-69EBB1E764AB}
		{CE2F6AB7-0D2D-4CC2-B91C-45544901254F} = {CE2F6AB7-0D2D-4CC2-B91C-45544901254F}
		{DA0D6BC0-FFB0-43D3-9821-052F4B8D1FAC} = {DA0D6BC0-FFB0-43D3-9821-052F4B8D1FAC}
		{084D08C2-90AB-4E65-906F-17AB70CDCFD2} = {084D08C2-90AB-4E65-906F-17AB70CDCFD2}
		{6E9F29C6-2757-45FB-B9A4-AA30F5E852F4} = {6E9F29C6-2757-45FB-B9A4-AA30F5E852F4}
		{CBBA3CCD-7A72-44A9-8A0F-05179F1905F0} = {CBBA3CCD-7A72-44A9-8A0F-05179F1905F0}
		{6CDD04E4-1FD4-4208-B5D6-5C39A716BD56} = {6CDD04E4-1FD4-4208-B5D6-5C39A716BD56}
		{1D16FBE6-9C83-445F-BAE4-3A8E3C0C2778} = {1D16FBE6-9C83-445F-BAE4-3A8E3C0C2778}
		{E9385EE8-B15A-43AF-9FB7-DB0BD5C3FBC2} = {E9385EE8-B15A-43AF-9FB7-DB0BD5C3FBC2}
		{745B73EB-6200-44C0-8552-AC602A9B0EED} = {745B73EB-6200-44C0-8552-AC602A9B0EED}
		{CA45B6ED-E20A-4755-9B9E-181677D5AB40} = {CA45B6ED-E20A-4755-9B9E-181677D5AB40}
		{8602FAFD-E32F-4C51-B5A0-11A26AB631C6} = {8602FAFD-E32F-4C51-B5A0-11A26AB631C6}
	EndProjectSection
EndProject
Project("{8BC9CEB8-8B4A-11D0-8D11-00A0C91BC942}") = "Dll - sqlite", "..\..\sqlite\3.6.20\sqlite.vcxproj", "{E8D8449A-B90E-4C4F-BDC2-FC6843412045}"
EndProject
Project("{8BC9CEB8-8B4A-11D0-8D11-00A0C91BC942}") = "Dll - pthread", "..\..\pthreads\2.9.1\pthread.vcxproj", "{3DDD06A6-25C3-41D2-BA1F-B372400D9D46}"
EndProject
Project("{8BC9CEB8-8B4A-11D0-8D11-00A0C91BC942}") = "Lib - CoreRuntime", "..\..\CoreRuntime\WAK9\Project\Visual\CoreRuntime.vcxproj", "{2D047D89-24BE-4700-AB0C-849890A04602}"
EndProject
Project("{8BC9CEB8-8B4A-11D0-8D11-00A0C91BC942}") = "Component - MySQLConnector", "..\..\Components\WAK9\MySQLConnector\Projects\win\MySQLConnector.vcxproj", "{7106DC59-915A-493A-902C-8A2D14EDEF7E}"
	ProjectSection(ProjectDependencies) = postProject
		{86C7E508-5E7C-4AD5-BDD4-893D9C95876D} = {86C7E508-5E7C-4AD5-BDD4-893D9C95876D}
		{F94C081A-7B01-4DD8-A595-B48351BCDA1B} = {F94C081A-7B01-4DD8-A595-B48351BCDA1B}
		{12549F50-EAB8-485C-9AC9-039C4FD05A68} = {12549F50-EAB8-485C-9AC9-039C4FD05A68}
		{3B6F655C-F3EB-4330-9FEA-657AF963969E} = {3B6F655C-F3EB-4330-9FEA-657AF963969E}
		{7B41A191-CD46-43CF-B33E-90211FC865AD} = {7B41A191-CD46-43CF-B33E-90211FC865AD}
		{6E9F29C6-2757-45FB-B9A4-AA30F5E852F4} = {6E9F29C6-2757-45FB-B9A4-AA30F5E852F4}
		{745B73EB-6200-44C0-8552-AC602A9B0EED} = {745B73EB-6200-44C0-8552-AC602A9B0EED}
	EndProjectSection
EndProject
Project("{8BC9CEB8-8B4A-11D0-8D11-00A0C91BC942}") = "Dll - RemoteEntity", "..\..\Components\WAK9\RemoteEntity\Projects\Visual\RemoteEntity.vcxproj", "{CBBA3CCD-7A72-44A9-8A0F-05179F1905F0}"
	ProjectSection(ProjectDependencies) = postProject
		{B0378F32-5D26-4221-A3B5-D6F1ADCA06D4} = {B0378F32-5D26-4221-A3B5-D6F1ADCA06D4}
		{C5B99565-524C-4D34-B6EA-4FEE9BD64266} = {C5B99565-524C-4D34-B6EA-4FEE9BD64266}
		{7B41A191-CD46-43CF-B33E-90211FC865AD} = {7B41A191-CD46-43CF-B33E-90211FC865AD}
		{6E9F29C6-2757-45FB-B9A4-AA30F5E852F4} = {6E9F29C6-2757-45FB-B9A4-AA30F5E852F4}
	EndProjectSection
EndProject
Project("{8BC9CEB8-8B4A-11D0-8D11-00A0C91BC942}") = "Dll - SQLEntity", "..\..\Components\WAK9\SQLEntity\Projects\Visual\SQLEntity.vcxproj", "{AF04BBA0-6443-4023-85CC-54376B5CD773}"
	ProjectSection(ProjectDependencies) = postProject
		{B0378F32-5D26-4221-A3B5-D6F1ADCA06D4} = {B0378F32-5D26-4221-A3B5-D6F1ADCA06D4}
		{7106DC59-915A-493A-902C-8A2D14EDEF7E} = {7106DC59-915A-493A-902C-8A2D14EDEF7E}
		{3B6F655C-F3EB-4330-9FEA-657AF963969E} = {3B6F655C-F3EB-4330-9FEA-657AF963969E}
		{C5B99565-524C-4D34-B6EA-4FEE9BD64266} = {C5B99565-524C-4D34-B6EA-4FEE9BD64266}
		{7B41A191-CD46-43CF-B33E-90211FC865AD} = {7B41A191-CD46-43CF-B33E-90211FC865AD}
		{6E9F29C6-2757-45FB-B9A4-AA30F5E852F4} = {6E9F29C6-2757-45FB-B9A4-AA30F5E852F4}
	EndProjectSection
EndProject
Project("{8BC9CEB8-8B4A-11D0-8D11-00A0C91BC942}") = "Dll - XToolbox FP - SQL", "..\..\XToolbox\WAK9\SQL\Projects\Visual\SQL.vcxproj", "{12549F50-EAB8-485C-9AC9-039C4FD05A68}"
	ProjectSection(ProjectDependencies) = postProject
		{3B6F655C-F3EB-4330-9FEA-657AF963969E} = {3B6F655C-F3EB-4330-9FEA-657AF963969E}
		{7B41A191-CD46-43CF-B33E-90211FC865AD} = {7B41A191-CD46-43CF-B33E-90211FC865AD}
		{6E9F29C6-2757-45FB-B9A4-AA30F5E852F4} = {6E9F29C6-2757-45FB-B9A4-AA30F5E852F4}
	EndProjectSection
EndProject
Project("{8BC9CEB8-8B4A-11D0-8D11-00A0C91BC942}") = "Dll - XToolbox FP - SQLModel", "..\..\XToolbox\WAK9\SQLModel\Projects\Visual\SQLModel.vcxproj", "{F94C081A-7B01-4DD8-A595-B48351BCDA1B}"
	ProjectSection(ProjectDependencies) = postProject
		{3B6F655C-F3EB-4330-9FEA-657AF963969E} = {3B6F655C-F3EB-4330-9FEA-657AF963969E}
		{7B41A191-CD46-43CF-B33E-90211FC865AD} = {7B41A191-CD46-43CF-B33E-90211FC865AD}
	EndProjectSection
EndProject
Project("{8BC9CEB8-8B4A-11D0-8D11-00A0C91BC942}") = "Component - MSSQLConnector", "..\..\Components\WAK9\MSSQLConnector\Projects\Win\MSSQLConnector.vcxproj", "{2D021893-EAE7-4C09-B4CC-29750B8BAF65}"
	ProjectSection(ProjectDependencies) = postProject
		{86C7E508-5E7C-4AD5-BDD4-893D9C95876D} = {86C7E508-5E7C-4AD5-BDD4-893D9C95876D}
		{F94C081A-7B01-4DD8-A595-B48351BCDA1B} = {F94C081A-7B01-4DD8-A595-B48351BCDA1B}
		{B0378F32-5D26-4221-A3B5-D6F1ADCA06D4} = {B0378F32-5D26-4221-A3B5-D6F1ADCA06D4}
		{12549F50-EAB8-485C-9AC9-039C4FD05A68} = {12549F50-EAB8-485C-9AC9-039C4FD05A68}
		{3B6F655C-F3EB-4330-9FEA-657AF963969E} = {3B6F655C-F3EB-4330-9FEA-657AF963969E}
		{7B41A191-CD46-43CF-B33E-90211FC865AD} = {7B41A191-CD46-43CF-B33E-90211FC865AD}
		{745B73EB-6200-44C0-8552-AC602A9B0EED} = {745B73EB-6200-44C0-8552-AC602A9B0EED}
	EndProjectSection
EndProject
Project("{8BC9CEB8-8B4A-11D0-8D11-00A0C91BC942}") = "Component - WebViewerCEF", "..\..\Components\WAK9\Web\Projects\Visual\WebViewerCEF.vcxproj", "{3F050BA1-557A-4FE9-975C-62F18331EE4B}"
	ProjectSection(ProjectDependencies) = postProject
		{86C7E508-5E7C-4AD5-BDD4-893D9C95876D} = {86C7E508-5E7C-4AD5-BDD4-893D9C95876D}
		{80D7160C-94E2-4991-A633-910677C24D20} = {80D7160C-94E2-4991-A633-910677C24D20}
		{B0378F32-5D26-4221-A3B5-D6F1ADCA06D4} = {B0378F32-5D26-4221-A3B5-D6F1ADCA06D4}
		{B8437A41-67BC-4769-9452-45203827F821} = {B8437A41-67BC-4769-9452-45203827F821}
		{3B6F655C-F3EB-4330-9FEA-657AF963969E} = {3B6F655C-F3EB-4330-9FEA-657AF963969E}
		{7B41A191-CD46-43CF-B33E-90211FC865AD} = {7B41A191-CD46-43CF-B33E-90211FC865AD}
		{0662A8A9-82A3-4638-97D8-EC425D8D87C9} = {0662A8A9-82A3-4638-97D8-EC425D8D87C9}
		{6E9F29C6-2757-45FB-B9A4-AA30F5E852F4} = {6E9F29C6-2757-45FB-B9A4-AA30F5E852F4}
	EndProjectSection
EndProject
Project("{8BC9CEB8-8B4A-11D0-8D11-00A0C91BC942}") = "Component - WebViewerSystem", "..\..\Components\WAK9\Web\Projects\Visual\WebViewerSystem.vcxproj", "{8602FAFD-E32F-4C51-B5A0-11A26AB631C6}"
	ProjectSection(ProjectDependencies) = postProject
		{86C7E508-5E7C-4AD5-BDD4-893D9C95876D} = {86C7E508-5E7C-4AD5-BDD4-893D9C95876D}
		{80D7160C-94E2-4991-A633-910677C24D20} = {80D7160C-94E2-4991-A633-910677C24D20}
		{B0378F32-5D26-4221-A3B5-D6F1ADCA06D4} = {B0378F32-5D26-4221-A3B5-D6F1ADCA06D4}
		{B8437A41-67BC-4769-9452-45203827F821} = {B8437A41-67BC-4769-9452-45203827F821}
		{3B6F655C-F3EB-4330-9FEA-657AF963969E} = {3B6F655C-F3EB-4330-9FEA-657AF963969E}
		{7B41A191-CD46-43CF-B33E-90211FC865AD} = {7B41A191-CD46-43CF-B33E-90211FC865AD}
		{0662A8A9-82A3-4638-97D8-EC425D8D87C9} = {0662A8A9-82A3-4638-97D8-EC425D8D87C9}
		{6E9F29C6-2757-45FB-B9A4-AA30F5E852F4} = {6E9F29C6-2757-45FB-B9A4-AA30F5E852F4}
	EndProjectSection
EndProject
Project("{8BC9CEB8-8B4A-11D0-8D11-00A0C91BC942}") = "Component - WebViewerWebkit", "..\..\Components\WAK9\Web\Projects\Visual\WebViewerWebkit.vcxproj", "{D68C82A9-EC66-43E4-AD5F-69EBB1E764AB}"
	ProjectSection(ProjectDependencies) = postProject
		{86C7E508-5E7C-4AD5-BDD4-893D9C95876D} = {86C7E508-5E7C-4AD5-BDD4-893D9C95876D}
		{80D7160C-94E2-4991-A633-910677C24D20} = {80D7160C-94E2-4991-A633-910677C24D20}
		{B0378F32-5D26-4221-A3B5-D6F1ADCA06D4} = {B0378F32-5D26-4221-A3B5-D6F1ADCA06D4}
		{B8437A41-67BC-4769-9452-45203827F821} = {B8437A41-67BC-4769-9452-45203827F821}
		{3B6F655C-F3EB-4330-9FEA-657AF963969E} = {3B6F655C-F3EB-4330-9FEA-657AF963969E}
		{7B41A191-CD46-43CF-B33E-90211FC865AD} = {7B41A191-CD46-43CF-B33E-90211FC865AD}
		{0662A8A9-82A3-4638-97D8-EC425D8D87C9} = {0662A8A9-82A3-4638-97D8-EC425D8D87C9}
		{6E9F29C6-2757-45FB-B9A4-AA30F5E852F4} = {6E9F29C6-2757-45FB-B9A4-AA30F5E852F4}
	EndProjectSection
EndProject
Project("{8BC9CEB8-8B4A-11D0-8D11-00A0C91BC942}") = "Component - ODBCConnector", "..\..\Components\WAK9\ODBCConnector\Projects\Win\ODBCConnector.vcxproj", "{753F2CA4-E56C-4899-A731-460AD2D3CB73}"
	ProjectSection(ProjectDependencies) = postProject
		{86C7E508-5E7C-4AD5-BDD4-893D9C95876D} = {86C7E508-5E7C-4AD5-BDD4-893D9C95876D}
		{F94C081A-7B01-4DD8-A595-B48351BCDA1B} = {F94C081A-7B01-4DD8-A595-B48351BCDA1B}
		{12549F50-EAB8-485C-9AC9-039C4FD05A68} = {12549F50-EAB8-485C-9AC9-039C4FD05A68}
		{3B6F655C-F3EB-4330-9FEA-657AF963969E} = {3B6F655C-F3EB-4330-9FEA-657AF963969E}
		{7B41A191-CD46-43CF-B33E-90211FC865AD} = {7B41A191-CD46-43CF-B33E-90211FC865AD}
	EndProjectSection
EndProject
Project("{8BC9CEB8-8B4A-11D0-8D11-00A0C91BC942}") = "Dll - OpenSLL-libeay32", "..\..\openssl\1.0.0d\Projects\Visual\OpenSLL-libeay32.vcxproj", "{6CDD04E4-1FD4-4208-B5D6-5C39A716BD56}"
EndProject
Project("{8BC9CEB8-8B4A-11D0-8D11-00A0C91BC942}") = "Dll - OpenSLL-ssleay32", "..\..\openssl\1.0.0d\Projects\Visual\OpenSLL-ssleay32.vcxproj", "{CA45B6ED-E20A-4755-9B9E-181677D5AB40}"
EndProject
Project("{8BC9CEB8-8B4A-11D0-8D11-00A0C91BC942}") = "App - RIA Server Monitor Icon", "ServerMonitorIcon\Projet\Visual\RIA ServerMonitorIcon.vcxproj", "{3237867A-4183-4715-9BB4-E7ED6ADB7C46}"
EndProject
Project("{8BC9CEB8-8B4A-11D0-8D11-00A0C91BC942}") = "Dll - XToolbox FP - TextCore", "..\..\XToolbox\WAK9\TextCore\Projects\Visual\TextCore.vcxproj", "{1CA9C1CD-9A44-46EE-9D73-A6D504370A46}"
EndProject
Global
	GlobalSection(SolutionConfigurationPlatforms) = preSolution
		App - RIA Server Beta|Win32 = App - RIA Server Beta|Win32
		App - RIA Server Beta|x64 = App - RIA Server Beta|x64
		App - RIA Server Debug|Win32 = App - RIA Server Debug|Win32
		App - RIA Server Debug|x64 = App - RIA Server Debug|x64
		App - RIA Server Release|Win32 = App - RIA Server Release|Win32
		App - RIA Server Release|x64 = App - RIA Server Release|x64
	EndGlobalSection
	GlobalSection(ProjectConfigurationPlatforms) = postSolution
		{3CBBA76E-59A1-4A07-827D-26C4E686665B}.App - RIA Server Beta|Win32.ActiveCfg = Beta|Win32
		{3CBBA76E-59A1-4A07-827D-26C4E686665B}.App - RIA Server Beta|x64.ActiveCfg = Beta|x64
		{3CBBA76E-59A1-4A07-827D-26C4E686665B}.App - RIA Server Debug|Win32.ActiveCfg = Debug|Win32
		{3CBBA76E-59A1-4A07-827D-26C4E686665B}.App - RIA Server Debug|x64.ActiveCfg = Debug|x64
		{3CBBA76E-59A1-4A07-827D-26C4E686665B}.App - RIA Server Release|Win32.ActiveCfg = Release|Win32
		{3CBBA76E-59A1-4A07-827D-26C4E686665B}.App - RIA Server Release|x64.ActiveCfg = Release|x64
		{C5B99565-524C-4D34-B6EA-4FEE9BD64266}.App - RIA Server Beta|Win32.ActiveCfg = Beta|Win32
		{C5B99565-524C-4D34-B6EA-4FEE9BD64266}.App - RIA Server Beta|Win32.Build.0 = Beta|Win32
		{C5B99565-524C-4D34-B6EA-4FEE9BD64266}.App - RIA Server Beta|x64.ActiveCfg = Beta|x64
		{C5B99565-524C-4D34-B6EA-4FEE9BD64266}.App - RIA Server Beta|x64.Build.0 = Beta|x64
		{C5B99565-524C-4D34-B6EA-4FEE9BD64266}.App - RIA Server Debug|Win32.ActiveCfg = Debug|Win32
		{C5B99565-524C-4D34-B6EA-4FEE9BD64266}.App - RIA Server Debug|Win32.Build.0 = Debug|Win32
		{C5B99565-524C-4D34-B6EA-4FEE9BD64266}.App - RIA Server Debug|x64.ActiveCfg = Debug|x64
		{C5B99565-524C-4D34-B6EA-4FEE9BD64266}.App - RIA Server Debug|x64.Build.0 = Debug|x64
		{C5B99565-524C-4D34-B6EA-4FEE9BD64266}.App - RIA Server Release|Win32.ActiveCfg = Release|Win32
		{C5B99565-524C-4D34-B6EA-4FEE9BD64266}.App - RIA Server Release|Win32.Build.0 = Release|Win32
		{C5B99565-524C-4D34-B6EA-4FEE9BD64266}.App - RIA Server Release|x64.ActiveCfg = Release|x64
		{C5B99565-524C-4D34-B6EA-4FEE9BD64266}.App - RIA Server Release|x64.Build.0 = Release|x64
		{7B41A191-CD46-43CF-B33E-90211FC865AD}.App - RIA Server Beta|Win32.ActiveCfg = Beta|Win32
		{7B41A191-CD46-43CF-B33E-90211FC865AD}.App - RIA Server Beta|Win32.Build.0 = Beta|Win32
		{7B41A191-CD46-43CF-B33E-90211FC865AD}.App - RIA Server Beta|x64.ActiveCfg = Beta|x64
		{7B41A191-CD46-43CF-B33E-90211FC865AD}.App - RIA Server Beta|x64.Build.0 = Beta|x64
		{7B41A191-CD46-43CF-B33E-90211FC865AD}.App - RIA Server Debug|Win32.ActiveCfg = Debug|Win32
		{7B41A191-CD46-43CF-B33E-90211FC865AD}.App - RIA Server Debug|Win32.Build.0 = Debug|Win32
		{7B41A191-CD46-43CF-B33E-90211FC865AD}.App - RIA Server Debug|x64.ActiveCfg = Debug|x64
		{7B41A191-CD46-43CF-B33E-90211FC865AD}.App - RIA Server Debug|x64.Build.0 = Debug|x64
		{7B41A191-CD46-43CF-B33E-90211FC865AD}.App - RIA Server Release|Win32.ActiveCfg = Release|Win32
		{7B41A191-CD46-43CF-B33E-90211FC865AD}.App - RIA Server Release|Win32.Build.0 = Release|Win32
		{7B41A191-CD46-43CF-B33E-90211FC865AD}.App - RIA Server Release|x64.ActiveCfg = Release|x64
		{7B41A191-CD46-43CF-B33E-90211FC865AD}.App - RIA Server Release|x64.Build.0 = Release|x64
		{3B6F655C-F3EB-4330-9FEA-657AF963969E}.App - RIA Server Beta|Win32.ActiveCfg = Beta|Win32
		{3B6F655C-F3EB-4330-9FEA-657AF963969E}.App - RIA Server Beta|Win32.Build.0 = Beta|Win32
		{3B6F655C-F3EB-4330-9FEA-657AF963969E}.App - RIA Server Beta|x64.ActiveCfg = Beta|x64
		{3B6F655C-F3EB-4330-9FEA-657AF963969E}.App - RIA Server Beta|x64.Build.0 = Beta|x64
		{3B6F655C-F3EB-4330-9FEA-657AF963969E}.App - RIA Server Debug|Win32.ActiveCfg = Debug|Win32
		{3B6F655C-F3EB-4330-9FEA-657AF963969E}.App - RIA Server Debug|Win32.Build.0 = Debug|Win32
		{3B6F655C-F3EB-4330-9FEA-657AF963969E}.App - RIA Server Debug|x64.ActiveCfg = Debug|x64
		{3B6F655C-F3EB-4330-9FEA-657AF963969E}.App - RIA Server Debug|x64.Build.0 = Debug|x64
		{3B6F655C-F3EB-4330-9FEA-657AF963969E}.App - RIA Server Release|Win32.ActiveCfg = Release|Win32
		{3B6F655C-F3EB-4330-9FEA-657AF963969E}.App - RIA Server Release|Win32.Build.0 = Release|Win32
		{3B6F655C-F3EB-4330-9FEA-657AF963969E}.App - RIA Server Release|x64.ActiveCfg = Release|x64
		{3B6F655C-F3EB-4330-9FEA-657AF963969E}.App - RIA Server Release|x64.Build.0 = Release|x64
		{B0378F32-5D26-4221-A3B5-D6F1ADCA06D4}.App - RIA Server Beta|Win32.ActiveCfg = Beta|Win32
		{B0378F32-5D26-4221-A3B5-D6F1ADCA06D4}.App - RIA Server Beta|Win32.Build.0 = Beta|Win32
		{B0378F32-5D26-4221-A3B5-D6F1ADCA06D4}.App - RIA Server Beta|x64.ActiveCfg = Beta|x64
		{B0378F32-5D26-4221-A3B5-D6F1ADCA06D4}.App - RIA Server Beta|x64.Build.0 = Beta|x64
		{B0378F32-5D26-4221-A3B5-D6F1ADCA06D4}.App - RIA Server Debug|Win32.ActiveCfg = Debug|Win32
		{B0378F32-5D26-4221-A3B5-D6F1ADCA06D4}.App - RIA Server Debug|Win32.Build.0 = Debug|Win32
		{B0378F32-5D26-4221-A3B5-D6F1ADCA06D4}.App - RIA Server Debug|x64.ActiveCfg = Debug|x64
		{B0378F32-5D26-4221-A3B5-D6F1ADCA06D4}.App - RIA Server Debug|x64.Build.0 = Debug|x64
		{B0378F32-5D26-4221-A3B5-D6F1ADCA06D4}.App - RIA Server Release|Win32.ActiveCfg = Release|Win32
		{B0378F32-5D26-4221-A3B5-D6F1ADCA06D4}.App - RIA Server Release|Win32.Build.0 = Release|Win32
		{B0378F32-5D26-4221-A3B5-D6F1ADCA06D4}.App - RIA Server Release|x64.ActiveCfg = Release|x64
		{B0378F32-5D26-4221-A3B5-D6F1ADCA06D4}.App - RIA Server Release|x64.Build.0 = Release|x64
		{80D7160C-94E2-4991-A633-910677C24D20}.App - RIA Server Beta|Win32.ActiveCfg = Beta|Win32
		{80D7160C-94E2-4991-A633-910677C24D20}.App - RIA Server Beta|x64.ActiveCfg = Beta|x64
		{80D7160C-94E2-4991-A633-910677C24D20}.App - RIA Server Debug|Win32.ActiveCfg = Debug|Win32
		{80D7160C-94E2-4991-A633-910677C24D20}.App - RIA Server Debug|x64.ActiveCfg = Debug|x64
		{80D7160C-94E2-4991-A633-910677C24D20}.App - RIA Server Release|Win32.ActiveCfg = Release|Win32
		{80D7160C-94E2-4991-A633-910677C24D20}.App - RIA Server Release|x64.ActiveCfg = Release|x64
		{86C7E508-5E7C-4AD5-BDD4-893D9C95876D}.App - RIA Server Beta|Win32.ActiveCfg = Beta|Win32
		{86C7E508-5E7C-4AD5-BDD4-893D9C95876D}.App - RIA Server Beta|Win32.Build.0 = Beta|Win32
		{86C7E508-5E7C-4AD5-BDD4-893D9C95876D}.App - RIA Server Beta|x64.ActiveCfg = Beta|x64
		{86C7E508-5E7C-4AD5-BDD4-893D9C95876D}.App - RIA Server Beta|x64.Build.0 = Beta|x64
		{86C7E508-5E7C-4AD5-BDD4-893D9C95876D}.App - RIA Server Debug|Win32.ActiveCfg = Debug|Win32
		{86C7E508-5E7C-4AD5-BDD4-893D9C95876D}.App - RIA Server Debug|Win32.Build.0 = Debug|Win32
		{86C7E508-5E7C-4AD5-BDD4-893D9C95876D}.App - RIA Server Debug|x64.ActiveCfg = Debug|x64
		{86C7E508-5E7C-4AD5-BDD4-893D9C95876D}.App - RIA Server Debug|x64.Build.0 = Debug|x64
		{86C7E508-5E7C-4AD5-BDD4-893D9C95876D}.App - RIA Server Release|Win32.ActiveCfg = Release|Win32
		{86C7E508-5E7C-4AD5-BDD4-893D9C95876D}.App - RIA Server Release|Win32.Build.0 = Release|Win32
		{86C7E508-5E7C-4AD5-BDD4-893D9C95876D}.App - RIA Server Release|x64.ActiveCfg = Release|x64
		{86C7E508-5E7C-4AD5-BDD4-893D9C95876D}.App - RIA Server Release|x64.Build.0 = Release|x64
		{DA0D6BC0-FFB0-43D3-9821-052F4B8D1FAC}.App - RIA Server Beta|Win32.ActiveCfg = Beta|Win32
		{DA0D6BC0-FFB0-43D3-9821-052F4B8D1FAC}.App - RIA Server Beta|x64.ActiveCfg = Beta|x64
		{DA0D6BC0-FFB0-43D3-9821-052F4B8D1FAC}.App - RIA Server Debug|Win32.ActiveCfg = Debug|Win32
		{DA0D6BC0-FFB0-43D3-9821-052F4B8D1FAC}.App - RIA Server Debug|x64.ActiveCfg = Debug|x64
		{DA0D6BC0-FFB0-43D3-9821-052F4B8D1FAC}.App - RIA Server Release|Win32.ActiveCfg = Release|Win32
		{DA0D6BC0-FFB0-43D3-9821-052F4B8D1FAC}.App - RIA Server Release|x64.ActiveCfg = Release|x64
		{745B73EB-6200-44C0-8552-AC602A9B0EED}.App - RIA Server Beta|Win32.ActiveCfg = Beta|Win32
		{745B73EB-6200-44C0-8552-AC602A9B0EED}.App - RIA Server Beta|Win32.Build.0 = Beta|Win32
		{745B73EB-6200-44C0-8552-AC602A9B0EED}.App - RIA Server Beta|x64.ActiveCfg = Beta|x64
		{745B73EB-6200-44C0-8552-AC602A9B0EED}.App - RIA Server Beta|x64.Build.0 = Beta|x64
		{745B73EB-6200-44C0-8552-AC602A9B0EED}.App - RIA Server Debug|Win32.ActiveCfg = Debug|Win32
		{745B73EB-6200-44C0-8552-AC602A9B0EED}.App - RIA Server Debug|Win32.Build.0 = Debug|Win32
		{745B73EB-6200-44C0-8552-AC602A9B0EED}.App - RIA Server Debug|x64.ActiveCfg = Debug|x64
		{745B73EB-6200-44C0-8552-AC602A9B0EED}.App - RIA Server Debug|x64.Build.0 = Debug|x64
		{745B73EB-6200-44C0-8552-AC602A9B0EED}.App - RIA Server Release|Win32.ActiveCfg = Release|Win32
		{745B73EB-6200-44C0-8552-AC602A9B0EED}.App - RIA Server Release|Win32.Build.0 = Release|Win32
		{745B73EB-6200-44C0-8552-AC602A9B0EED}.App - RIA Server Release|x64.ActiveCfg = Release|x64
		{745B73EB-6200-44C0-8552-AC602A9B0EED}.App - RIA Server Release|x64.Build.0 = Release|x64
		{CE5F2E11-A681-4FBA-B933-CCC1CB2110E2}.App - RIA Server Beta|Win32.ActiveCfg = Beta|Win32
		{CE5F2E11-A681-4FBA-B933-CCC1CB2110E2}.App - RIA Server Beta|Win32.Build.0 = Beta|Win32
		{CE5F2E11-A681-4FBA-B933-CCC1CB2110E2}.App - RIA Server Beta|x64.ActiveCfg = Beta|x64
		{CE5F2E11-A681-4FBA-B933-CCC1CB2110E2}.App - RIA Server Beta|x64.Build.0 = Beta|x64
		{CE5F2E11-A681-4FBA-B933-CCC1CB2110E2}.App - RIA Server Debug|Win32.ActiveCfg = Debug|Win32
		{CE5F2E11-A681-4FBA-B933-CCC1CB2110E2}.App - RIA Server Debug|Win32.Build.0 = Debug|Win32
		{CE5F2E11-A681-4FBA-B933-CCC1CB2110E2}.App - RIA Server Debug|x64.ActiveCfg = Debug|x64
		{CE5F2E11-A681-4FBA-B933-CCC1CB2110E2}.App - RIA Server Debug|x64.Build.0 = Debug|x64
		{CE5F2E11-A681-4FBA-B933-CCC1CB2110E2}.App - RIA Server Release|Win32.ActiveCfg = Release|Win32
		{CE5F2E11-A681-4FBA-B933-CCC1CB2110E2}.App - RIA Server Release|Win32.Build.0 = Release|Win32
		{CE5F2E11-A681-4FBA-B933-CCC1CB2110E2}.App - RIA Server Release|x64.ActiveCfg = Release|x64
		{CE5F2E11-A681-4FBA-B933-CCC1CB2110E2}.App - RIA Server Release|x64.Build.0 = Release|x64
		{F6F7F94F-F563-4203-80B4-BF7CF3242B27}.App - RIA Server Beta|Win32.ActiveCfg = DLL Beta|Win32
		{F6F7F94F-F563-4203-80B4-BF7CF3242B27}.App - RIA Server Beta|Win32.Build.0 = DLL Beta|Win32
		{F6F7F94F-F563-4203-80B4-BF7CF3242B27}.App - RIA Server Beta|x64.ActiveCfg = DLL Beta|x64
		{F6F7F94F-F563-4203-80B4-BF7CF3242B27}.App - RIA Server Beta|x64.Build.0 = DLL Beta|x64
		{F6F7F94F-F563-4203-80B4-BF7CF3242B27}.App - RIA Server Debug|Win32.ActiveCfg = DLL Debug|Win32
		{F6F7F94F-F563-4203-80B4-BF7CF3242B27}.App - RIA Server Debug|Win32.Build.0 = DLL Debug|Win32
		{F6F7F94F-F563-4203-80B4-BF7CF3242B27}.App - RIA Server Debug|x64.ActiveCfg = DLL Debug|x64
		{F6F7F94F-F563-4203-80B4-BF7CF3242B27}.App - RIA Server Debug|x64.Build.0 = DLL Debug|x64
		{F6F7F94F-F563-4203-80B4-BF7CF3242B27}.App - RIA Server Release|Win32.ActiveCfg = DLL Release|Win32
		{F6F7F94F-F563-4203-80B4-BF7CF3242B27}.App - RIA Server Release|Win32.Build.0 = DLL Release|Win32
		{F6F7F94F-F563-4203-80B4-BF7CF3242B27}.App - RIA Server Release|x64.ActiveCfg = DLL Release|x64
		{F6F7F94F-F563-4203-80B4-BF7CF3242B27}.App - RIA Server Release|x64.Build.0 = DLL Release|x64
		{E659D953-66EC-4DF5-9057-D1D22FA8F190}.App - RIA Server Beta|Win32.ActiveCfg = Beta|Win32
		{E659D953-66EC-4DF5-9057-D1D22FA8F190}.App - RIA Server Beta|Win32.Build.0 = Beta|Win32
		{E659D953-66EC-4DF5-9057-D1D22FA8F190}.App - RIA Server Beta|x64.ActiveCfg = Beta|x64
		{E659D953-66EC-4DF5-9057-D1D22FA8F190}.App - RIA Server Beta|x64.Build.0 = Beta|x64
		{E659D953-66EC-4DF5-9057-D1D22FA8F190}.App - RIA Server Debug|Win32.ActiveCfg = Debug|Win32
		{E659D953-66EC-4DF5-9057-D1D22FA8F190}.App - RIA Server Debug|Win32.Build.0 = Debug|Win32
		{E659D953-66EC-4DF5-9057-D1D22FA8F190}.App - RIA Server Debug|x64.ActiveCfg = Debug|x64
		{E659D953-66EC-4DF5-9057-D1D22FA8F190}.App - RIA Server Debug|x64.Build.0 = Debug|x64
		{E659D953-66EC-4DF5-9057-D1D22FA8F190}.App - RIA Server Release|Win32.ActiveCfg = Release|Win32
		{E659D953-66EC-4DF5-9057-D1D22FA8F190}.App - RIA Server Release|Win32.Build.0 = Release|Win32
		{E659D953-66EC-4DF5-9057-D1D22FA8F190}.App - RIA Server Release|x64.ActiveCfg = Release|x64
		{E659D953-66EC-4DF5-9057-D1D22FA8F190}.App - RIA Server Release|x64.Build.0 = Release|x64
		{CE2F6AB7-0D2D-4CC2-B91C-45544901254F}.App - RIA Server Beta|Win32.ActiveCfg = Beta|Win32
		{CE2F6AB7-0D2D-4CC2-B91C-45544901254F}.App - RIA Server Beta|Win32.Build.0 = Beta|Win32
		{CE2F6AB7-0D2D-4CC2-B91C-45544901254F}.App - RIA Server Beta|x64.ActiveCfg = Beta|x64
		{CE2F6AB7-0D2D-4CC2-B91C-45544901254F}.App - RIA Server Beta|x64.Build.0 = Beta|x64
		{CE2F6AB7-0D2D-4CC2-B91C-45544901254F}.App - RIA Server Debug|Win32.ActiveCfg = Debug|Win32
		{CE2F6AB7-0D2D-4CC2-B91C-45544901254F}.App - RIA Server Debug|Win32.Build.0 = Debug|Win32
		{CE2F6AB7-0D2D-4CC2-B91C-45544901254F}.App - RIA Server Debug|x64.ActiveCfg = Debug|x64
		{CE2F6AB7-0D2D-4CC2-B91C-45544901254F}.App - RIA Server Debug|x64.Build.0 = Debug|x64
		{CE2F6AB7-0D2D-4CC2-B91C-45544901254F}.App - RIA Server Release|Win32.ActiveCfg = Release|Win32
		{CE2F6AB7-0D2D-4CC2-B91C-45544901254F}.App - RIA Server Release|Win32.Build.0 = Release|Win32
		{CE2F6AB7-0D2D-4CC2-B91C-45544901254F}.App - RIA Server Release|x64.ActiveCfg = Release|x64
		{CE2F6AB7-0D2D-4CC2-B91C-45544901254F}.App - RIA Server Release|x64.Build.0 = Release|x64
		{E9385EE8-B15A-43AF-9FB7-DB0BD5C3FBC2}.App - RIA Server Beta|Win32.ActiveCfg = Beta|Win32
		{E9385EE8-B15A-43AF-9FB7-DB0BD5C3FBC2}.App - RIA Server Beta|Win32.Build.0 = Beta|Win32
		{E9385EE8-B15A-43AF-9FB7-DB0BD5C3FBC2}.App - RIA Server Beta|x64.ActiveCfg = Beta|x64
		{E9385EE8-B15A-43AF-9FB7-DB0BD5C3FBC2}.App - RIA Server Beta|x64.Build.0 = Beta|x64
		{E9385EE8-B15A-43AF-9FB7-DB0BD5C3FBC2}.App - RIA Server Debug|Win32.ActiveCfg = Debug|Win32
		{E9385EE8-B15A-43AF-9FB7-DB0BD5C3FBC2}.App - RIA Server Debug|Win32.Build.0 = Debug|Win32
		{E9385EE8-B15A-43AF-9FB7-DB0BD5C3FBC2}.App - RIA Server Debug|x64.ActiveCfg = Debug|x64
		{E9385EE8-B15A-43AF-9FB7-DB0BD5C3FBC2}.App - RIA Server Debug|x64.Build.0 = Debug|x64
		{E9385EE8-B15A-43AF-9FB7-DB0BD5C3FBC2}.App - RIA Server Release|Win32.ActiveCfg = Release|Win32
		{E9385EE8-B15A-43AF-9FB7-DB0BD5C3FBC2}.App - RIA Server Release|Win32.Build.0 = Release|Win32
		{E9385EE8-B15A-43AF-9FB7-DB0BD5C3FBC2}.App - RIA Server Release|x64.ActiveCfg = Release|x64
		{E9385EE8-B15A-43AF-9FB7-DB0BD5C3FBC2}.App - RIA Server Release|x64.Build.0 = Release|x64
		{152CE948-F659-4206-A50A-1D2B9658EF96}.App - RIA Server Beta|Win32.ActiveCfg = Beta|Win32
		{152CE948-F659-4206-A50A-1D2B9658EF96}.App - RIA Server Beta|Win32.Build.0 = Beta|Win32
		{152CE948-F659-4206-A50A-1D2B9658EF96}.App - RIA Server Beta|x64.ActiveCfg = Beta|x64
		{152CE948-F659-4206-A50A-1D2B9658EF96}.App - RIA Server Beta|x64.Build.0 = Beta|x64
		{152CE948-F659-4206-A50A-1D2B9658EF96}.App - RIA Server Debug|Win32.ActiveCfg = Debug|Win32
		{152CE948-F659-4206-A50A-1D2B9658EF96}.App - RIA Server Debug|Win32.Build.0 = Debug|Win32
		{152CE948-F659-4206-A50A-1D2B9658EF96}.App - RIA Server Debug|x64.ActiveCfg = Debug|x64
		{152CE948-F659-4206-A50A-1D2B9658EF96}.App - RIA Server Debug|x64.Build.0 = Debug|x64
		{152CE948-F659-4206-A50A-1D2B9658EF96}.App - RIA Server Release|Win32.ActiveCfg = Release|Win32
		{152CE948-F659-4206-A50A-1D2B9658EF96}.App - RIA Server Release|Win32.Build.0 = Release|Win32
		{152CE948-F659-4206-A50A-1D2B9658EF96}.App - RIA Server Release|x64.ActiveCfg = Release|x64
		{152CE948-F659-4206-A50A-1D2B9658EF96}.App - RIA Server Release|x64.Build.0 = Release|x64
		{084D08C2-90AB-4E65-906F-17AB70CDCFD2}.App - RIA Server Beta|Win32.ActiveCfg = Beta|Win32
		{084D08C2-90AB-4E65-906F-17AB70CDCFD2}.App - RIA Server Beta|x64.ActiveCfg = Beta|x64
		{084D08C2-90AB-4E65-906F-17AB70CDCFD2}.App - RIA Server Debug|Win32.ActiveCfg = Debug|Win32
		{084D08C2-90AB-4E65-906F-17AB70CDCFD2}.App - RIA Server Debug|x64.ActiveCfg = Debug|x64
		{084D08C2-90AB-4E65-906F-17AB70CDCFD2}.App - RIA Server Release|Win32.ActiveCfg = Release|Win32
		{084D08C2-90AB-4E65-906F-17AB70CDCFD2}.App - RIA Server Release|x64.ActiveCfg = Release|x64
		{1D16FBE6-9C83-445F-BAE4-3A8E3C0C2778}.App - RIA Server Beta|Win32.ActiveCfg = Beta|Win32
		{1D16FBE6-9C83-445F-BAE4-3A8E3C0C2778}.App - RIA Server Beta|Win32.Build.0 = Beta|Win32
		{1D16FBE6-9C83-445F-BAE4-3A8E3C0C2778}.App - RIA Server Beta|x64.ActiveCfg = Beta|x64
		{1D16FBE6-9C83-445F-BAE4-3A8E3C0C2778}.App - RIA Server Beta|x64.Build.0 = Beta|x64
		{1D16FBE6-9C83-445F-BAE4-3A8E3C0C2778}.App - RIA Server Debug|Win32.ActiveCfg = Debug|Win32
		{1D16FBE6-9C83-445F-BAE4-3A8E3C0C2778}.App - RIA Server Debug|Win32.Build.0 = Debug|Win32
		{1D16FBE6-9C83-445F-BAE4-3A8E3C0C2778}.App - RIA Server Debug|x64.ActiveCfg = Debug|x64
		{1D16FBE6-9C83-445F-BAE4-3A8E3C0C2778}.App - RIA Server Debug|x64.Build.0 = Debug|x64
		{1D16FBE6-9C83-445F-BAE4-3A8E3C0C2778}.App - RIA Server Release|Win32.ActiveCfg = Release|Win32
		{1D16FBE6-9C83-445F-BAE4-3A8E3C0C2778}.App - RIA Server Release|Win32.Build.0 = Release|Win32
		{1D16FBE6-9C83-445F-BAE4-3A8E3C0C2778}.App - RIA Server Release|x64.ActiveCfg = Release|x64
		{1D16FBE6-9C83-445F-BAE4-3A8E3C0C2778}.App - RIA Server Release|x64.Build.0 = Release|x64
		{FC628201-B63F-40C5-A767-38CE5C958721}.App - RIA Server Beta|Win32.ActiveCfg = App - RIA Server Beta|Win32
		{FC628201-B63F-40C5-A767-38CE5C958721}.App - RIA Server Beta|Win32.Build.0 = App - RIA Server Beta|Win32
		{FC628201-B63F-40C5-A767-38CE5C958721}.App - RIA Server Beta|x64.ActiveCfg = App - RIA Server Beta|x64
		{FC628201-B63F-40C5-A767-38CE5C958721}.App - RIA Server Beta|x64.Build.0 = App - RIA Server Beta|x64
		{FC628201-B63F-40C5-A767-38CE5C958721}.App - RIA Server Debug|Win32.ActiveCfg = App - RIA Server Debug|Win32
		{FC628201-B63F-40C5-A767-38CE5C958721}.App - RIA Server Debug|Win32.Build.0 = App - RIA Server Debug|Win32
		{FC628201-B63F-40C5-A767-38CE5C958721}.App - RIA Server Debug|x64.ActiveCfg = App - RIA Server Debug|x64
		{FC628201-B63F-40C5-A767-38CE5C958721}.App - RIA Server Debug|x64.Build.0 = App - RIA Server Debug|x64
		{FC628201-B63F-40C5-A767-38CE5C958721}.App - RIA Server Release|Win32.ActiveCfg = App - RIA Server Release|Win32
		{FC628201-B63F-40C5-A767-38CE5C958721}.App - RIA Server Release|Win32.Build.0 = App - RIA Server Release|Win32
		{FC628201-B63F-40C5-A767-38CE5C958721}.App - RIA Server Release|x64.ActiveCfg = App - RIA Server Release|x64
		{FC628201-B63F-40C5-A767-38CE5C958721}.App - RIA Server Release|x64.Build.0 = App - RIA Server Release|x64
		{6E9F29C6-2757-45FB-B9A4-AA30F5E852F4}.App - RIA Server Beta|Win32.ActiveCfg = Beta|Win32
		{6E9F29C6-2757-45FB-B9A4-AA30F5E852F4}.App - RIA Server Beta|Win32.Build.0 = Beta|Win32
		{6E9F29C6-2757-45FB-B9A4-AA30F5E852F4}.App - RIA Server Beta|x64.ActiveCfg = Beta|x64
		{6E9F29C6-2757-45FB-B9A4-AA30F5E852F4}.App - RIA Server Beta|x64.Build.0 = Beta|x64
		{6E9F29C6-2757-45FB-B9A4-AA30F5E852F4}.App - RIA Server Debug|Win32.ActiveCfg = Debug|Win32
		{6E9F29C6-2757-45FB-B9A4-AA30F5E852F4}.App - RIA Server Debug|Win32.Build.0 = Debug|Win32
		{6E9F29C6-2757-45FB-B9A4-AA30F5E852F4}.App - RIA Server Debug|x64.ActiveCfg = Debug|x64
		{6E9F29C6-2757-45FB-B9A4-AA30F5E852F4}.App - RIA Server Debug|x64.Build.0 = Debug|x64
		{6E9F29C6-2757-45FB-B9A4-AA30F5E852F4}.App - RIA Server Release|Win32.ActiveCfg = Release|Win32
		{6E9F29C6-2757-45FB-B9A4-AA30F5E852F4}.App - RIA Server Release|Win32.Build.0 = Release|Win32
		{6E9F29C6-2757-45FB-B9A4-AA30F5E852F4}.App - RIA Server Release|x64.ActiveCfg = Release|x64
		{6E9F29C6-2757-45FB-B9A4-AA30F5E852F4}.App - RIA Server Release|x64.Build.0 = Release|x64
		{A8671F78-018E-4EC3-99A4-DF048A96905A}.App - RIA Server Beta|Win32.ActiveCfg = Beta|Win32
		{A8671F78-018E-4EC3-99A4-DF048A96905A}.App - RIA Server Beta|Win32.Build.0 = Beta|Win32
		{A8671F78-018E-4EC3-99A4-DF048A96905A}.App - RIA Server Beta|x64.ActiveCfg = Beta|x64
		{A8671F78-018E-4EC3-99A4-DF048A96905A}.App - RIA Server Beta|x64.Build.0 = Beta|x64
		{A8671F78-018E-4EC3-99A4-DF048A96905A}.App - RIA Server Debug|Win32.ActiveCfg = Debug|Win32
		{A8671F78-018E-4EC3-99A4-DF048A96905A}.App - RIA Server Debug|Win32.Build.0 = Debug|Win32
		{A8671F78-018E-4EC3-99A4-DF048A96905A}.App - RIA Server Debug|x64.ActiveCfg = Debug|x64
		{A8671F78-018E-4EC3-99A4-DF048A96905A}.App - RIA Server Debug|x64.Build.0 = Debug|x64
		{A8671F78-018E-4EC3-99A4-DF048A96905A}.App - RIA Server Release|Win32.ActiveCfg = Release|Win32
		{A8671F78-018E-4EC3-99A4-DF048A96905A}.App - RIA Server Release|Win32.Build.0 = Release|Win32
		{A8671F78-018E-4EC3-99A4-DF048A96905A}.App - RIA Server Release|x64.ActiveCfg = Release|x64
		{A8671F78-018E-4EC3-99A4-DF048A96905A}.App - RIA Server Release|x64.Build.0 = Release|x64
		{011D10F1-B656-4A1B-A0C3-3842F02122C5}.App - RIA Server Beta|Win32.ActiveCfg = Beta|Win32
		{011D10F1-B656-4A1B-A0C3-3842F02122C5}.App - RIA Server Beta|Win32.Build.0 = Beta|Win32
		{011D10F1-B656-4A1B-A0C3-3842F02122C5}.App - RIA Server Beta|x64.ActiveCfg = Beta|x64
		{011D10F1-B656-4A1B-A0C3-3842F02122C5}.App - RIA Server Beta|x64.Build.0 = Beta|x64
		{011D10F1-B656-4A1B-A0C3-3842F02122C5}.App - RIA Server Debug|Win32.ActiveCfg = Debug|Win32
		{011D10F1-B656-4A1B-A0C3-3842F02122C5}.App - RIA Server Debug|Win32.Build.0 = Debug|Win32
		{011D10F1-B656-4A1B-A0C3-3842F02122C5}.App - RIA Server Debug|x64.ActiveCfg = Debug|x64
		{011D10F1-B656-4A1B-A0C3-3842F02122C5}.App - RIA Server Debug|x64.Build.0 = Debug|x64
		{011D10F1-B656-4A1B-A0C3-3842F02122C5}.App - RIA Server Release|Win32.ActiveCfg = Release|Win32
		{011D10F1-B656-4A1B-A0C3-3842F02122C5}.App - RIA Server Release|Win32.Build.0 = Release|Win32
		{011D10F1-B656-4A1B-A0C3-3842F02122C5}.App - RIA Server Release|x64.ActiveCfg = Release|x64
		{011D10F1-B656-4A1B-A0C3-3842F02122C5}.App - RIA Server Release|x64.Build.0 = Release|x64
		{AA8A5A85-592B-4357-BC60-E0E91E026AF6}.App - RIA Server Beta|Win32.ActiveCfg = Beta|Win32
		{AA8A5A85-592B-4357-BC60-E0E91E026AF6}.App - RIA Server Beta|Win32.Build.0 = Beta|Win32
		{AA8A5A85-592B-4357-BC60-E0E91E026AF6}.App - RIA Server Beta|x64.ActiveCfg = Beta|x64
		{AA8A5A85-592B-4357-BC60-E0E91E026AF6}.App - RIA Server Beta|x64.Build.0 = Beta|x64
		{AA8A5A85-592B-4357-BC60-E0E91E026AF6}.App - RIA Server Debug|Win32.ActiveCfg = Debug|Win32
		{AA8A5A85-592B-4357-BC60-E0E91E026AF6}.App - RIA Server Debug|Win32.Build.0 = Debug|Win32
		{AA8A5A85-592B-4357-BC60-E0E91E026AF6}.App - RIA Server Debug|x64.ActiveCfg = Debug|x64
		{AA8A5A85-592B-4357-BC60-E0E91E026AF6}.App - RIA Server Debug|x64.Build.0 = Debug|x64
		{AA8A5A85-592B-4357-BC60-E0E91E026AF6}.App - RIA Server Release|Win32.ActiveCfg = Release|Win32
		{AA8A5A85-592B-4357-BC60-E0E91E026AF6}.App - RIA Server Release|Win32.Build.0 = Release|Win32
		{AA8A5A85-592B-4357-BC60-E0E91E026AF6}.App - RIA Server Release|x64.ActiveCfg = Release|x64
		{AA8A5A85-592B-4357-BC60-E0E91E026AF6}.App - RIA Server Release|x64.Build.0 = Release|x64
		{EB3D718E-58C2-46FA-9A3F-86E3DC0B9E04}.App - RIA Server Beta|Win32.ActiveCfg = Beta|Win32
		{EB3D718E-58C2-46FA-9A3F-86E3DC0B9E04}.App - RIA Server Beta|Win32.Build.0 = Beta|Win32
		{EB3D718E-58C2-46FA-9A3F-86E3DC0B9E04}.App - RIA Server Beta|x64.ActiveCfg = Beta|x64
		{EB3D718E-58C2-46FA-9A3F-86E3DC0B9E04}.App - RIA Server Beta|x64.Build.0 = Beta|x64
		{EB3D718E-58C2-46FA-9A3F-86E3DC0B9E04}.App - RIA Server Debug|Win32.ActiveCfg = Debug|Win32
		{EB3D718E-58C2-46FA-9A3F-86E3DC0B9E04}.App - RIA Server Debug|Win32.Build.0 = Debug|Win32
		{EB3D718E-58C2-46FA-9A3F-86E3DC0B9E04}.App - RIA Server Debug|x64.ActiveCfg = Debug|x64
		{EB3D718E-58C2-46FA-9A3F-86E3DC0B9E04}.App - RIA Server Debug|x64.Build.0 = Debug|x64
		{EB3D718E-58C2-46FA-9A3F-86E3DC0B9E04}.App - RIA Server Release|Win32.ActiveCfg = Release|Win32
		{EB3D718E-58C2-46FA-9A3F-86E3DC0B9E04}.App - RIA Server Release|Win32.Build.0 = Release|Win32
		{EB3D718E-58C2-46FA-9A3F-86E3DC0B9E04}.App - RIA Server Release|x64.ActiveCfg = Release|x64
		{EB3D718E-58C2-46FA-9A3F-86E3DC0B9E04}.App - RIA Server Release|x64.Build.0 = Release|x64
		{DB837075-3CF7-429C-995E-B39E3087E37B}.App - RIA Server Beta|Win32.ActiveCfg = Beta|Win32
		{DB837075-3CF7-429C-995E-B39E3087E37B}.App - RIA Server Beta|Win32.Build.0 = Beta|Win32
		{DB837075-3CF7-429C-995E-B39E3087E37B}.App - RIA Server Beta|x64.ActiveCfg = Beta|x64
		{DB837075-3CF7-429C-995E-B39E3087E37B}.App - RIA Server Beta|x64.Build.0 = Beta|x64
		{DB837075-3CF7-429C-995E-B39E3087E37B}.App - RIA Server Debug|Win32.ActiveCfg = Debug|Win32
		{DB837075-3CF7-429C-995E-B39E3087E37B}.App - RIA Server Debug|Win32.Build.0 = Debug|Win32
		{DB837075-3CF7-429C-995E-B39E3087E37B}.App - RIA Server Debug|x64.ActiveCfg = Debug|x64
		{DB837075-3CF7-429C-995E-B39E3087E37B}.App - RIA Server Debug|x64.Build.0 = Debug|x64
		{DB837075-3CF7-429C-995E-B39E3087E37B}.App - RIA Server Release|Win32.ActiveCfg = Release|Win32
		{DB837075-3CF7-429C-995E-B39E3087E37B}.App - RIA Server Release|Win32.Build.0 = Release|Win32
		{DB837075-3CF7-429C-995E-B39E3087E37B}.App - RIA Server Release|x64.ActiveCfg = Release|x64
		{DB837075-3CF7-429C-995E-B39E3087E37B}.App - RIA Server Release|x64.Build.0 = Release|x64
		{EC99198F-4CDD-4D85-AE6F-F837FF6CC372}.App - RIA Server Beta|Win32.ActiveCfg = Beta|Win32
		{EC99198F-4CDD-4D85-AE6F-F837FF6CC372}.App - RIA Server Beta|x64.ActiveCfg = Beta|Win32
		{EC99198F-4CDD-4D85-AE6F-F837FF6CC372}.App - RIA Server Debug|Win32.ActiveCfg = Debug|Win32
		{EC99198F-4CDD-4D85-AE6F-F837FF6CC372}.App - RIA Server Debug|x64.ActiveCfg = Debug|Win32
		{EC99198F-4CDD-4D85-AE6F-F837FF6CC372}.App - RIA Server Release|Win32.ActiveCfg = Release|Win32
		{EC99198F-4CDD-4D85-AE6F-F837FF6CC372}.App - RIA Server Release|x64.ActiveCfg = Release|Win32
		{87EE9DA4-DE1E-4448-8324-183C98DCA588}.App - RIA Server Beta|Win32.ActiveCfg = DLL Beta|Win32
		{87EE9DA4-DE1E-4448-8324-183C98DCA588}.App - RIA Server Beta|Win32.Build.0 = DLL Beta|Win32
		{87EE9DA4-DE1E-4448-8324-183C98DCA588}.App - RIA Server Beta|x64.ActiveCfg = DLL Beta|x64
		{87EE9DA4-DE1E-4448-8324-183C98DCA588}.App - RIA Server Beta|x64.Build.0 = DLL Beta|x64
		{87EE9DA4-DE1E-4448-8324-183C98DCA588}.App - RIA Server Debug|Win32.ActiveCfg = DLL Debug|Win32
		{87EE9DA4-DE1E-4448-8324-183C98DCA588}.App - RIA Server Debug|Win32.Build.0 = DLL Debug|Win32
		{87EE9DA4-DE1E-4448-8324-183C98DCA588}.App - RIA Server Debug|x64.ActiveCfg = DLL Debug|x64
		{87EE9DA4-DE1E-4448-8324-183C98DCA588}.App - RIA Server Debug|x64.Build.0 = DLL Debug|x64
		{87EE9DA4-DE1E-4448-8324-183C98DCA588}.App - RIA Server Release|Win32.ActiveCfg = DLL Release|Win32
		{87EE9DA4-DE1E-4448-8324-183C98DCA588}.App - RIA Server Release|Win32.Build.0 = DLL Release|Win32
		{87EE9DA4-DE1E-4448-8324-183C98DCA588}.App - RIA Server Release|x64.ActiveCfg = DLL Release|x64
		{87EE9DA4-DE1E-4448-8324-183C98DCA588}.App - RIA Server Release|x64.Build.0 = DLL Release|x64
		{5B55C4EC-396D-451E-B017-38A3BBFD4C82}.App - RIA Server Beta|Win32.ActiveCfg = Beta|Win32
		{5B55C4EC-396D-451E-B017-38A3BBFD4C82}.App - RIA Server Beta|x64.ActiveCfg = Beta|Win32
		{5B55C4EC-396D-451E-B017-38A3BBFD4C82}.App - RIA Server Debug|Win32.ActiveCfg = Debug|Win32
		{5B55C4EC-396D-451E-B017-38A3BBFD4C82}.App - RIA Server Debug|x64.ActiveCfg = Debug|Win32
		{5B55C4EC-396D-451E-B017-38A3BBFD4C82}.App - RIA Server Release|Win32.ActiveCfg = Release|Win32
		{5B55C4EC-396D-451E-B017-38A3BBFD4C82}.App - RIA Server Release|x64.ActiveCfg = Release|Win32
		{9A38446D-769F-4D1F-83DE-E610CC16C04F}.App - RIA Server Beta|Win32.ActiveCfg = Beta|Win32
		{9A38446D-769F-4D1F-83DE-E610CC16C04F}.App - RIA Server Beta|x64.ActiveCfg = Beta|x64
		{9A38446D-769F-4D1F-83DE-E610CC16C04F}.App - RIA Server Debug|Win32.ActiveCfg = Debug|Win32
		{9A38446D-769F-4D1F-83DE-E610CC16C04F}.App - RIA Server Debug|x64.ActiveCfg = Debug|x64
		{9A38446D-769F-4D1F-83DE-E610CC16C04F}.App - RIA Server Release|Win32.ActiveCfg = Release|Win32
		{9A38446D-769F-4D1F-83DE-E610CC16C04F}.App - RIA Server Release|x64.ActiveCfg = Release|x64
		{563194A3-DF9D-4636-83B6-1CC651929877}.App - RIA Server Beta|Win32.ActiveCfg = Beta|Win32
		{563194A3-DF9D-4636-83B6-1CC651929877}.App - RIA Server Beta|x64.ActiveCfg = Beta|x64
		{563194A3-DF9D-4636-83B6-1CC651929877}.App - RIA Server Debug|Win32.ActiveCfg = Debug|Win32
		{563194A3-DF9D-4636-83B6-1CC651929877}.App - RIA Server Debug|x64.ActiveCfg = Debug|x64
		{563194A3-DF9D-4636-83B6-1CC651929877}.App - RIA Server Release|Win32.ActiveCfg = Release|Win32
		{563194A3-DF9D-4636-83B6-1CC651929877}.App - RIA Server Release|x64.ActiveCfg = Release|x64
		{0008960E-E0DD-41A6-8265-00B31DDB4C21}.App - RIA Server Beta|Win32.ActiveCfg = LIB Beta|Win32
		{0008960E-E0DD-41A6-8265-00B31DDB4C21}.App - RIA Server Beta|x64.ActiveCfg = LIB Beta|Win32
		{0008960E-E0DD-41A6-8265-00B31DDB4C21}.App - RIA Server Debug|Win32.ActiveCfg = LIB Debug|Win32
		{0008960E-E0DD-41A6-8265-00B31DDB4C21}.App - RIA Server Debug|x64.ActiveCfg = LIB Debug|Win32
		{0008960E-E0DD-41A6-8265-00B31DDB4C21}.App - RIA Server Release|Win32.ActiveCfg = LIB Release|Win32
		{0008960E-E0DD-41A6-8265-00B31DDB4C21}.App - RIA Server Release|x64.ActiveCfg = LIB Release|Win32
		{7B2A7E09-1FCC-42CA-90E6-1FB8DE0996AE}.App - RIA Server Beta|Win32.ActiveCfg = Beta|Win32
		{7B2A7E09-1FCC-42CA-90E6-1FB8DE0996AE}.App - RIA Server Beta|x64.ActiveCfg = Beta|Win32
		{7B2A7E09-1FCC-42CA-90E6-1FB8DE0996AE}.App - RIA Server Debug|Win32.ActiveCfg = Debug|Win32
		{7B2A7E09-1FCC-42CA-90E6-1FB8DE0996AE}.App - RIA Server Debug|x64.ActiveCfg = Debug|Win32
		{7B2A7E09-1FCC-42CA-90E6-1FB8DE0996AE}.App - RIA Server Release|Win32.ActiveCfg = Release|Win32
		{7B2A7E09-1FCC-42CA-90E6-1FB8DE0996AE}.App - RIA Server Release|x64.ActiveCfg = Release|Win32
		{83A2050C-6E3A-4073-9F7D-B3433D2FDEF9}.App - RIA Server Beta|Win32.ActiveCfg = Beta|Win32
		{83A2050C-6E3A-4073-9F7D-B3433D2FDEF9}.App - RIA Server Beta|x64.ActiveCfg = Beta|Win32
		{83A2050C-6E3A-4073-9F7D-B3433D2FDEF9}.App - RIA Server Debug|Win32.ActiveCfg = Debug|Win32
		{83A2050C-6E3A-4073-9F7D-B3433D2FDEF9}.App - RIA Server Debug|x64.ActiveCfg = Debug|Win32
		{83A2050C-6E3A-4073-9F7D-B3433D2FDEF9}.App - RIA Server Release|Win32.ActiveCfg = Release|Win32
		{83A2050C-6E3A-4073-9F7D-B3433D2FDEF9}.App - RIA Server Release|x64.ActiveCfg = Release|Win32
		{E8D8449A-B90E-4C4F-BDC2-FC6843412045}.App - RIA Server Beta|Win32.ActiveCfg = Beta|Win32
		{E8D8449A-B90E-4C4F-BDC2-FC6843412045}.App - RIA Server Beta|x64.ActiveCfg = Beta|Win32
		{E8D8449A-B90E-4C4F-BDC2-FC6843412045}.App - RIA Server Debug|Win32.ActiveCfg = Debug|Win32
		{E8D8449A-B90E-4C4F-BDC2-FC6843412045}.App - RIA Server Debug|x64.ActiveCfg = Debug|Win32
		{E8D8449A-B90E-4C4F-BDC2-FC6843412045}.App - RIA Server Release|Win32.ActiveCfg = Release|Win32
		{E8D8449A-B90E-4C4F-BDC2-FC6843412045}.App - RIA Server Release|x64.ActiveCfg = Release|Win32
		{3DDD06A6-25C3-41D2-BA1F-B372400D9D46}.App - RIA Server Beta|Win32.ActiveCfg = Beta|Win32
		{3DDD06A6-25C3-41D2-BA1F-B372400D9D46}.App - RIA Server Beta|Win32.Build.0 = Beta|Win32
		{3DDD06A6-25C3-41D2-BA1F-B372400D9D46}.App - RIA Server Beta|x64.ActiveCfg = Beta|x64
		{3DDD06A6-25C3-41D2-BA1F-B372400D9D46}.App - RIA Server Beta|x64.Build.0 = Beta|x64
		{3DDD06A6-25C3-41D2-BA1F-B372400D9D46}.App - RIA Server Debug|Win32.ActiveCfg = Debug|Win32
		{3DDD06A6-25C3-41D2-BA1F-B372400D9D46}.App - RIA Server Debug|Win32.Build.0 = Debug|Win32
		{3DDD06A6-25C3-41D2-BA1F-B372400D9D46}.App - RIA Server Debug|x64.ActiveCfg = Debug|x64
		{3DDD06A6-25C3-41D2-BA1F-B372400D9D46}.App - RIA Server Debug|x64.Build.0 = Debug|x64
		{3DDD06A6-25C3-41D2-BA1F-B372400D9D46}.App - RIA Server Release|Win32.ActiveCfg = Release|Win32
		{3DDD06A6-25C3-41D2-BA1F-B372400D9D46}.App - RIA Server Release|Win32.Build.0 = Release|Win32
		{3DDD06A6-25C3-41D2-BA1F-B372400D9D46}.App - RIA Server Release|x64.ActiveCfg = Release|x64
		{3DDD06A6-25C3-41D2-BA1F-B372400D9D46}.App - RIA Server Release|x64.Build.0 = Release|x64
		{2D047D89-24BE-4700-AB0C-849890A04602}.App - RIA Server Beta|Win32.ActiveCfg = Beta|Win32
		{2D047D89-24BE-4700-AB0C-849890A04602}.App - RIA Server Beta|Win32.Build.0 = Beta|Win32
		{2D047D89-24BE-4700-AB0C-849890A04602}.App - RIA Server Beta|x64.ActiveCfg = Beta|x64
		{2D047D89-24BE-4700-AB0C-849890A04602}.App - RIA Server Beta|x64.Build.0 = Beta|x64
		{2D047D89-24BE-4700-AB0C-849890A04602}.App - RIA Server Debug|Win32.ActiveCfg = Debug|Win32
		{2D047D89-24BE-4700-AB0C-849890A04602}.App - RIA Server Debug|Win32.Build.0 = Debug|Win32
		{2D047D89-24BE-4700-AB0C-849890A04602}.App - RIA Server Debug|x64.ActiveCfg = Debug|x64
		{2D047D89-24BE-4700-AB0C-849890A04602}.App - RIA Server Debug|x64.Build.0 = Debug|x64
		{2D047D89-24BE-4700-AB0C-849890A04602}.App - RIA Server Release|Win32.ActiveCfg = Release|Win32
		{2D047D89-24BE-4700-AB0C-849890A04602}.App - RIA Server Release|Win32.Build.0 = Release|Win32
		{2D047D89-24BE-4700-AB0C-849890A04602}.App - RIA Server Release|x64.ActiveCfg = Release|x64
		{2D047D89-24BE-4700-AB0C-849890A04602}.App - RIA Server Release|x64.Build.0 = Release|x64
		{7106DC59-915A-493A-902C-8A2D14EDEF7E}.App - RIA Server Beta|Win32.ActiveCfg = Beta|Win32
		{7106DC59-915A-493A-902C-8A2D14EDEF7E}.App - RIA Server Beta|Win32.Build.0 = Beta|Win32
		{7106DC59-915A-493A-902C-8A2D14EDEF7E}.App - RIA Server Beta|x64.ActiveCfg = Beta|x64
		{7106DC59-915A-493A-902C-8A2D14EDEF7E}.App - RIA Server Beta|x64.Build.0 = Beta|x64
		{7106DC59-915A-493A-902C-8A2D14EDEF7E}.App - RIA Server Debug|Win32.ActiveCfg = Debug|Win32
		{7106DC59-915A-493A-902C-8A2D14EDEF7E}.App - RIA Server Debug|Win32.Build.0 = Debug|Win32
		{7106DC59-915A-493A-902C-8A2D14EDEF7E}.App - RIA Server Debug|x64.ActiveCfg = Debug|x64
		{7106DC59-915A-493A-902C-8A2D14EDEF7E}.App - RIA Server Debug|x64.Build.0 = Debug|x64
		{7106DC59-915A-493A-902C-8A2D14EDEF7E}.App - RIA Server Release|Win32.ActiveCfg = Release|Win32
		{7106DC59-915A-493A-902C-8A2D14EDEF7E}.App - RIA Server Release|Win32.Build.0 = Release|Win32
		{7106DC59-915A-493A-902C-8A2D14EDEF7E}.App - RIA Server Release|x64.ActiveCfg = Release|x64
		{7106DC59-915A-493A-902C-8A2D14EDEF7E}.App - RIA Server Release|x64.Build.0 = Release|x64
		{CBBA3CCD-7A72-44A9-8A0F-05179F1905F0}.App - RIA Server Beta|Win32.ActiveCfg = Beta|Win32
		{CBBA3CCD-7A72-44A9-8A0F-05179F1905F0}.App - RIA Server Beta|Win32.Build.0 = Beta|Win32
		{CBBA3CCD-7A72-44A9-8A0F-05179F1905F0}.App - RIA Server Beta|x64.ActiveCfg = Beta|x64
		{CBBA3CCD-7A72-44A9-8A0F-05179F1905F0}.App - RIA Server Beta|x64.Build.0 = Beta|x64
		{CBBA3CCD-7A72-44A9-8A0F-05179F1905F0}.App - RIA Server Debug|Win32.ActiveCfg = Debug|Win32
		{CBBA3CCD-7A72-44A9-8A0F-05179F1905F0}.App - RIA Server Debug|Win32.Build.0 = Debug|Win32
		{CBBA3CCD-7A72-44A9-8A0F-05179F1905F0}.App - RIA Server Debug|x64.ActiveCfg = Debug|x64
		{CBBA3CCD-7A72-44A9-8A0F-05179F1905F0}.App - RIA Server Debug|x64.Build.0 = Debug|x64
		{CBBA3CCD-7A72-44A9-8A0F-05179F1905F0}.App - RIA Server Release|Win32.ActiveCfg = Release|Win32
		{CBBA3CCD-7A72-44A9-8A0F-05179F1905F0}.App - RIA Server Release|Win32.Build.0 = Release|Win32
		{CBBA3CCD-7A72-44A9-8A0F-05179F1905F0}.App - RIA Server Release|x64.ActiveCfg = Release|x64
		{CBBA3CCD-7A72-44A9-8A0F-05179F1905F0}.App - RIA Server Release|x64.Build.0 = Release|x64
		{AF04BBA0-6443-4023-85CC-54376B5CD773}.App - RIA Server Beta|Win32.ActiveCfg = Beta|Win32
		{AF04BBA0-6443-4023-85CC-54376B5CD773}.App - RIA Server Beta|Win32.Build.0 = Beta|Win32
		{AF04BBA0-6443-4023-85CC-54376B5CD773}.App - RIA Server Beta|x64.ActiveCfg = Beta|x64
		{AF04BBA0-6443-4023-85CC-54376B5CD773}.App - RIA Server Beta|x64.Build.0 = Beta|x64
		{AF04BBA0-6443-4023-85CC-54376B5CD773}.App - RIA Server Debug|Win32.ActiveCfg = Debug|Win32
		{AF04BBA0-6443-4023-85CC-54376B5CD773}.App - RIA Server Debug|Win32.Build.0 = Debug|Win32
		{AF04BBA0-6443-4023-85CC-54376B5CD773}.App - RIA Server Debug|x64.ActiveCfg = Debug|x64
		{AF04BBA0-6443-4023-85CC-54376B5CD773}.App - RIA Server Debug|x64.Build.0 = Debug|x64
		{AF04BBA0-6443-4023-85CC-54376B5CD773}.App - RIA Server Release|Win32.ActiveCfg = Release|Win32
		{AF04BBA0-6443-4023-85CC-54376B5CD773}.App - RIA Server Release|Win32.Build.0 = Release|Win32
		{AF04BBA0-6443-4023-85CC-54376B5CD773}.App - RIA Server Release|x64.ActiveCfg = Release|x64
		{AF04BBA0-6443-4023-85CC-54376B5CD773}.App - RIA Server Release|x64.Build.0 = Release|x64
		{12549F50-EAB8-485C-9AC9-039C4FD05A68}.App - RIA Server Beta|Win32.ActiveCfg = Beta|Win32
		{12549F50-EAB8-485C-9AC9-039C4FD05A68}.App - RIA Server Beta|Win32.Build.0 = Beta|Win32
		{12549F50-EAB8-485C-9AC9-039C4FD05A68}.App - RIA Server Beta|x64.ActiveCfg = Beta|x64
		{12549F50-EAB8-485C-9AC9-039C4FD05A68}.App - RIA Server Beta|x64.Build.0 = Beta|x64
		{12549F50-EAB8-485C-9AC9-039C4FD05A68}.App - RIA Server Debug|Win32.ActiveCfg = Debug|Win32
		{12549F50-EAB8-485C-9AC9-039C4FD05A68}.App - RIA Server Debug|Win32.Build.0 = Debug|Win32
		{12549F50-EAB8-485C-9AC9-039C4FD05A68}.App - RIA Server Debug|x64.ActiveCfg = Debug|x64
		{12549F50-EAB8-485C-9AC9-039C4FD05A68}.App - RIA Server Debug|x64.Build.0 = Debug|x64
		{12549F50-EAB8-485C-9AC9-039C4FD05A68}.App - RIA Server Release|Win32.ActiveCfg = Release|Win32
		{12549F50-EAB8-485C-9AC9-039C4FD05A68}.App - RIA Server Release|Win32.Build.0 = Release|Win32
		{12549F50-EAB8-485C-9AC9-039C4FD05A68}.App - RIA Server Release|x64.ActiveCfg = Release|x64
		{12549F50-EAB8-485C-9AC9-039C4FD05A68}.App - RIA Server Release|x64.Build.0 = Release|x64
		{F94C081A-7B01-4DD8-A595-B48351BCDA1B}.App - RIA Server Beta|Win32.ActiveCfg = Beta|Win32
		{F94C081A-7B01-4DD8-A595-B48351BCDA1B}.App - RIA Server Beta|Win32.Build.0 = Beta|Win32
		{F94C081A-7B01-4DD8-A595-B48351BCDA1B}.App - RIA Server Beta|x64.ActiveCfg = Beta|x64
		{F94C081A-7B01-4DD8-A595-B48351BCDA1B}.App - RIA Server Beta|x64.Build.0 = Beta|x64
		{F94C081A-7B01-4DD8-A595-B48351BCDA1B}.App - RIA Server Debug|Win32.ActiveCfg = Debug|Win32
		{F94C081A-7B01-4DD8-A595-B48351BCDA1B}.App - RIA Server Debug|Win32.Build.0 = Debug|Win32
		{F94C081A-7B01-4DD8-A595-B48351BCDA1B}.App - RIA Server Debug|x64.ActiveCfg = Debug|x64
		{F94C081A-7B01-4DD8-A595-B48351BCDA1B}.App - RIA Server Debug|x64.Build.0 = Debug|x64
		{F94C081A-7B01-4DD8-A595-B48351BCDA1B}.App - RIA Server Release|Win32.ActiveCfg = Release|Win32
		{F94C081A-7B01-4DD8-A595-B48351BCDA1B}.App - RIA Server Release|Win32.Build.0 = Release|Win32
		{F94C081A-7B01-4DD8-A595-B48351BCDA1B}.App - RIA Server Release|x64.ActiveCfg = Release|x64
		{F94C081A-7B01-4DD8-A595-B48351BCDA1B}.App - RIA Server Release|x64.Build.0 = Release|x64
		{2D021893-EAE7-4C09-B4CC-29750B8BAF65}.App - RIA Server Beta|Win32.ActiveCfg = Beta|Win32
		{2D021893-EAE7-4C09-B4CC-29750B8BAF65}.App - RIA Server Beta|Win32.Build.0 = Beta|Win32
		{2D021893-EAE7-4C09-B4CC-29750B8BAF65}.App - RIA Server Beta|x64.ActiveCfg = Beta|x64
		{2D021893-EAE7-4C09-B4CC-29750B8BAF65}.App - RIA Server Beta|x64.Build.0 = Beta|x64
		{2D021893-EAE7-4C09-B4CC-29750B8BAF65}.App - RIA Server Debug|Win32.ActiveCfg = Debug|Win32
		{2D021893-EAE7-4C09-B4CC-29750B8BAF65}.App - RIA Server Debug|Win32.Build.0 = Debug|Win32
		{2D021893-EAE7-4C09-B4CC-29750B8BAF65}.App - RIA Server Debug|x64.ActiveCfg = Debug|x64
		{2D021893-EAE7-4C09-B4CC-29750B8BAF65}.App - RIA Server Debug|x64.Build.0 = Debug|x64
		{2D021893-EAE7-4C09-B4CC-29750B8BAF65}.App - RIA Server Release|Win32.ActiveCfg = Release|Win32
		{2D021893-EAE7-4C09-B4CC-29750B8BAF65}.App - RIA Server Release|Win32.Build.0 = Release|Win32
		{2D021893-EAE7-4C09-B4CC-29750B8BAF65}.App - RIA Server Release|x64.ActiveCfg = Release|x64
		{2D021893-EAE7-4C09-B4CC-29750B8BAF65}.App - RIA Server Release|x64.Build.0 = Release|x64
		{3F050BA1-557A-4FE9-975C-62F18331EE4B}.App - RIA Server Beta|Win32.ActiveCfg = Beta|Win32
		{3F050BA1-557A-4FE9-975C-62F18331EE4B}.App - RIA Server Beta|x64.ActiveCfg = Beta|x64
		{3F050BA1-557A-4FE9-975C-62F18331EE4B}.App - RIA Server Debug|Win32.ActiveCfg = Debug|Win32
		{3F050BA1-557A-4FE9-975C-62F18331EE4B}.App - RIA Server Debug|x64.ActiveCfg = Debug|x64
		{3F050BA1-557A-4FE9-975C-62F18331EE4B}.App - RIA Server Release|Win32.ActiveCfg = Release|Win32
		{3F050BA1-557A-4FE9-975C-62F18331EE4B}.App - RIA Server Release|x64.ActiveCfg = Release|x64
		{8602FAFD-E32F-4C51-B5A0-11A26AB631C6}.App - RIA Server Beta|Win32.ActiveCfg = Beta|Win32
		{8602FAFD-E32F-4C51-B5A0-11A26AB631C6}.App - RIA Server Beta|x64.ActiveCfg = Beta|x64
		{8602FAFD-E32F-4C51-B5A0-11A26AB631C6}.App - RIA Server Debug|Win32.ActiveCfg = Debug|Win32
		{8602FAFD-E32F-4C51-B5A0-11A26AB631C6}.App - RIA Server Debug|x64.ActiveCfg = Debug|x64
		{8602FAFD-E32F-4C51-B5A0-11A26AB631C6}.App - RIA Server Release|Win32.ActiveCfg = Release|Win32
		{8602FAFD-E32F-4C51-B5A0-11A26AB631C6}.App - RIA Server Release|x64.ActiveCfg = Release|x64
		{D68C82A9-EC66-43E4-AD5F-69EBB1E764AB}.App - RIA Server Beta|Win32.ActiveCfg = Beta|Win32
		{D68C82A9-EC66-43E4-AD5F-69EBB1E764AB}.App - RIA Server Beta|x64.ActiveCfg = Beta|x64
		{D68C82A9-EC66-43E4-AD5F-69EBB1E764AB}.App - RIA Server Debug|Win32.ActiveCfg = Debug|Win32
		{D68C82A9-EC66-43E4-AD5F-69EBB1E764AB}.App - RIA Server Debug|x64.ActiveCfg = Debug|x64
		{D68C82A9-EC66-43E4-AD5F-69EBB1E764AB}.App - RIA Server Release|Win32.ActiveCfg = Release|Win32
		{D68C82A9-EC66-43E4-AD5F-69EBB1E764AB}.App - RIA Server Release|x64.ActiveCfg = Release|x64
		{753F2CA4-E56C-4899-A731-460AD2D3CB73}.App - RIA Server Beta|Win32.ActiveCfg = Beta|Win32
		{753F2CA4-E56C-4899-A731-460AD2D3CB73}.App - RIA Server Beta|Win32.Build.0 = Beta|Win32
		{753F2CA4-E56C-4899-A731-460AD2D3CB73}.App - RIA Server Beta|x64.ActiveCfg = Beta|x64
		{753F2CA4-E56C-4899-A731-460AD2D3CB73}.App - RIA Server Beta|x64.Build.0 = Beta|x64
		{753F2CA4-E56C-4899-A731-460AD2D3CB73}.App - RIA Server Debug|Win32.ActiveCfg = Debug|Win32
		{753F2CA4-E56C-4899-A731-460AD2D3CB73}.App - RIA Server Debug|Win32.Build.0 = Debug|Win32
		{753F2CA4-E56C-4899-A731-460AD2D3CB73}.App - RIA Server Debug|x64.ActiveCfg = Debug|x64
		{753F2CA4-E56C-4899-A731-460AD2D3CB73}.App - RIA Server Debug|x64.Build.0 = Debug|x64
		{753F2CA4-E56C-4899-A731-460AD2D3CB73}.App - RIA Server Release|Win32.ActiveCfg = Release|Win32
		{753F2CA4-E56C-4899-A731-460AD2D3CB73}.App - RIA Server Release|Win32.Build.0 = Release|Win32
		{753F2CA4-E56C-4899-A731-460AD2D3CB73}.App - RIA Server Release|x64.ActiveCfg = Release|x64
		{753F2CA4-E56C-4899-A731-460AD2D3CB73}.App - RIA Server Release|x64.Build.0 = Release|x64
		{6CDD04E4-1FD4-4208-B5D6-5C39A716BD56}.App - RIA Server Beta|Win32.ActiveCfg = Release|Win32
		{6CDD04E4-1FD4-4208-B5D6-5C39A716BD56}.App - RIA Server Beta|Win32.Build.0 = Release|Win32
		{6CDD04E4-1FD4-4208-B5D6-5C39A716BD56}.App - RIA Server Beta|x64.ActiveCfg = Release|x64
		{6CDD04E4-1FD4-4208-B5D6-5C39A716BD56}.App - RIA Server Beta|x64.Build.0 = Release|x64
		{6CDD04E4-1FD4-4208-B5D6-5C39A716BD56}.App - RIA Server Debug|Win32.ActiveCfg = Debug|Win32
		{6CDD04E4-1FD4-4208-B5D6-5C39A716BD56}.App - RIA Server Debug|Win32.Build.0 = Debug|Win32
		{6CDD04E4-1FD4-4208-B5D6-5C39A716BD56}.App - RIA Server Debug|x64.ActiveCfg = Debug|x64
		{6CDD04E4-1FD4-4208-B5D6-5C39A716BD56}.App - RIA Server Debug|x64.Build.0 = Debug|x64
		{6CDD04E4-1FD4-4208-B5D6-5C39A716BD56}.App - RIA Server Release|Win32.ActiveCfg = Release|Win32
		{6CDD04E4-1FD4-4208-B5D6-5C39A716BD56}.App - RIA Server Release|Win32.Build.0 = Release|Win32
		{6CDD04E4-1FD4-4208-B5D6-5C39A716BD56}.App - RIA Server Release|x64.ActiveCfg = Release|x64
		{6CDD04E4-1FD4-4208-B5D6-5C39A716BD56}.App - RIA Server Release|x64.Build.0 = Release|x64
		{CA45B6ED-E20A-4755-9B9E-181677D5AB40}.App - RIA Server Beta|Win32.ActiveCfg = Release|Win32
		{CA45B6ED-E20A-4755-9B9E-181677D5AB40}.App - RIA Server Beta|Win32.Build.0 = Release|Win32
		{CA45B6ED-E20A-4755-9B9E-181677D5AB40}.App - RIA Server Beta|x64.ActiveCfg = Release|x64
		{CA45B6ED-E20A-4755-9B9E-181677D5AB40}.App - RIA Server Beta|x64.Build.0 = Release|x64
		{CA45B6ED-E20A-4755-9B9E-181677D5AB40}.App - RIA Server Debug|Win32.ActiveCfg = Debug|Win32
		{CA45B6ED-E20A-4755-9B9E-181677D5AB40}.App - RIA Server Debug|Win32.Build.0 = Debug|Win32
		{CA45B6ED-E20A-4755-9B9E-181677D5AB40}.App - RIA Server Debug|x64.ActiveCfg = Debug|x64
		{CA45B6ED-E20A-4755-9B9E-181677D5AB40}.App - RIA Server Debug|x64.Build.0 = Debug|x64
		{CA45B6ED-E20A-4755-9B9E-181677D5AB40}.App - RIA Server Release|Win32.ActiveCfg = Release|Win32
		{CA45B6ED-E20A-4755-9B9E-181677D5AB40}.App - RIA Server Release|Win32.Build.0 = Release|Win32
		{CA45B6ED-E20A-4755-9B9E-181677D5AB40}.App - RIA Server Release|x64.ActiveCfg = Release|x64
		{CA45B6ED-E20A-4755-9B9E-181677D5AB40}.App - RIA Server Release|x64.Build.0 = Release|x64
		{3237867A-4183-4715-9BB4-E7ED6ADB7C46}.App - RIA Server Beta|Win32.ActiveCfg = Release|Win32
		{3237867A-4183-4715-9BB4-E7ED6ADB7C46}.App - RIA Server Beta|x64.ActiveCfg = Release|Win32
		{3237867A-4183-4715-9BB4-E7ED6ADB7C46}.App - RIA Server Debug|Win32.ActiveCfg = Debug|Win32
		{3237867A-4183-4715-9BB4-E7ED6ADB7C46}.App - RIA Server Debug|x64.ActiveCfg = Debug|Win32
		{3237867A-4183-4715-9BB4-E7ED6ADB7C46}.App - RIA Server Release|Win32.ActiveCfg = Release|Win32
		{3237867A-4183-4715-9BB4-E7ED6ADB7C46}.App - RIA Server Release|x64.ActiveCfg = Release|Win32
		{1CA9C1CD-9A44-46EE-9D73-A6D504370A46}.App - RIA Server Beta|Win32.ActiveCfg = Beta|Win32
		{1CA9C1CD-9A44-46EE-9D73-A6D504370A46}.App - RIA Server Beta|Win32.Build.0 = Beta|Win32
		{1CA9C1CD-9A44-46EE-9D73-A6D504370A46}.App - RIA Server Beta|x64.ActiveCfg = Beta|x64
		{1CA9C1CD-9A44-46EE-9D73-A6D504370A46}.App - RIA Server Beta|x64.Build.0 = Beta|x64
		{1CA9C1CD-9A44-46EE-9D73-A6D504370A46}.App - RIA Server Debug|Win32.ActiveCfg = Debug|Win32
		{1CA9C1CD-9A44-46EE-9D73-A6D504370A46}.App - RIA Server Debug|Win32.Build.0 = Debug|Win32
		{1CA9C1CD-9A44-46EE-9D73-A6D504370A46}.App - RIA Server Debug|x64.ActiveCfg = Debug|x64
		{1CA9C1CD-9A44-46EE-9D73-A6D504370A46}.App - RIA Server Debug|x64.Build.0 = Debug|x64
		{1CA9C1CD-9A44-46EE-9D73-A6D504370A46}.App - RIA Server Release|Win32.ActiveCfg = Release|Win32
		{1CA9C1CD-9A44-46EE-9D73-A6D504370A46}.App - RIA Server Release|x64.ActiveCfg = Release|x64
		{1CA9C1CD-9A44-46EE-9D73-A6D504370A46}.App - RIA Server Release|x64.Build.0 = Release|x64
	EndGlobalSection
	GlobalSection(SolutionProperties) = preSolution
		HideSolutionNode = FALSE
	EndGlobalSection
	GlobalSection(NestedProjects) = preSolution
		{C5B99565-524C-4D34-B6EA-4FEE9BD64266} = {92177CD4-04CA-4DF1-9F41-CAD4F7B8DD74}
		{CE5F2E11-A681-4FBA-B933-CCC1CB2110E2} = {92177CD4-04CA-4DF1-9F41-CAD4F7B8DD74}
		{E9385EE8-B15A-43AF-9FB7-DB0BD5C3FBC2} = {92177CD4-04CA-4DF1-9F41-CAD4F7B8DD74}
		{084D08C2-90AB-4E65-906F-17AB70CDCFD2} = {92177CD4-04CA-4DF1-9F41-CAD4F7B8DD74}
		{1D16FBE6-9C83-445F-BAE4-3A8E3C0C2778} = {92177CD4-04CA-4DF1-9F41-CAD4F7B8DD74}
		{A8671F78-018E-4EC3-99A4-DF048A96905A} = {92177CD4-04CA-4DF1-9F41-CAD4F7B8DD74}
		{EB3D718E-58C2-46FA-9A3F-86E3DC0B9E04} = {92177CD4-04CA-4DF1-9F41-CAD4F7B8DD74}
		{7106DC59-915A-493A-902C-8A2D14EDEF7E} = {92177CD4-04CA-4DF1-9F41-CAD4F7B8DD74}
		{2D021893-EAE7-4C09-B4CC-29750B8BAF65} = {92177CD4-04CA-4DF1-9F41-CAD4F7B8DD74}
		{3F050BA1-557A-4FE9-975C-62F18331EE4B} = {92177CD4-04CA-4DF1-9F41-CAD4F7B8DD74}
		{8602FAFD-E32F-4C51-B5A0-11A26AB631C6} = {92177CD4-04CA-4DF1-9F41-CAD4F7B8DD74}
		{D68C82A9-EC66-43E4-AD5F-69EBB1E764AB} = {92177CD4-04CA-4DF1-9F41-CAD4F7B8DD74}
		{753F2CA4-E56C-4899-A731-460AD2D3CB73} = {92177CD4-04CA-4DF1-9F41-CAD4F7B8DD74}
		{AA8A5A85-592B-4357-BC60-E0E91E026AF6} = {CD8AD8DC-6BDE-45D7-9563-A5F7B9B4DBEE}
		{5B55C4EC-396D-451E-B017-38A3BBFD4C82} = {CD8AD8DC-6BDE-45D7-9563-A5F7B9B4DBEE}
		{9A38446D-769F-4D1F-83DE-E610CC16C04F} = {CD8AD8DC-6BDE-45D7-9563-A5F7B9B4DBEE}
		{563194A3-DF9D-4636-83B6-1CC651929877} = {CD8AD8DC-6BDE-45D7-9563-A5F7B9B4DBEE}
		{0008960E-E0DD-41A6-8265-00B31DDB4C21} = {CD8AD8DC-6BDE-45D7-9563-A5F7B9B4DBEE}
		{7B2A7E09-1FCC-42CA-90E6-1FB8DE0996AE} = {CD8AD8DC-6BDE-45D7-9563-A5F7B9B4DBEE}
		{1C16337B-ACF3-4D03-AA90-851C5B5EADA6} = {CD8AD8DC-6BDE-45D7-9563-A5F7B9B4DBEE}
		{B8437A41-67BC-4769-9452-45203827F821} = {CD8AD8DC-6BDE-45D7-9563-A5F7B9B4DBEE}
		{2D047D89-24BE-4700-AB0C-849890A04602} = {CD8AD8DC-6BDE-45D7-9563-A5F7B9B4DBEE}
		{3CBBA76E-59A1-4A07-827D-26C4E686665B} = {C17B0A78-43F5-4649-A2D9-64341806B7CA}
		{7B41A191-CD46-43CF-B33E-90211FC865AD} = {C17B0A78-43F5-4649-A2D9-64341806B7CA}
		{3B6F655C-F3EB-4330-9FEA-657AF963969E} = {C17B0A78-43F5-4649-A2D9-64341806B7CA}
		{B0378F32-5D26-4221-A3B5-D6F1ADCA06D4} = {C17B0A78-43F5-4649-A2D9-64341806B7CA}
		{80D7160C-94E2-4991-A633-910677C24D20} = {C17B0A78-43F5-4649-A2D9-64341806B7CA}
		{86C7E508-5E7C-4AD5-BDD4-893D9C95876D} = {C17B0A78-43F5-4649-A2D9-64341806B7CA}
		{DA0D6BC0-FFB0-43D3-9821-052F4B8D1FAC} = {C17B0A78-43F5-4649-A2D9-64341806B7CA}
		{745B73EB-6200-44C0-8552-AC602A9B0EED} = {C17B0A78-43F5-4649-A2D9-64341806B7CA}
		{F6F7F94F-F563-4203-80B4-BF7CF3242B27} = {C17B0A78-43F5-4649-A2D9-64341806B7CA}
		{E659D953-66EC-4DF5-9057-D1D22FA8F190} = {C17B0A78-43F5-4649-A2D9-64341806B7CA}
		{CE2F6AB7-0D2D-4CC2-B91C-45544901254F} = {C17B0A78-43F5-4649-A2D9-64341806B7CA}
		{152CE948-F659-4206-A50A-1D2B9658EF96} = {C17B0A78-43F5-4649-A2D9-64341806B7CA}
		{6E9F29C6-2757-45FB-B9A4-AA30F5E852F4} = {C17B0A78-43F5-4649-A2D9-64341806B7CA}
		{011D10F1-B656-4A1B-A0C3-3842F02122C5} = {C17B0A78-43F5-4649-A2D9-64341806B7CA}
		{DB837075-3CF7-429C-995E-B39E3087E37B} = {C17B0A78-43F5-4649-A2D9-64341806B7CA}
		{EC99198F-4CDD-4D85-AE6F-F837FF6CC372} = {C17B0A78-43F5-4649-A2D9-64341806B7CA}
		{87EE9DA4-DE1E-4448-8324-183C98DCA588} = {C17B0A78-43F5-4649-A2D9-64341806B7CA}
		{83A2050C-6E3A-4073-9F7D-B3433D2FDEF9} = {C17B0A78-43F5-4649-A2D9-64341806B7CA}
		{E8D8449A-B90E-4C4F-BDC2-FC6843412045} = {C17B0A78-43F5-4649-A2D9-64341806B7CA}
		{0662A8A9-82A3-4638-97D8-EC425D8D87C9} = {C17B0A78-43F5-4649-A2D9-64341806B7CA}
		{3DDD06A6-25C3-41D2-BA1F-B372400D9D46} = {C17B0A78-43F5-4649-A2D9-64341806B7CA}
		{CBBA3CCD-7A72-44A9-8A0F-05179F1905F0} = {C17B0A78-43F5-4649-A2D9-64341806B7CA}
		{AF04BBA0-6443-4023-85CC-54376B5CD773} = {C17B0A78-43F5-4649-A2D9-64341806B7CA}
		{12549F50-EAB8-485C-9AC9-039C4FD05A68} = {C17B0A78-43F5-4649-A2D9-64341806B7CA}
		{F94C081A-7B01-4DD8-A595-B48351BCDA1B} = {C17B0A78-43F5-4649-A2D9-64341806B7CA}
		{6CDD04E4-1FD4-4208-B5D6-5C39A716BD56} = {C17B0A78-43F5-4649-A2D9-64341806B7CA}
		{CA45B6ED-E20A-4755-9B9E-181677D5AB40} = {C17B0A78-43F5-4649-A2D9-64341806B7CA}
		{1CA9C1CD-9A44-46EE-9D73-A6D504370A46} = {C17B0A78-43F5-4649-A2D9-64341806B7CA}
	EndGlobalSection
	GlobalSection(DPCodeReviewSolutionGUID) = preSolution
		DPCodeReviewSolutionGUID = {00000000-0000-0000-0000-000000000000}
	EndGlobalSection
EndGlobal
